{
  "version": 4,
  "terraform_version": "1.5.7",
  "serial": 194,
  "lineage": "cca98466-c1fc-fdc8-ba72-704fd642b046",
  "outputs": {
    "argocd_admin_password": {
      "value": "kubectl -n argocd get secret argocd-initial-admin-secret -o jsonpath='{.data.password}' | base64 -d",
      "type": "string",
      "sensitive": true
    },
    "argocd_namespace": {
      "value": "argocd",
      "type": "string"
    },
    "argocd_server_port_forward": {
      "value": "kubectl port-forward svc/argocd-server -n argocd 8080:443",
      "type": "string"
    },
    "cluster_endpoint": {
      "value": "https://D712A359A83FDC5BBFB1E623F20D3875.gr7.us-west-2.eks.amazonaws.com",
      "type": "string"
    },
    "cluster_name": {
      "value": "retail-store-hbbr",
      "type": "string"
    },
    "cluster_name_base": {
      "value": "retail-store",
      "type": "string"
    },
    "cluster_name_suffix": {
      "value": "hbbr",
      "type": "string"
    },
    "cluster_oidc_issuer_url": {
      "value": "https://oidc.eks.us-west-2.amazonaws.com/id/D712A359A83FDC5BBFB1E623F20D3875",
      "type": "string"
    },
    "cluster_security_group_id": {
      "value": "sg-0240f6795b670c7df",
      "type": "string"
    },
    "cluster_version": {
      "value": "1.33",
      "type": "string"
    },
    "configure_kubectl": {
      "value": "aws eks update-kubeconfig --region us-west-2 --name retail-store-hbbr",
      "type": "string"
    },
    "ingress_nginx_loadbalancer": {
      "value": "kubectl get svc -n ingress-nginx ingress-nginx-controller -o jsonpath='{.status.loadBalancer.ingress[0].hostname}'",
      "type": "string"
    },
    "private_subnets": {
      "value": [
        "subnet-07682e5a05a8bd158",
        "subnet-07ef8ecb3592343fb",
        "subnet-0fc897ff636c46c72"
      ],
      "type": [
        "tuple",
        [
          "string",
          "string",
          "string"
        ]
      ]
    },
    "public_subnets": {
      "value": [
        "subnet-037ed687e07ac8a08",
        "subnet-062e5d3916d7409f6",
        "subnet-0fbc8450cce91214a"
      ],
      "type": [
        "tuple",
        [
          "string",
          "string",
          "string"
        ]
      ]
    },
    "retail_store_url": {
      "value": "echo 'http://'$(kubectl get svc -n ingress-nginx ingress-nginx-controller -o jsonpath='{.status.loadBalancer.ingress[0].hostname}')",
      "type": "string"
    },
    "useful_commands": {
      "value": {
        "argocd_apps": "kubectl get applications -n argocd",
        "describe_cluster": "kubectl cluster-info",
        "get_nodes": "kubectl get nodes",
        "get_pods_all": "kubectl get pods -A",
        "get_retail_store": "kubectl get pods -n retail-store",
        "ingress_status": "kubectl get ingress -A"
      },
      "type": [
        "object",
        {
          "argocd_apps": "string",
          "describe_cluster": "string",
          "get_nodes": "string",
          "get_pods_all": "string",
          "get_retail_store": "string",
          "ingress_status": "string"
        }
      ]
    },
    "vpc_cidr_block": {
      "value": "10.0.0.0/16",
      "type": "string"
    },
    "vpc_id": {
      "value": "vpc-0b5b840c5d2e46a28",
      "type": "string"
    }
  },
  "resources": [
    {
      "mode": "data",
      "type": "aws_availability_zones",
      "name": "available",
      "provider": "provider[\"registry.terraform.io/hashicorp/aws\"]",
      "instances": [
        {
          "schema_version": 0,
          "attributes": {
            "all_availability_zones": null,
            "exclude_names": null,
            "exclude_zone_ids": null,
            "filter": null,
            "group_names": [
              "us-west-2-zg-1"
            ],
            "id": "us-west-2",
            "names": [
              "us-west-2a",
              "us-west-2b",
              "us-west-2c",
              "us-west-2d"
            ],
            "state": "available",
            "timeouts": null,
            "zone_ids": [
              "usw2-az2",
              "usw2-az1",
              "usw2-az3",
              "usw2-az4"
            ]
          },
          "sensitive_attributes": []
        }
      ]
    },
    {
      "mode": "data",
      "type": "aws_caller_identity",
      "name": "current",
      "provider": "provider[\"registry.terraform.io/hashicorp/aws\"]",
      "instances": [
        {
          "schema_version": 0,
          "attributes": {
            "account_id": "463470973994",
            "arn": "arn:aws:iam::463470973994:user/eks-user",
            "id": "463470973994",
            "user_id": "AIDAWX2IF2QVIXZAVNGYN"
          },
          "sensitive_attributes": []
        }
      ]
    },
    {
      "mode": "managed",
      "type": "aws_security_group_rule",
      "name": "health_checks_to_lb",
      "provider": "provider[\"registry.terraform.io/hashicorp/aws\"]",
      "instances": [
        {
          "schema_version": 2,
          "attributes": {
            "cidr_blocks": [
              "10.0.0.0/16"
            ],
            "description": "Allow AWS health checks to LoadBalancer",
            "from_port": 10254,
            "id": "sgrule-2281349809",
            "ipv6_cidr_blocks": null,
            "prefix_list_ids": null,
            "protocol": "tcp",
            "security_group_id": "sg-0240f6795b670c7df",
            "security_group_rule_id": "sgr-0598533ae3c33c894",
            "self": false,
            "source_security_group_id": null,
            "timeouts": null,
            "to_port": 10254,
            "type": "ingress"
          },
          "sensitive_attributes": [],
          "private": "eyJlMmJmYjczMC1lY2FhLTExZTYtOGY4OC0zNDM2M2JjN2M0YzAiOnsiY3JlYXRlIjozMDAwMDAwMDAwMDB9LCJzY2hlbWFfdmVyc2lvbiI6IjIifQ==",
          "dependencies": [
            "data.aws_caller_identity.current",
            "module.retail_app_eks.aws_security_group.cluster",
            "module.vpc.aws_vpc.this",
            "random_string.suffix"
          ]
        }
      ]
    },
    {
      "mode": "managed",
      "type": "aws_security_group_rule",
      "name": "internet_to_lb_http",
      "provider": "provider[\"registry.terraform.io/hashicorp/aws\"]",
      "instances": [
        {
          "schema_version": 2,
          "attributes": {
            "cidr_blocks": [
              "0.0.0.0/0"
            ],
            "description": "Allow HTTP traffic from internet to LoadBalancer",
            "from_port": 80,
            "id": "sgrule-4047741711",
            "ipv6_cidr_blocks": null,
            "prefix_list_ids": null,
            "protocol": "tcp",
            "security_group_id": "sg-0240f6795b670c7df",
            "security_group_rule_id": "sgr-0ff6f2ab056d557d5",
            "self": false,
            "source_security_group_id": null,
            "timeouts": null,
            "to_port": 80,
            "type": "ingress"
          },
          "sensitive_attributes": [],
          "private": "eyJlMmJmYjczMC1lY2FhLTExZTYtOGY4OC0zNDM2M2JjN2M0YzAiOnsiY3JlYXRlIjozMDAwMDAwMDAwMDB9LCJzY2hlbWFfdmVyc2lvbiI6IjIifQ==",
          "dependencies": [
            "data.aws_caller_identity.current",
            "module.retail_app_eks.aws_security_group.cluster",
            "module.vpc.aws_vpc.this",
            "random_string.suffix"
          ]
        }
      ]
    },
    {
      "mode": "managed",
      "type": "aws_security_group_rule",
      "name": "internet_to_lb_https",
      "provider": "provider[\"registry.terraform.io/hashicorp/aws\"]",
      "instances": [
        {
          "schema_version": 2,
          "attributes": {
            "cidr_blocks": [
              "0.0.0.0/0"
            ],
            "description": "Allow HTTPS traffic from internet to LoadBalancer",
            "from_port": 443,
            "id": "sgrule-1852079404",
            "ipv6_cidr_blocks": null,
            "prefix_list_ids": null,
            "protocol": "tcp",
            "security_group_id": "sg-0240f6795b670c7df",
            "security_group_rule_id": "sgr-048806aa008072c2f",
            "self": false,
            "source_security_group_id": null,
            "timeouts": null,
            "to_port": 443,
            "type": "ingress"
          },
          "sensitive_attributes": [],
          "private": "eyJlMmJmYjczMC1lY2FhLTExZTYtOGY4OC0zNDM2M2JjN2M0YzAiOnsiY3JlYXRlIjozMDAwMDAwMDAwMDB9LCJzY2hlbWFfdmVyc2lvbiI6IjIifQ==",
          "dependencies": [
            "data.aws_caller_identity.current",
            "module.retail_app_eks.aws_security_group.cluster",
            "module.vpc.aws_vpc.this",
            "random_string.suffix"
          ]
        }
      ]
    },
    {
      "mode": "managed",
      "type": "aws_security_group_rule",
      "name": "nodeport_access",
      "provider": "provider[\"registry.terraform.io/hashicorp/aws\"]",
      "instances": [
        {
          "schema_version": 2,
          "attributes": {
            "cidr_blocks": [
              "10.0.0.0/16"
            ],
            "description": "Allow NodePort access within VPC",
            "from_port": 30000,
            "id": "sgrule-1538513833",
            "ipv6_cidr_blocks": null,
            "prefix_list_ids": null,
            "protocol": "tcp",
            "security_group_id": "sg-0240f6795b670c7df",
            "security_group_rule_id": "sgr-0ffda59074e44cf99",
            "self": false,
            "source_security_group_id": null,
            "timeouts": null,
            "to_port": 32767,
            "type": "ingress"
          },
          "sensitive_attributes": [],
          "private": "eyJlMmJmYjczMC1lY2FhLTExZTYtOGY4OC0zNDM2M2JjN2M0YzAiOnsiY3JlYXRlIjozMDAwMDAwMDAwMDB9LCJzY2hlbWFfdmVyc2lvbiI6IjIifQ==",
          "dependencies": [
            "data.aws_caller_identity.current",
            "module.retail_app_eks.aws_security_group.cluster",
            "module.vpc.aws_vpc.this",
            "random_string.suffix"
          ]
        }
      ]
    },
    {
      "mode": "managed",
      "type": "helm_release",
      "name": "argocd",
      "provider": "provider[\"registry.terraform.io/hashicorp/helm\"]",
      "instances": [
        {
          "schema_version": 2,
          "attributes": {
            "atomic": false,
            "chart": "argo-cd",
            "cleanup_on_fail": false,
            "create_namespace": true,
            "dependency_update": false,
            "description": null,
            "devel": null,
            "disable_crd_hooks": false,
            "disable_openapi_validation": false,
            "disable_webhooks": false,
            "force_update": false,
            "id": "argocd",
            "keyring": null,
            "lint": false,
            "manifest": null,
            "max_history": 0,
            "metadata": {
              "app_version": "v2.9.3",
              "chart": "argo-cd",
              "first_deployed": 1765143205,
              "last_deployed": 1765143205,
              "name": "argocd",
              "namespace": "argocd",
              "notes": "\nDEPRECATED option server.extraArgs.\"--insecure\" - Use configs.params.server.insecure\n\nIn order to access the server UI you have the following options:\n\n1. kubectl port-forward service/argocd-server -n argocd 8080:443\n\n    and then open the browser on http://localhost:8080 and accept the certificate\n\n2. enable ingress in the values file `server.ingress.enabled` and either\n      - Add the annotation for ssl passthrough: https://argo-cd.readthedocs.io/en/stable/operator-manual/ingress/#option-1-ssl-passthrough\n      - Set the `configs.params.\"server.insecure\"` in the values file and terminate SSL at your ingress: https://argo-cd.readthedocs.io/en/stable/operator-manual/ingress/#option-2-multiple-ingress-objects-and-hosts\n\n\nAfter reaching the UI the first time you can login with username: admin and the random password generated during the installation. You can find the password by running:\n\nkubectl -n argocd get secret argocd-initial-admin-secret -o jsonpath=\"{.data.password}\" | base64 -d\n\n(You should delete the initial secret afterwards as suggested by the Getting Started Guide: https://argo-cd.readthedocs.io/en/stable/getting_started/#4-login-using-the-cli)\n",
              "revision": 1,
              "values": "{\"controller\":{\"resources\":{\"limits\":{\"cpu\":\"500m\",\"memory\":\"512Mi\"},\"requests\":{\"cpu\":\"100m\",\"memory\":\"128Mi\"}}},\"redis\":{\"resources\":{\"limits\":{\"cpu\":\"200m\",\"memory\":\"128Mi\"},\"requests\":{\"cpu\":\"50m\",\"memory\":\"64Mi\"}}},\"repoServer\":{\"resources\":{\"limits\":{\"cpu\":\"200m\",\"memory\":\"256Mi\"},\"requests\":{\"cpu\":\"50m\",\"memory\":\"64Mi\"}}},\"server\":{\"extraArgs\":[\"--insecure\"],\"ingress\":{\"enabled\":false},\"service\":{\"type\":\"ClusterIP\"}}}",
              "version": "5.51.6"
            },
            "name": "argocd",
            "namespace": "argocd",
            "pass_credentials": false,
            "postrender": null,
            "recreate_pods": false,
            "render_subchart_notes": true,
            "replace": false,
            "repository": "https://argoproj.github.io/argo-helm",
            "repository_ca_file": null,
            "repository_cert_file": null,
            "repository_key_file": null,
            "repository_password": null,
            "repository_username": null,
            "reset_values": false,
            "resources": null,
            "reuse_values": false,
            "set": null,
            "set_list": null,
            "set_sensitive": null,
            "set_wo": null,
            "set_wo_revision": null,
            "skip_crds": false,
            "status": "deployed",
            "take_ownership": false,
            "timeout": 300,
            "timeouts": null,
            "upgrade_install": false,
            "values": [
              "\"controller\":\n  \"resources\":\n    \"limits\":\n      \"cpu\": \"500m\"\n      \"memory\": \"512Mi\"\n    \"requests\":\n      \"cpu\": \"100m\"\n      \"memory\": \"128Mi\"\n\"redis\":\n  \"resources\":\n    \"limits\":\n      \"cpu\": \"200m\"\n      \"memory\": \"128Mi\"\n    \"requests\":\n      \"cpu\": \"50m\"\n      \"memory\": \"64Mi\"\n\"repoServer\":\n  \"resources\":\n    \"limits\":\n      \"cpu\": \"200m\"\n      \"memory\": \"256Mi\"\n    \"requests\":\n      \"cpu\": \"50m\"\n      \"memory\": \"64Mi\"\n\"server\":\n  \"extraArgs\":\n  - \"--insecure\"\n  \"ingress\":\n    \"enabled\": false\n  \"service\":\n    \"type\": \"ClusterIP\"\n"
            ],
            "verify": false,
            "version": "5.51.6",
            "wait": true,
            "wait_for_jobs": false
          },
          "sensitive_attributes": [],
          "dependencies": [
            "data.aws_availability_zones.available",
            "data.aws_caller_identity.current",
            "module.retail_app_eks.aws_cloudwatch_log_group.this",
            "module.retail_app_eks.aws_ec2_tag.cluster_primary_security_group",
            "module.retail_app_eks.aws_eks_access_entry.this",
            "module.retail_app_eks.aws_eks_access_policy_association.this",
            "module.retail_app_eks.aws_eks_addon.before_compute",
            "module.retail_app_eks.aws_eks_addon.this",
            "module.retail_app_eks.aws_eks_cluster.this",
            "module.retail_app_eks.aws_eks_identity_provider_config.this",
            "module.retail_app_eks.aws_iam_openid_connect_provider.oidc_provider",
            "module.retail_app_eks.aws_iam_policy.cluster_encryption",
            "module.retail_app_eks.aws_iam_policy.cni_ipv6_policy",
            "module.retail_app_eks.aws_iam_policy.custom",
            "module.retail_app_eks.aws_iam_role.eks_auto",
            "module.retail_app_eks.aws_iam_role.this",
            "module.retail_app_eks.aws_iam_role_policy_attachment.additional",
            "module.retail_app_eks.aws_iam_role_policy_attachment.cluster_encryption",
            "module.retail_app_eks.aws_iam_role_policy_attachment.custom",
            "module.retail_app_eks.aws_iam_role_policy_attachment.eks_auto",
            "module.retail_app_eks.aws_iam_role_policy_attachment.eks_auto_additional",
            "module.retail_app_eks.aws_iam_role_policy_attachment.this",
            "module.retail_app_eks.aws_security_group.cluster",
            "module.retail_app_eks.aws_security_group.node",
            "module.retail_app_eks.aws_security_group_rule.cluster",
            "module.retail_app_eks.aws_security_group_rule.node",
            "module.retail_app_eks.data.aws_caller_identity.current",
            "module.retail_app_eks.data.aws_eks_addon_version.this",
            "module.retail_app_eks.data.aws_iam_policy_document.assume_role_policy",
            "module.retail_app_eks.data.aws_iam_policy_document.cni_ipv6_policy",
            "module.retail_app_eks.data.aws_iam_policy_document.custom",
            "module.retail_app_eks.data.aws_iam_policy_document.node_assume_role_policy",
            "module.retail_app_eks.data.aws_iam_session_context.current",
            "module.retail_app_eks.data.aws_partition.current",
            "module.retail_app_eks.data.tls_certificate.this",
            "module.retail_app_eks.module.eks_managed_node_group.aws_autoscaling_schedule.this",
            "module.retail_app_eks.module.eks_managed_node_group.aws_eks_node_group.this",
            "module.retail_app_eks.module.eks_managed_node_group.aws_iam_role.this",
            "module.retail_app_eks.module.eks_managed_node_group.aws_iam_role_policy.this",
            "module.retail_app_eks.module.eks_managed_node_group.aws_iam_role_policy_attachment.additional",
            "module.retail_app_eks.module.eks_managed_node_group.aws_iam_role_policy_attachment.this",
            "module.retail_app_eks.module.eks_managed_node_group.aws_launch_template.this",
            "module.retail_app_eks.module.eks_managed_node_group.aws_placement_group.this",
            "module.retail_app_eks.module.eks_managed_node_group.data.aws_caller_identity.current",
            "module.retail_app_eks.module.eks_managed_node_group.data.aws_ec2_instance_type.this",
            "module.retail_app_eks.module.eks_managed_node_group.data.aws_ec2_instance_type_offerings.this",
            "module.retail_app_eks.module.eks_managed_node_group.data.aws_iam_policy_document.assume_role_policy",
            "module.retail_app_eks.module.eks_managed_node_group.data.aws_iam_policy_document.role",
            "module.retail_app_eks.module.eks_managed_node_group.data.aws_partition.current",
            "module.retail_app_eks.module.eks_managed_node_group.data.aws_ssm_parameter.ami",
            "module.retail_app_eks.module.eks_managed_node_group.data.aws_subnets.placement_group",
            "module.retail_app_eks.module.eks_managed_node_group.module.user_data.data.cloudinit_config.al2023_eks_managed_node_group",
            "module.retail_app_eks.module.eks_managed_node_group.module.user_data.data.cloudinit_config.linux_eks_managed_node_group",
            "module.retail_app_eks.module.eks_managed_node_group.module.user_data.null_resource.validate_cluster_service_cidr",
            "module.retail_app_eks.module.fargate_profile.aws_eks_fargate_profile.this",
            "module.retail_app_eks.module.fargate_profile.aws_iam_role.this",
            "module.retail_app_eks.module.fargate_profile.aws_iam_role_policy.this",
            "module.retail_app_eks.module.fargate_profile.aws_iam_role_policy_attachment.additional",
            "module.retail_app_eks.module.fargate_profile.aws_iam_role_policy_attachment.this",
            "module.retail_app_eks.module.fargate_profile.data.aws_caller_identity.current",
            "module.retail_app_eks.module.fargate_profile.data.aws_iam_policy_document.assume_role_policy",
            "module.retail_app_eks.module.fargate_profile.data.aws_iam_policy_document.role",
            "module.retail_app_eks.module.fargate_profile.data.aws_partition.current",
            "module.retail_app_eks.module.fargate_profile.data.aws_region.current",
            "module.retail_app_eks.module.kms.aws_kms_alias.this",
            "module.retail_app_eks.module.kms.aws_kms_external_key.this",
            "module.retail_app_eks.module.kms.aws_kms_grant.this",
            "module.retail_app_eks.module.kms.aws_kms_key.this",
            "module.retail_app_eks.module.kms.aws_kms_replica_external_key.this",
            "module.retail_app_eks.module.kms.aws_kms_replica_key.this",
            "module.retail_app_eks.module.kms.data.aws_caller_identity.current",
            "module.retail_app_eks.module.kms.data.aws_iam_policy_document.this",
            "module.retail_app_eks.module.kms.data.aws_partition.current",
            "module.retail_app_eks.module.self_managed_node_group.aws_autoscaling_group.this",
            "module.retail_app_eks.module.self_managed_node_group.aws_autoscaling_schedule.this",
            "module.retail_app_eks.module.self_managed_node_group.aws_eks_access_entry.this",
            "module.retail_app_eks.module.self_managed_node_group.aws_iam_instance_profile.this",
            "module.retail_app_eks.module.self_managed_node_group.aws_iam_role.this",
            "module.retail_app_eks.module.self_managed_node_group.aws_iam_role_policy.this",
            "module.retail_app_eks.module.self_managed_node_group.aws_iam_role_policy_attachment.additional",
            "module.retail_app_eks.module.self_managed_node_group.aws_iam_role_policy_attachment.this",
            "module.retail_app_eks.module.self_managed_node_group.aws_launch_template.this",
            "module.retail_app_eks.module.self_managed_node_group.aws_placement_group.this",
            "module.retail_app_eks.module.self_managed_node_group.data.aws_caller_identity.current",
            "module.retail_app_eks.module.self_managed_node_group.data.aws_ec2_instance_type.this",
            "module.retail_app_eks.module.self_managed_node_group.data.aws_ec2_instance_type_offerings.this",
            "module.retail_app_eks.module.self_managed_node_group.data.aws_iam_policy_document.assume_role_policy",
            "module.retail_app_eks.module.self_managed_node_group.data.aws_iam_policy_document.role",
            "module.retail_app_eks.module.self_managed_node_group.data.aws_partition.current",
            "module.retail_app_eks.module.self_managed_node_group.data.aws_ssm_parameter.ami",
            "module.retail_app_eks.module.self_managed_node_group.data.aws_subnets.placement_group",
            "module.retail_app_eks.module.self_managed_node_group.module.user_data.data.cloudinit_config.al2023_eks_managed_node_group",
            "module.retail_app_eks.module.self_managed_node_group.module.user_data.data.cloudinit_config.linux_eks_managed_node_group",
            "module.retail_app_eks.module.self_managed_node_group.module.user_data.null_resource.validate_cluster_service_cidr",
            "module.retail_app_eks.time_sleep.this",
            "module.vpc.aws_subnet.private",
            "module.vpc.aws_vpc.this",
            "module.vpc.aws_vpc_ipv4_cidr_block_association.this",
            "random_string.suffix",
            "time_sleep.wait_for_cluster"
          ]
        }
      ]
    },
    {
      "mode": "managed",
      "type": "helm_release",
      "name": "cert_manager",
      "provider": "provider[\"registry.terraform.io/hashicorp/helm\"]",
      "instances": [
        {
          "schema_version": 2,
          "attributes": {
            "atomic": false,
            "chart": "cert-manager",
            "cleanup_on_fail": false,
            "create_namespace": true,
            "dependency_update": false,
            "description": null,
            "devel": null,
            "disable_crd_hooks": false,
            "disable_openapi_validation": false,
            "disable_webhooks": false,
            "force_update": false,
            "id": "cert-manager",
            "keyring": null,
            "lint": false,
            "manifest": null,
            "max_history": 0,
            "metadata": {
              "app_version": "v1.13.2",
              "chart": "cert-manager",
              "first_deployed": 1765143176,
              "last_deployed": 1765143176,
              "name": "cert-manager",
              "namespace": "cert-manager",
              "notes": "cert-manager v1.13.2 has been deployed successfully!\n\nIn order to begin issuing certificates, you will need to set up a ClusterIssuer\nor Issuer resource (for example, by creating a 'letsencrypt-staging' issuer).\n\nMore information on the different types of issuers and how to configure them\ncan be found in our documentation:\n\nhttps://cert-manager.io/docs/configuration/\n\nFor information on how to configure cert-manager to automatically provision\nCertificates for Ingress resources, take a look at the `ingress-shim`\ndocumentation:\n\nhttps://cert-manager.io/docs/usage/ingress/\n",
              "revision": 1,
              "values": "{\"installCRDs\":true}",
              "version": "v1.13.2"
            },
            "name": "cert-manager",
            "namespace": "cert-manager",
            "pass_credentials": false,
            "postrender": null,
            "recreate_pods": false,
            "render_subchart_notes": true,
            "replace": false,
            "repository": "https://charts.jetstack.io",
            "repository_ca_file": null,
            "repository_cert_file": null,
            "repository_key_file": null,
            "repository_password": null,
            "repository_username": null,
            "reset_values": false,
            "resources": null,
            "reuse_values": false,
            "set": [
              {
                "name": "installCRDs",
                "type": "",
                "value": "true"
              }
            ],
            "set_list": null,
            "set_sensitive": null,
            "set_wo": null,
            "set_wo_revision": null,
            "skip_crds": false,
            "status": "deployed",
            "take_ownership": false,
            "timeout": 300,
            "timeouts": null,
            "upgrade_install": false,
            "values": null,
            "verify": false,
            "version": "v1.13.2",
            "wait": true,
            "wait_for_jobs": false
          },
          "sensitive_attributes": [],
          "dependencies": [
            "data.aws_availability_zones.available",
            "data.aws_caller_identity.current",
            "module.retail_app_eks.aws_cloudwatch_log_group.this",
            "module.retail_app_eks.aws_ec2_tag.cluster_primary_security_group",
            "module.retail_app_eks.aws_eks_access_entry.this",
            "module.retail_app_eks.aws_eks_access_policy_association.this",
            "module.retail_app_eks.aws_eks_addon.before_compute",
            "module.retail_app_eks.aws_eks_addon.this",
            "module.retail_app_eks.aws_eks_cluster.this",
            "module.retail_app_eks.aws_eks_identity_provider_config.this",
            "module.retail_app_eks.aws_iam_openid_connect_provider.oidc_provider",
            "module.retail_app_eks.aws_iam_policy.cluster_encryption",
            "module.retail_app_eks.aws_iam_policy.cni_ipv6_policy",
            "module.retail_app_eks.aws_iam_policy.custom",
            "module.retail_app_eks.aws_iam_role.eks_auto",
            "module.retail_app_eks.aws_iam_role.this",
            "module.retail_app_eks.aws_iam_role_policy_attachment.additional",
            "module.retail_app_eks.aws_iam_role_policy_attachment.cluster_encryption",
            "module.retail_app_eks.aws_iam_role_policy_attachment.custom",
            "module.retail_app_eks.aws_iam_role_policy_attachment.eks_auto",
            "module.retail_app_eks.aws_iam_role_policy_attachment.eks_auto_additional",
            "module.retail_app_eks.aws_iam_role_policy_attachment.this",
            "module.retail_app_eks.aws_security_group.cluster",
            "module.retail_app_eks.aws_security_group.node",
            "module.retail_app_eks.aws_security_group_rule.cluster",
            "module.retail_app_eks.aws_security_group_rule.node",
            "module.retail_app_eks.data.aws_caller_identity.current",
            "module.retail_app_eks.data.aws_eks_addon_version.this",
            "module.retail_app_eks.data.aws_iam_policy_document.assume_role_policy",
            "module.retail_app_eks.data.aws_iam_policy_document.cni_ipv6_policy",
            "module.retail_app_eks.data.aws_iam_policy_document.custom",
            "module.retail_app_eks.data.aws_iam_policy_document.node_assume_role_policy",
            "module.retail_app_eks.data.aws_iam_session_context.current",
            "module.retail_app_eks.data.aws_partition.current",
            "module.retail_app_eks.data.tls_certificate.this",
            "module.retail_app_eks.module.eks_managed_node_group.aws_autoscaling_schedule.this",
            "module.retail_app_eks.module.eks_managed_node_group.aws_eks_node_group.this",
            "module.retail_app_eks.module.eks_managed_node_group.aws_iam_role.this",
            "module.retail_app_eks.module.eks_managed_node_group.aws_iam_role_policy.this",
            "module.retail_app_eks.module.eks_managed_node_group.aws_iam_role_policy_attachment.additional",
            "module.retail_app_eks.module.eks_managed_node_group.aws_iam_role_policy_attachment.this",
            "module.retail_app_eks.module.eks_managed_node_group.aws_launch_template.this",
            "module.retail_app_eks.module.eks_managed_node_group.aws_placement_group.this",
            "module.retail_app_eks.module.eks_managed_node_group.data.aws_caller_identity.current",
            "module.retail_app_eks.module.eks_managed_node_group.data.aws_ec2_instance_type.this",
            "module.retail_app_eks.module.eks_managed_node_group.data.aws_ec2_instance_type_offerings.this",
            "module.retail_app_eks.module.eks_managed_node_group.data.aws_iam_policy_document.assume_role_policy",
            "module.retail_app_eks.module.eks_managed_node_group.data.aws_iam_policy_document.role",
            "module.retail_app_eks.module.eks_managed_node_group.data.aws_partition.current",
            "module.retail_app_eks.module.eks_managed_node_group.data.aws_ssm_parameter.ami",
            "module.retail_app_eks.module.eks_managed_node_group.data.aws_subnets.placement_group",
            "module.retail_app_eks.module.eks_managed_node_group.module.user_data.data.cloudinit_config.al2023_eks_managed_node_group",
            "module.retail_app_eks.module.eks_managed_node_group.module.user_data.data.cloudinit_config.linux_eks_managed_node_group",
            "module.retail_app_eks.module.eks_managed_node_group.module.user_data.null_resource.validate_cluster_service_cidr",
            "module.retail_app_eks.module.fargate_profile.aws_eks_fargate_profile.this",
            "module.retail_app_eks.module.fargate_profile.aws_iam_role.this",
            "module.retail_app_eks.module.fargate_profile.aws_iam_role_policy.this",
            "module.retail_app_eks.module.fargate_profile.aws_iam_role_policy_attachment.additional",
            "module.retail_app_eks.module.fargate_profile.aws_iam_role_policy_attachment.this",
            "module.retail_app_eks.module.fargate_profile.data.aws_caller_identity.current",
            "module.retail_app_eks.module.fargate_profile.data.aws_iam_policy_document.assume_role_policy",
            "module.retail_app_eks.module.fargate_profile.data.aws_iam_policy_document.role",
            "module.retail_app_eks.module.fargate_profile.data.aws_partition.current",
            "module.retail_app_eks.module.fargate_profile.data.aws_region.current",
            "module.retail_app_eks.module.kms.aws_kms_alias.this",
            "module.retail_app_eks.module.kms.aws_kms_external_key.this",
            "module.retail_app_eks.module.kms.aws_kms_grant.this",
            "module.retail_app_eks.module.kms.aws_kms_key.this",
            "module.retail_app_eks.module.kms.aws_kms_replica_external_key.this",
            "module.retail_app_eks.module.kms.aws_kms_replica_key.this",
            "module.retail_app_eks.module.kms.data.aws_caller_identity.current",
            "module.retail_app_eks.module.kms.data.aws_iam_policy_document.this",
            "module.retail_app_eks.module.kms.data.aws_partition.current",
            "module.retail_app_eks.module.self_managed_node_group.aws_autoscaling_group.this",
            "module.retail_app_eks.module.self_managed_node_group.aws_autoscaling_schedule.this",
            "module.retail_app_eks.module.self_managed_node_group.aws_eks_access_entry.this",
            "module.retail_app_eks.module.self_managed_node_group.aws_iam_instance_profile.this",
            "module.retail_app_eks.module.self_managed_node_group.aws_iam_role.this",
            "module.retail_app_eks.module.self_managed_node_group.aws_iam_role_policy.this",
            "module.retail_app_eks.module.self_managed_node_group.aws_iam_role_policy_attachment.additional",
            "module.retail_app_eks.module.self_managed_node_group.aws_iam_role_policy_attachment.this",
            "module.retail_app_eks.module.self_managed_node_group.aws_launch_template.this",
            "module.retail_app_eks.module.self_managed_node_group.aws_placement_group.this",
            "module.retail_app_eks.module.self_managed_node_group.data.aws_caller_identity.current",
            "module.retail_app_eks.module.self_managed_node_group.data.aws_ec2_instance_type.this",
            "module.retail_app_eks.module.self_managed_node_group.data.aws_ec2_instance_type_offerings.this",
            "module.retail_app_eks.module.self_managed_node_group.data.aws_iam_policy_document.assume_role_policy",
            "module.retail_app_eks.module.self_managed_node_group.data.aws_iam_policy_document.role",
            "module.retail_app_eks.module.self_managed_node_group.data.aws_partition.current",
            "module.retail_app_eks.module.self_managed_node_group.data.aws_ssm_parameter.ami",
            "module.retail_app_eks.module.self_managed_node_group.data.aws_subnets.placement_group",
            "module.retail_app_eks.module.self_managed_node_group.module.user_data.data.cloudinit_config.al2023_eks_managed_node_group",
            "module.retail_app_eks.module.self_managed_node_group.module.user_data.data.cloudinit_config.linux_eks_managed_node_group",
            "module.retail_app_eks.module.self_managed_node_group.module.user_data.null_resource.validate_cluster_service_cidr",
            "module.retail_app_eks.time_sleep.this",
            "module.vpc.aws_subnet.private",
            "module.vpc.aws_vpc.this",
            "module.vpc.aws_vpc_ipv4_cidr_block_association.this",
            "random_string.suffix"
          ]
        }
      ]
    },
    {
      "mode": "managed",
      "type": "helm_release",
      "name": "ingress_nginx",
      "provider": "provider[\"registry.terraform.io/hashicorp/helm\"]",
      "instances": [
        {
          "schema_version": 2,
          "attributes": {
            "atomic": false,
            "chart": "ingress-nginx",
            "cleanup_on_fail": false,
            "create_namespace": true,
            "dependency_update": false,
            "description": null,
            "devel": null,
            "disable_crd_hooks": false,
            "disable_openapi_validation": false,
            "disable_webhooks": false,
            "force_update": false,
            "id": "ingress-nginx",
            "keyring": null,
            "lint": false,
            "manifest": null,
            "max_history": 0,
            "metadata": {
              "app_version": "1.9.4",
              "chart": "ingress-nginx",
              "first_deployed": 1765143176,
              "last_deployed": 1765143176,
              "name": "ingress-nginx",
              "namespace": "ingress-nginx",
              "notes": "The ingress-nginx controller has been installed.\nIt may take a few minutes for the LoadBalancer IP to be available.\nYou can watch the status by running 'kubectl --namespace ingress-nginx get services -o wide -w ingress-nginx-controller'\n\nAn example Ingress that makes use of the controller:\n  apiVersion: networking.k8s.io/v1\n  kind: Ingress\n  metadata:\n    name: example\n    namespace: foo\n  spec:\n    ingressClassName: nginx\n    rules:\n      - host: www.example.com\n        http:\n          paths:\n            - pathType: Prefix\n              backend:\n                service:\n                  name: exampleService\n                  port:\n                    number: 80\n              path: /\n    # This section is only required if TLS is to be enabled for the Ingress\n    tls:\n      - hosts:\n        - www.example.com\n        secretName: example-tls\n\nIf TLS is enabled for the Ingress, a Secret containing the certificate and key must also be provided:\n\n  apiVersion: v1\n  kind: Secret\n  metadata:\n    name: example-tls\n    namespace: foo\n  data:\n    tls.crt: \u003cbase64 encoded cert\u003e\n    tls.key: \u003cbase64 encoded key\u003e\n  type: kubernetes.io/tls\n",
              "revision": 1,
              "values": "{\"controller\":{\"resources\":{\"limits\":{\"cpu\":\"200m\",\"memory\":\"256Mi\"},\"requests\":{\"cpu\":\"100m\",\"memory\":\"128Mi\"}},\"service\":{\"annotations\":{\"service.beta.kubernetes.io/aws-load-balancer-health-check-path\":\"/healthz\",\"service.beta.kubernetes.io/aws-load-balancer-health-check-port\":10254,\"service.beta.kubernetes.io/aws-load-balancer-health-check-protocol\":\"HTTP\",\"service.beta.kubernetes.io/aws-load-balancer-nlb-target-type\":\"instance\",\"service.beta.kubernetes.io/aws-load-balancer-scheme\":\"internet-facing\",\"service.beta.kubernetes.io/aws-load-balancer-type\":\"nlb\"},\"externalTrafficPolicy\":\"Local\",\"type\":\"LoadBalancer\"}}}",
              "version": "4.8.3"
            },
            "name": "ingress-nginx",
            "namespace": "ingress-nginx",
            "pass_credentials": false,
            "postrender": null,
            "recreate_pods": false,
            "render_subchart_notes": true,
            "replace": false,
            "repository": "https://kubernetes.github.io/ingress-nginx",
            "repository_ca_file": null,
            "repository_cert_file": null,
            "repository_key_file": null,
            "repository_password": null,
            "repository_username": null,
            "reset_values": false,
            "resources": null,
            "reuse_values": false,
            "set": [
              {
                "name": "controller.service.type",
                "type": "",
                "value": "LoadBalancer"
              },
              {
                "name": "controller.service.externalTrafficPolicy",
                "type": "",
                "value": "Local"
              },
              {
                "name": "controller.resources.requests.cpu",
                "type": "",
                "value": "100m"
              },
              {
                "name": "controller.resources.requests.memory",
                "type": "",
                "value": "128Mi"
              },
              {
                "name": "controller.resources.limits.cpu",
                "type": "",
                "value": "200m"
              },
              {
                "name": "controller.resources.limits.memory",
                "type": "",
                "value": "256Mi"
              },
              {
                "name": "controller.service.annotations.service\\.beta\\.kubernetes\\.io/aws-load-balancer-scheme",
                "type": "",
                "value": "internet-facing"
              },
              {
                "name": "controller.service.annotations.service\\.beta\\.kubernetes\\.io/aws-load-balancer-type",
                "type": "",
                "value": "nlb"
              },
              {
                "name": "controller.service.annotations.service\\.beta\\.kubernetes\\.io/aws-load-balancer-nlb-target-type",
                "type": "",
                "value": "instance"
              },
              {
                "name": "controller.service.annotations.service\\.beta\\.kubernetes\\.io/aws-load-balancer-health-check-path",
                "type": "",
                "value": "/healthz"
              },
              {
                "name": "controller.service.annotations.service\\.beta\\.kubernetes\\.io/aws-load-balancer-health-check-port",
                "type": "",
                "value": "10254"
              },
              {
                "name": "controller.service.annotations.service\\.beta\\.kubernetes\\.io/aws-load-balancer-health-check-protocol",
                "type": "",
                "value": "HTTP"
              }
            ],
            "set_list": null,
            "set_sensitive": null,
            "set_wo": null,
            "set_wo_revision": null,
            "skip_crds": false,
            "status": "deployed",
            "take_ownership": false,
            "timeout": 300,
            "timeouts": null,
            "upgrade_install": false,
            "values": null,
            "verify": false,
            "version": "4.8.3",
            "wait": true,
            "wait_for_jobs": false
          },
          "sensitive_attributes": [],
          "dependencies": [
            "data.aws_availability_zones.available",
            "data.aws_caller_identity.current",
            "module.retail_app_eks.aws_cloudwatch_log_group.this",
            "module.retail_app_eks.aws_ec2_tag.cluster_primary_security_group",
            "module.retail_app_eks.aws_eks_access_entry.this",
            "module.retail_app_eks.aws_eks_access_policy_association.this",
            "module.retail_app_eks.aws_eks_addon.before_compute",
            "module.retail_app_eks.aws_eks_addon.this",
            "module.retail_app_eks.aws_eks_cluster.this",
            "module.retail_app_eks.aws_eks_identity_provider_config.this",
            "module.retail_app_eks.aws_iam_openid_connect_provider.oidc_provider",
            "module.retail_app_eks.aws_iam_policy.cluster_encryption",
            "module.retail_app_eks.aws_iam_policy.cni_ipv6_policy",
            "module.retail_app_eks.aws_iam_policy.custom",
            "module.retail_app_eks.aws_iam_role.eks_auto",
            "module.retail_app_eks.aws_iam_role.this",
            "module.retail_app_eks.aws_iam_role_policy_attachment.additional",
            "module.retail_app_eks.aws_iam_role_policy_attachment.cluster_encryption",
            "module.retail_app_eks.aws_iam_role_policy_attachment.custom",
            "module.retail_app_eks.aws_iam_role_policy_attachment.eks_auto",
            "module.retail_app_eks.aws_iam_role_policy_attachment.eks_auto_additional",
            "module.retail_app_eks.aws_iam_role_policy_attachment.this",
            "module.retail_app_eks.aws_security_group.cluster",
            "module.retail_app_eks.aws_security_group.node",
            "module.retail_app_eks.aws_security_group_rule.cluster",
            "module.retail_app_eks.aws_security_group_rule.node",
            "module.retail_app_eks.data.aws_caller_identity.current",
            "module.retail_app_eks.data.aws_eks_addon_version.this",
            "module.retail_app_eks.data.aws_iam_policy_document.assume_role_policy",
            "module.retail_app_eks.data.aws_iam_policy_document.cni_ipv6_policy",
            "module.retail_app_eks.data.aws_iam_policy_document.custom",
            "module.retail_app_eks.data.aws_iam_policy_document.node_assume_role_policy",
            "module.retail_app_eks.data.aws_iam_session_context.current",
            "module.retail_app_eks.data.aws_partition.current",
            "module.retail_app_eks.data.tls_certificate.this",
            "module.retail_app_eks.module.eks_managed_node_group.aws_autoscaling_schedule.this",
            "module.retail_app_eks.module.eks_managed_node_group.aws_eks_node_group.this",
            "module.retail_app_eks.module.eks_managed_node_group.aws_iam_role.this",
            "module.retail_app_eks.module.eks_managed_node_group.aws_iam_role_policy.this",
            "module.retail_app_eks.module.eks_managed_node_group.aws_iam_role_policy_attachment.additional",
            "module.retail_app_eks.module.eks_managed_node_group.aws_iam_role_policy_attachment.this",
            "module.retail_app_eks.module.eks_managed_node_group.aws_launch_template.this",
            "module.retail_app_eks.module.eks_managed_node_group.aws_placement_group.this",
            "module.retail_app_eks.module.eks_managed_node_group.data.aws_caller_identity.current",
            "module.retail_app_eks.module.eks_managed_node_group.data.aws_ec2_instance_type.this",
            "module.retail_app_eks.module.eks_managed_node_group.data.aws_ec2_instance_type_offerings.this",
            "module.retail_app_eks.module.eks_managed_node_group.data.aws_iam_policy_document.assume_role_policy",
            "module.retail_app_eks.module.eks_managed_node_group.data.aws_iam_policy_document.role",
            "module.retail_app_eks.module.eks_managed_node_group.data.aws_partition.current",
            "module.retail_app_eks.module.eks_managed_node_group.data.aws_ssm_parameter.ami",
            "module.retail_app_eks.module.eks_managed_node_group.data.aws_subnets.placement_group",
            "module.retail_app_eks.module.eks_managed_node_group.module.user_data.data.cloudinit_config.al2023_eks_managed_node_group",
            "module.retail_app_eks.module.eks_managed_node_group.module.user_data.data.cloudinit_config.linux_eks_managed_node_group",
            "module.retail_app_eks.module.eks_managed_node_group.module.user_data.null_resource.validate_cluster_service_cidr",
            "module.retail_app_eks.module.fargate_profile.aws_eks_fargate_profile.this",
            "module.retail_app_eks.module.fargate_profile.aws_iam_role.this",
            "module.retail_app_eks.module.fargate_profile.aws_iam_role_policy.this",
            "module.retail_app_eks.module.fargate_profile.aws_iam_role_policy_attachment.additional",
            "module.retail_app_eks.module.fargate_profile.aws_iam_role_policy_attachment.this",
            "module.retail_app_eks.module.fargate_profile.data.aws_caller_identity.current",
            "module.retail_app_eks.module.fargate_profile.data.aws_iam_policy_document.assume_role_policy",
            "module.retail_app_eks.module.fargate_profile.data.aws_iam_policy_document.role",
            "module.retail_app_eks.module.fargate_profile.data.aws_partition.current",
            "module.retail_app_eks.module.fargate_profile.data.aws_region.current",
            "module.retail_app_eks.module.kms.aws_kms_alias.this",
            "module.retail_app_eks.module.kms.aws_kms_external_key.this",
            "module.retail_app_eks.module.kms.aws_kms_grant.this",
            "module.retail_app_eks.module.kms.aws_kms_key.this",
            "module.retail_app_eks.module.kms.aws_kms_replica_external_key.this",
            "module.retail_app_eks.module.kms.aws_kms_replica_key.this",
            "module.retail_app_eks.module.kms.data.aws_caller_identity.current",
            "module.retail_app_eks.module.kms.data.aws_iam_policy_document.this",
            "module.retail_app_eks.module.kms.data.aws_partition.current",
            "module.retail_app_eks.module.self_managed_node_group.aws_autoscaling_group.this",
            "module.retail_app_eks.module.self_managed_node_group.aws_autoscaling_schedule.this",
            "module.retail_app_eks.module.self_managed_node_group.aws_eks_access_entry.this",
            "module.retail_app_eks.module.self_managed_node_group.aws_iam_instance_profile.this",
            "module.retail_app_eks.module.self_managed_node_group.aws_iam_role.this",
            "module.retail_app_eks.module.self_managed_node_group.aws_iam_role_policy.this",
            "module.retail_app_eks.module.self_managed_node_group.aws_iam_role_policy_attachment.additional",
            "module.retail_app_eks.module.self_managed_node_group.aws_iam_role_policy_attachment.this",
            "module.retail_app_eks.module.self_managed_node_group.aws_launch_template.this",
            "module.retail_app_eks.module.self_managed_node_group.aws_placement_group.this",
            "module.retail_app_eks.module.self_managed_node_group.data.aws_caller_identity.current",
            "module.retail_app_eks.module.self_managed_node_group.data.aws_ec2_instance_type.this",
            "module.retail_app_eks.module.self_managed_node_group.data.aws_ec2_instance_type_offerings.this",
            "module.retail_app_eks.module.self_managed_node_group.data.aws_iam_policy_document.assume_role_policy",
            "module.retail_app_eks.module.self_managed_node_group.data.aws_iam_policy_document.role",
            "module.retail_app_eks.module.self_managed_node_group.data.aws_partition.current",
            "module.retail_app_eks.module.self_managed_node_group.data.aws_ssm_parameter.ami",
            "module.retail_app_eks.module.self_managed_node_group.data.aws_subnets.placement_group",
            "module.retail_app_eks.module.self_managed_node_group.module.user_data.data.cloudinit_config.al2023_eks_managed_node_group",
            "module.retail_app_eks.module.self_managed_node_group.module.user_data.data.cloudinit_config.linux_eks_managed_node_group",
            "module.retail_app_eks.module.self_managed_node_group.module.user_data.null_resource.validate_cluster_service_cidr",
            "module.retail_app_eks.time_sleep.this",
            "module.vpc.aws_subnet.private",
            "module.vpc.aws_vpc.this",
            "module.vpc.aws_vpc_ipv4_cidr_block_association.this",
            "random_string.suffix"
          ]
        }
      ]
    },
    {
      "mode": "managed",
      "type": "kubectl_manifest",
      "name": "argocd_apps",
      "provider": "provider[\"registry.terraform.io/gavinbunney/kubectl\"]",
      "instances": [
        {
          "index_key": "retail-store-cart.yaml",
          "schema_version": 1,
          "attributes": {
            "api_version": "argoproj.io/v1alpha1",
            "apply_only": false,
            "force_conflicts": false,
            "force_new": false,
            "id": "/apis/argoproj.io/v1alpha1/namespaces/argocd/applications/retail-store-cart",
            "ignore_fields": null,
            "kind": "Application",
            "live_manifest_incluster": "618558441dacc788ee57670c8416b48aadc46114187e08ce12d950080cf4efdf",
            "live_uid": "f236bec8-2871-47f0-bee6-3bfa6e6a016b",
            "name": "retail-store-cart",
            "namespace": "argocd",
            "override_namespace": null,
            "sensitive_fields": null,
            "server_side_apply": false,
            "timeouts": null,
            "uid": "f236bec8-2871-47f0-bee6-3bfa6e6a016b",
            "validate_schema": true,
            "wait": null,
            "wait_for_rollout": true,
            "yaml_body": "apiVersion: argoproj.io/v1alpha1\nkind: Application\nmetadata:\n  name: retail-store-cart\n  namespace: argocd\n  annotations:\n    argocd.argoproj.io/sync-wave: \"1\"\nspec:\n  project: retail-store\n  source: \n    repoURL: https://github.com/sameer59-saks/ecommerce-retail-app.git\n    targetRevision: main\n    path: src/cart/chart\n    helm:\n      valueFiles:\n        - values.yaml\n\n  destination:\n    server: https://kubernetes.default.svc\n    namespace: retail-store\n  syncPolicy:\n    automated:\n      prune: true\n      selfHeal: true\n    syncOptions:\n      - CreateNamespace=true \n",
            "yaml_body_parsed": "apiVersion: argoproj.io/v1alpha1\nkind: Application\nmetadata:\n  annotations:\n    argocd.argoproj.io/sync-wave: \"1\"\n  name: retail-store-cart\n  namespace: argocd\nspec:\n  destination:\n    namespace: retail-store\n    server: https://kubernetes.default.svc\n  project: retail-store\n  source:\n    helm:\n      valueFiles:\n      - values.yaml\n    path: src/cart/chart\n    repoURL: https://github.com/sameer59-saks/ecommerce-retail-app.git\n    targetRevision: main\n  syncPolicy:\n    automated:\n      prune: true\n      selfHeal: true\n    syncOptions:\n    - CreateNamespace=true\n",
            "yaml_incluster": "618558441dacc788ee57670c8416b48aadc46114187e08ce12d950080cf4efdf"
          },
          "sensitive_attributes": [],
          "private": "eyJlMmJmYjczMC1lY2FhLTExZTYtOGY4OC0zNDM2M2JjN2M0YzAiOnsiY3JlYXRlIjo2MDAwMDAwMDAwMDB9LCJzY2hlbWFfdmVyc2lvbiI6IjEifQ==",
          "dependencies": [
            "data.aws_availability_zones.available",
            "data.aws_caller_identity.current",
            "helm_release.argocd",
            "kubectl_manifest.argocd_projects",
            "module.retail_app_eks.aws_cloudwatch_log_group.this",
            "module.retail_app_eks.aws_eks_access_entry.this",
            "module.retail_app_eks.aws_eks_access_policy_association.this",
            "module.retail_app_eks.aws_eks_cluster.this",
            "module.retail_app_eks.aws_iam_policy.cni_ipv6_policy",
            "module.retail_app_eks.aws_iam_role.eks_auto",
            "module.retail_app_eks.aws_iam_role.this",
            "module.retail_app_eks.aws_iam_role_policy_attachment.this",
            "module.retail_app_eks.aws_security_group.cluster",
            "module.retail_app_eks.aws_security_group_rule.cluster",
            "module.retail_app_eks.aws_security_group_rule.node",
            "module.retail_app_eks.data.aws_iam_policy_document.assume_role_policy",
            "module.retail_app_eks.data.aws_iam_policy_document.node_assume_role_policy",
            "module.retail_app_eks.data.aws_iam_session_context.current",
            "module.retail_app_eks.data.aws_partition.current",
            "module.retail_app_eks.module.kms.aws_kms_external_key.this",
            "module.retail_app_eks.module.kms.aws_kms_key.this",
            "module.retail_app_eks.module.kms.aws_kms_replica_external_key.this",
            "module.retail_app_eks.module.kms.aws_kms_replica_key.this",
            "module.retail_app_eks.module.kms.data.aws_iam_policy_document.this",
            "module.vpc.aws_subnet.private",
            "module.vpc.aws_vpc.this",
            "module.vpc.aws_vpc_ipv4_cidr_block_association.this",
            "random_string.suffix"
          ]
        },
        {
          "index_key": "retail-store-catalog.yaml",
          "schema_version": 1,
          "attributes": {
            "api_version": "argoproj.io/v1alpha1",
            "apply_only": false,
            "force_conflicts": false,
            "force_new": false,
            "id": "/apis/argoproj.io/v1alpha1/namespaces/argocd/applications/retail-store-catalog",
            "ignore_fields": null,
            "kind": "Application",
            "live_manifest_incluster": "ab2ee7c1e3e5ce4559348cfc05a47ffaa46369cbd8657c0af99b7c4a402b694c",
            "live_uid": "92bfe24c-0af9-47c9-b99d-08b196941502",
            "name": "retail-store-catalog",
            "namespace": "argocd",
            "override_namespace": null,
            "sensitive_fields": null,
            "server_side_apply": false,
            "timeouts": null,
            "uid": "92bfe24c-0af9-47c9-b99d-08b196941502",
            "validate_schema": true,
            "wait": null,
            "wait_for_rollout": true,
            "yaml_body": "apiVersion: argoproj.io/v1alpha1\nkind: Application\nmetadata:\n  name: retail-store-catalog\n  namespace: argocd\n  annotations:\n    argocd.argoproj.io/sync-wave: \"1\"\nspec:\n  project: retail-store\n  source:\n    repoURL: https://github.com/sameer59-saks/ecommerce-retail-app.git\n    targetRevision: main\n    path: src/catalog/chart\n    helm:\n      valueFiles:\n        - values.yaml\n  destination:\n    server: https://kubernetes.default.svc\n    namespace: retail-store\n  syncPolicy:\n    automated:\n      prune: true\n      selfHeal: true\n    syncOptions:\n      - CreateNamespace=true \n",
            "yaml_body_parsed": "apiVersion: argoproj.io/v1alpha1\nkind: Application\nmetadata:\n  annotations:\n    argocd.argoproj.io/sync-wave: \"1\"\n  name: retail-store-catalog\n  namespace: argocd\nspec:\n  destination:\n    namespace: retail-store\n    server: https://kubernetes.default.svc\n  project: retail-store\n  source:\n    helm:\n      valueFiles:\n      - values.yaml\n    path: src/catalog/chart\n    repoURL: https://github.com/sameer59-saks/ecommerce-retail-app.git\n    targetRevision: main\n  syncPolicy:\n    automated:\n      prune: true\n      selfHeal: true\n    syncOptions:\n    - CreateNamespace=true\n",
            "yaml_incluster": "ab2ee7c1e3e5ce4559348cfc05a47ffaa46369cbd8657c0af99b7c4a402b694c"
          },
          "sensitive_attributes": [],
          "private": "eyJlMmJmYjczMC1lY2FhLTExZTYtOGY4OC0zNDM2M2JjN2M0YzAiOnsiY3JlYXRlIjo2MDAwMDAwMDAwMDB9LCJzY2hlbWFfdmVyc2lvbiI6IjEifQ==",
          "dependencies": [
            "data.aws_availability_zones.available",
            "data.aws_caller_identity.current",
            "helm_release.argocd",
            "kubectl_manifest.argocd_projects",
            "module.retail_app_eks.aws_cloudwatch_log_group.this",
            "module.retail_app_eks.aws_eks_access_entry.this",
            "module.retail_app_eks.aws_eks_access_policy_association.this",
            "module.retail_app_eks.aws_eks_cluster.this",
            "module.retail_app_eks.aws_iam_policy.cni_ipv6_policy",
            "module.retail_app_eks.aws_iam_role.eks_auto",
            "module.retail_app_eks.aws_iam_role.this",
            "module.retail_app_eks.aws_iam_role_policy_attachment.this",
            "module.retail_app_eks.aws_security_group.cluster",
            "module.retail_app_eks.aws_security_group_rule.cluster",
            "module.retail_app_eks.aws_security_group_rule.node",
            "module.retail_app_eks.data.aws_iam_policy_document.assume_role_policy",
            "module.retail_app_eks.data.aws_iam_policy_document.node_assume_role_policy",
            "module.retail_app_eks.data.aws_iam_session_context.current",
            "module.retail_app_eks.data.aws_partition.current",
            "module.retail_app_eks.module.kms.aws_kms_external_key.this",
            "module.retail_app_eks.module.kms.aws_kms_key.this",
            "module.retail_app_eks.module.kms.aws_kms_replica_external_key.this",
            "module.retail_app_eks.module.kms.aws_kms_replica_key.this",
            "module.retail_app_eks.module.kms.data.aws_iam_policy_document.this",
            "module.vpc.aws_subnet.private",
            "module.vpc.aws_vpc.this",
            "module.vpc.aws_vpc_ipv4_cidr_block_association.this",
            "random_string.suffix"
          ]
        },
        {
          "index_key": "retail-store-checkout.yaml",
          "schema_version": 1,
          "attributes": {
            "api_version": "argoproj.io/v1alpha1",
            "apply_only": false,
            "force_conflicts": false,
            "force_new": false,
            "id": "/apis/argoproj.io/v1alpha1/namespaces/argocd/applications/retail-store-checkout",
            "ignore_fields": null,
            "kind": "Application",
            "live_manifest_incluster": "54af1e5e6b78dd1b05669ec429cfee33c7985f232cd843d69439f5382f337154",
            "live_uid": "6a7283d8-d899-4805-8533-b19cde0a8b10",
            "name": "retail-store-checkout",
            "namespace": "argocd",
            "override_namespace": null,
            "sensitive_fields": null,
            "server_side_apply": false,
            "timeouts": null,
            "uid": "6a7283d8-d899-4805-8533-b19cde0a8b10",
            "validate_schema": true,
            "wait": null,
            "wait_for_rollout": true,
            "yaml_body": "apiVersion: argoproj.io/v1alpha1\nkind: Application\nmetadata:\n  name: retail-store-checkout\n  namespace: argocd\n  annotations:\n    argocd.argoproj.io/sync-wave: \"1\"\nspec:\n  project: retail-store\n  source:\n    repoURL: https://github.com/sameer59-saks/ecommerce-retail-app.git\n    targetRevision: main\n    path: src/checkout/chart\n    helm:\n      valueFiles:\n        - values.yaml\n  destination:\n    server: https://kubernetes.default.svc\n    namespace: retail-store\n  syncPolicy:\n    automated:\n      prune: true\n      selfHeal: true\n    syncOptions:\n      - CreateNamespace=true \n",
            "yaml_body_parsed": "apiVersion: argoproj.io/v1alpha1\nkind: Application\nmetadata:\n  annotations:\n    argocd.argoproj.io/sync-wave: \"1\"\n  name: retail-store-checkout\n  namespace: argocd\nspec:\n  destination:\n    namespace: retail-store\n    server: https://kubernetes.default.svc\n  project: retail-store\n  source:\n    helm:\n      valueFiles:\n      - values.yaml\n    path: src/checkout/chart\n    repoURL: https://github.com/sameer59-saks/ecommerce-retail-app.git\n    targetRevision: main\n  syncPolicy:\n    automated:\n      prune: true\n      selfHeal: true\n    syncOptions:\n    - CreateNamespace=true\n",
            "yaml_incluster": "54af1e5e6b78dd1b05669ec429cfee33c7985f232cd843d69439f5382f337154"
          },
          "sensitive_attributes": [],
          "private": "eyJlMmJmYjczMC1lY2FhLTExZTYtOGY4OC0zNDM2M2JjN2M0YzAiOnsiY3JlYXRlIjo2MDAwMDAwMDAwMDB9LCJzY2hlbWFfdmVyc2lvbiI6IjEifQ==",
          "dependencies": [
            "data.aws_availability_zones.available",
            "data.aws_caller_identity.current",
            "helm_release.argocd",
            "kubectl_manifest.argocd_projects",
            "module.retail_app_eks.aws_cloudwatch_log_group.this",
            "module.retail_app_eks.aws_eks_access_entry.this",
            "module.retail_app_eks.aws_eks_access_policy_association.this",
            "module.retail_app_eks.aws_eks_cluster.this",
            "module.retail_app_eks.aws_iam_policy.cni_ipv6_policy",
            "module.retail_app_eks.aws_iam_role.eks_auto",
            "module.retail_app_eks.aws_iam_role.this",
            "module.retail_app_eks.aws_iam_role_policy_attachment.this",
            "module.retail_app_eks.aws_security_group.cluster",
            "module.retail_app_eks.aws_security_group_rule.cluster",
            "module.retail_app_eks.aws_security_group_rule.node",
            "module.retail_app_eks.data.aws_iam_policy_document.assume_role_policy",
            "module.retail_app_eks.data.aws_iam_policy_document.node_assume_role_policy",
            "module.retail_app_eks.data.aws_iam_session_context.current",
            "module.retail_app_eks.data.aws_partition.current",
            "module.retail_app_eks.module.kms.aws_kms_external_key.this",
            "module.retail_app_eks.module.kms.aws_kms_key.this",
            "module.retail_app_eks.module.kms.aws_kms_replica_external_key.this",
            "module.retail_app_eks.module.kms.aws_kms_replica_key.this",
            "module.retail_app_eks.module.kms.data.aws_iam_policy_document.this",
            "module.vpc.aws_subnet.private",
            "module.vpc.aws_vpc.this",
            "module.vpc.aws_vpc_ipv4_cidr_block_association.this",
            "random_string.suffix"
          ]
        },
        {
          "index_key": "retail-store-orders.yaml",
          "schema_version": 1,
          "attributes": {
            "api_version": "argoproj.io/v1alpha1",
            "apply_only": false,
            "force_conflicts": false,
            "force_new": false,
            "id": "/apis/argoproj.io/v1alpha1/namespaces/argocd/applications/retail-store-orders",
            "ignore_fields": null,
            "kind": "Application",
            "live_manifest_incluster": "b9788a6c34df09ddffd28f913c46ddfb6be91dd5add6477de6523a32d856e938",
            "live_uid": "4a9e1177-4bb5-4e51-a995-725302789536",
            "name": "retail-store-orders",
            "namespace": "argocd",
            "override_namespace": null,
            "sensitive_fields": null,
            "server_side_apply": false,
            "timeouts": null,
            "uid": "4a9e1177-4bb5-4e51-a995-725302789536",
            "validate_schema": true,
            "wait": null,
            "wait_for_rollout": true,
            "yaml_body": "apiVersion: argoproj.io/v1alpha1\nkind: Application\nmetadata:\n  name: retail-store-orders\n  namespace: argocd\n  annotations:\n    argocd.argoproj.io/sync-wave: \"1\"\nspec:\n  project: retail-store\n  source:\n    repoURL: https://github.com/sameer59-saks/ecommerce-retail-app.git\n    targetRevision: main\n    path: src/orders/chart\n    helm:\n      valueFiles:\n        - values.yaml\n  destination:\n    server: https://kubernetes.default.svc\n    namespace: retail-store\n  syncPolicy:\n    automated:\n      prune: true\n      selfHeal: true\n    syncOptions:\n      - CreateNamespace=true \n",
            "yaml_body_parsed": "apiVersion: argoproj.io/v1alpha1\nkind: Application\nmetadata:\n  annotations:\n    argocd.argoproj.io/sync-wave: \"1\"\n  name: retail-store-orders\n  namespace: argocd\nspec:\n  destination:\n    namespace: retail-store\n    server: https://kubernetes.default.svc\n  project: retail-store\n  source:\n    helm:\n      valueFiles:\n      - values.yaml\n    path: src/orders/chart\n    repoURL: https://github.com/sameer59-saks/ecommerce-retail-app.git\n    targetRevision: main\n  syncPolicy:\n    automated:\n      prune: true\n      selfHeal: true\n    syncOptions:\n    - CreateNamespace=true\n",
            "yaml_incluster": "b9788a6c34df09ddffd28f913c46ddfb6be91dd5add6477de6523a32d856e938"
          },
          "sensitive_attributes": [],
          "private": "eyJlMmJmYjczMC1lY2FhLTExZTYtOGY4OC0zNDM2M2JjN2M0YzAiOnsiY3JlYXRlIjo2MDAwMDAwMDAwMDB9LCJzY2hlbWFfdmVyc2lvbiI6IjEifQ==",
          "dependencies": [
            "data.aws_availability_zones.available",
            "data.aws_caller_identity.current",
            "helm_release.argocd",
            "kubectl_manifest.argocd_projects",
            "module.retail_app_eks.aws_cloudwatch_log_group.this",
            "module.retail_app_eks.aws_eks_access_entry.this",
            "module.retail_app_eks.aws_eks_access_policy_association.this",
            "module.retail_app_eks.aws_eks_cluster.this",
            "module.retail_app_eks.aws_iam_policy.cni_ipv6_policy",
            "module.retail_app_eks.aws_iam_role.eks_auto",
            "module.retail_app_eks.aws_iam_role.this",
            "module.retail_app_eks.aws_iam_role_policy_attachment.this",
            "module.retail_app_eks.aws_security_group.cluster",
            "module.retail_app_eks.aws_security_group_rule.cluster",
            "module.retail_app_eks.aws_security_group_rule.node",
            "module.retail_app_eks.data.aws_iam_policy_document.assume_role_policy",
            "module.retail_app_eks.data.aws_iam_policy_document.node_assume_role_policy",
            "module.retail_app_eks.data.aws_iam_session_context.current",
            "module.retail_app_eks.data.aws_partition.current",
            "module.retail_app_eks.module.kms.aws_kms_external_key.this",
            "module.retail_app_eks.module.kms.aws_kms_key.this",
            "module.retail_app_eks.module.kms.aws_kms_replica_external_key.this",
            "module.retail_app_eks.module.kms.aws_kms_replica_key.this",
            "module.retail_app_eks.module.kms.data.aws_iam_policy_document.this",
            "module.vpc.aws_subnet.private",
            "module.vpc.aws_vpc.this",
            "module.vpc.aws_vpc_ipv4_cidr_block_association.this",
            "random_string.suffix"
          ]
        },
        {
          "index_key": "retail-store-ui.yaml",
          "schema_version": 1,
          "attributes": {
            "api_version": "argoproj.io/v1alpha1",
            "apply_only": false,
            "force_conflicts": false,
            "force_new": false,
            "id": "/apis/argoproj.io/v1alpha1/namespaces/argocd/applications/retail-store-ui",
            "ignore_fields": null,
            "kind": "Application",
            "live_manifest_incluster": "21ab1d6aa55bcb4a5f2612d60aeecd1ba1174ad5ba80aa6ea07e7ef6411c5639",
            "live_uid": "05d5ba57-398a-4dec-b637-00bf9e802e09",
            "name": "retail-store-ui",
            "namespace": "argocd",
            "override_namespace": null,
            "sensitive_fields": null,
            "server_side_apply": false,
            "timeouts": null,
            "uid": "05d5ba57-398a-4dec-b637-00bf9e802e09",
            "validate_schema": true,
            "wait": null,
            "wait_for_rollout": true,
            "yaml_body": "apiVersion: argoproj.io/v1alpha1\nkind: Application\nmetadata:\n  name: retail-store-ui\n  namespace: argocd\n  annotations:\n    argocd.argoproj.io/sync-wave: \"2\"\nspec:\n  project: retail-store\n  source:\n    repoURL: https://github.com/sameer59-saks/ecommerce-retail-app.git\n    targetRevision: main\n    path: src/ui/chart\n    helm:\n      valueFiles:\n        - values.yaml\n  destination:\n    server: https://kubernetes.default.svc\n    namespace: retail-store\n  syncPolicy:\n    automated:\n      prune: true\n      selfHeal: true\n    syncOptions:\n      - CreateNamespace=true \n",
            "yaml_body_parsed": "apiVersion: argoproj.io/v1alpha1\nkind: Application\nmetadata:\n  annotations:\n    argocd.argoproj.io/sync-wave: \"2\"\n  name: retail-store-ui\n  namespace: argocd\nspec:\n  destination:\n    namespace: retail-store\n    server: https://kubernetes.default.svc\n  project: retail-store\n  source:\n    helm:\n      valueFiles:\n      - values.yaml\n    path: src/ui/chart\n    repoURL: https://github.com/sameer59-saks/ecommerce-retail-app.git\n    targetRevision: main\n  syncPolicy:\n    automated:\n      prune: true\n      selfHeal: true\n    syncOptions:\n    - CreateNamespace=true\n",
            "yaml_incluster": "21ab1d6aa55bcb4a5f2612d60aeecd1ba1174ad5ba80aa6ea07e7ef6411c5639"
          },
          "sensitive_attributes": [],
          "private": "eyJlMmJmYjczMC1lY2FhLTExZTYtOGY4OC0zNDM2M2JjN2M0YzAiOnsiY3JlYXRlIjo2MDAwMDAwMDAwMDB9LCJzY2hlbWFfdmVyc2lvbiI6IjEifQ==",
          "dependencies": [
            "data.aws_availability_zones.available",
            "data.aws_caller_identity.current",
            "helm_release.argocd",
            "kubectl_manifest.argocd_projects",
            "module.retail_app_eks.aws_cloudwatch_log_group.this",
            "module.retail_app_eks.aws_eks_access_entry.this",
            "module.retail_app_eks.aws_eks_access_policy_association.this",
            "module.retail_app_eks.aws_eks_cluster.this",
            "module.retail_app_eks.aws_iam_policy.cni_ipv6_policy",
            "module.retail_app_eks.aws_iam_role.eks_auto",
            "module.retail_app_eks.aws_iam_role.this",
            "module.retail_app_eks.aws_iam_role_policy_attachment.this",
            "module.retail_app_eks.aws_security_group.cluster",
            "module.retail_app_eks.aws_security_group_rule.cluster",
            "module.retail_app_eks.aws_security_group_rule.node",
            "module.retail_app_eks.data.aws_iam_policy_document.assume_role_policy",
            "module.retail_app_eks.data.aws_iam_policy_document.node_assume_role_policy",
            "module.retail_app_eks.data.aws_iam_session_context.current",
            "module.retail_app_eks.data.aws_partition.current",
            "module.retail_app_eks.module.kms.aws_kms_external_key.this",
            "module.retail_app_eks.module.kms.aws_kms_key.this",
            "module.retail_app_eks.module.kms.aws_kms_replica_external_key.this",
            "module.retail_app_eks.module.kms.aws_kms_replica_key.this",
            "module.retail_app_eks.module.kms.data.aws_iam_policy_document.this",
            "module.vpc.aws_subnet.private",
            "module.vpc.aws_vpc.this",
            "module.vpc.aws_vpc_ipv4_cidr_block_association.this",
            "random_string.suffix"
          ]
        }
      ]
    },
    {
      "mode": "managed",
      "type": "kubectl_manifest",
      "name": "argocd_projects",
      "provider": "provider[\"registry.terraform.io/gavinbunney/kubectl\"]",
      "instances": [
        {
          "index_key": "retail-store-project.yaml",
          "schema_version": 1,
          "attributes": {
            "api_version": "argoproj.io/v1alpha1",
            "apply_only": false,
            "force_conflicts": false,
            "force_new": false,
            "id": "/apis/argoproj.io/v1alpha1/namespaces/argocd/appprojects/retail-store",
            "ignore_fields": null,
            "kind": "AppProject",
            "live_manifest_incluster": "de41a02ecc2a624167f816bf4043b34373afbbbf26b8360b74ea451a47e719c9",
            "live_uid": "c27f8982-2591-46d9-addd-082245409b42",
            "name": "retail-store",
            "namespace": "argocd",
            "override_namespace": null,
            "sensitive_fields": null,
            "server_side_apply": false,
            "timeouts": null,
            "uid": "c27f8982-2591-46d9-addd-082245409b42",
            "validate_schema": true,
            "wait": null,
            "wait_for_rollout": true,
            "yaml_body": "apiVersion: argoproj.io/v1alpha1\nkind: AppProject\nmetadata:\n  name: retail-store\n  namespace: argocd\nspec:\n  description: Retail Store Sample Application\n  \n  sourceRepos:\n    - 'https://github.com/sameer59-saks/ecommerce-retail-app.git'\n  \n  destinations:\n    - namespace: retail-store\n      server: https://kubernetes.default.svc\n  \n  clusterResourceWhitelist:\n    - group: ''\n      kind: Namespace\n    - group: 'rbac.authorization.k8s.io'\n      kind: ClusterRole\n    - group: 'rbac.authorization.k8s.io'\n      kind: ClusterRoleBinding\n    - group: 'cert-manager.io'\n      kind: ClusterIssuer\n  \n  namespaceResourceWhitelist:\n    - group: ''\n      kind: ConfigMap\n    - group: ''\n      kind: Secret\n    - group: ''\n      kind: Service\n    - group: ''\n      kind: ServiceAccount\n    - group: 'apps'\n      kind: Deployment\n    - group: 'apps'\n      kind: StatefulSet\n    - group: 'networking.k8s.io'\n      kind: Ingress\n    - group: 'autoscaling'\n      kind: HorizontalPodAutoscaler\n    - group: 'policy'\n      kind: PodDisruptionBudget \n",
            "yaml_body_parsed": "apiVersion: argoproj.io/v1alpha1\nkind: AppProject\nmetadata:\n  name: retail-store\n  namespace: argocd\nspec:\n  clusterResourceWhitelist:\n  - group: \"\"\n    kind: Namespace\n  - group: rbac.authorization.k8s.io\n    kind: ClusterRole\n  - group: rbac.authorization.k8s.io\n    kind: ClusterRoleBinding\n  - group: cert-manager.io\n    kind: ClusterIssuer\n  description: Retail Store Sample Application\n  destinations:\n  - namespace: retail-store\n    server: https://kubernetes.default.svc\n  namespaceResourceWhitelist:\n  - group: \"\"\n    kind: ConfigMap\n  - group: \"\"\n    kind: Secret\n  - group: \"\"\n    kind: Service\n  - group: \"\"\n    kind: ServiceAccount\n  - group: apps\n    kind: Deployment\n  - group: apps\n    kind: StatefulSet\n  - group: networking.k8s.io\n    kind: Ingress\n  - group: autoscaling\n    kind: HorizontalPodAutoscaler\n  - group: policy\n    kind: PodDisruptionBudget\n  sourceRepos:\n  - https://github.com/sameer59-saks/ecommerce-retail-app.git\n",
            "yaml_incluster": "de41a02ecc2a624167f816bf4043b34373afbbbf26b8360b74ea451a47e719c9"
          },
          "sensitive_attributes": [],
          "private": "eyJlMmJmYjczMC1lY2FhLTExZTYtOGY4OC0zNDM2M2JjN2M0YzAiOnsiY3JlYXRlIjo2MDAwMDAwMDAwMDB9LCJzY2hlbWFfdmVyc2lvbiI6IjEifQ==",
          "dependencies": [
            "data.aws_availability_zones.available",
            "data.aws_caller_identity.current",
            "helm_release.argocd",
            "module.retail_app_eks.aws_cloudwatch_log_group.this",
            "module.retail_app_eks.aws_eks_access_entry.this",
            "module.retail_app_eks.aws_eks_access_policy_association.this",
            "module.retail_app_eks.aws_eks_cluster.this",
            "module.retail_app_eks.aws_iam_policy.cni_ipv6_policy",
            "module.retail_app_eks.aws_iam_role.eks_auto",
            "module.retail_app_eks.aws_iam_role.this",
            "module.retail_app_eks.aws_iam_role_policy_attachment.this",
            "module.retail_app_eks.aws_security_group.cluster",
            "module.retail_app_eks.aws_security_group_rule.cluster",
            "module.retail_app_eks.aws_security_group_rule.node",
            "module.retail_app_eks.data.aws_iam_policy_document.assume_role_policy",
            "module.retail_app_eks.data.aws_iam_policy_document.node_assume_role_policy",
            "module.retail_app_eks.data.aws_iam_session_context.current",
            "module.retail_app_eks.data.aws_partition.current",
            "module.retail_app_eks.module.kms.aws_kms_external_key.this",
            "module.retail_app_eks.module.kms.aws_kms_key.this",
            "module.retail_app_eks.module.kms.aws_kms_replica_external_key.this",
            "module.retail_app_eks.module.kms.aws_kms_replica_key.this",
            "module.retail_app_eks.module.kms.data.aws_iam_policy_document.this",
            "module.vpc.aws_subnet.private",
            "module.vpc.aws_vpc.this",
            "module.vpc.aws_vpc_ipv4_cidr_block_association.this",
            "random_string.suffix"
          ]
        }
      ]
    },
    {
      "mode": "managed",
      "type": "random_string",
      "name": "suffix",
      "provider": "provider[\"registry.terraform.io/hashicorp/random\"]",
      "instances": [
        {
          "schema_version": 2,
          "attributes": {
            "id": "hbbr",
            "keepers": null,
            "length": 4,
            "lower": true,
            "min_lower": 0,
            "min_numeric": 0,
            "min_special": 0,
            "min_upper": 0,
            "number": true,
            "numeric": true,
            "override_special": null,
            "result": "hbbr",
            "special": false,
            "upper": false
          },
          "sensitive_attributes": [],
          "create_before_destroy": true
        }
      ]
    },
    {
      "mode": "managed",
      "type": "time_sleep",
      "name": "wait_for_cluster",
      "provider": "provider[\"registry.terraform.io/hashicorp/time\"]",
      "instances": [
        {
          "schema_version": 0,
          "attributes": {
            "create_duration": "30s",
            "destroy_duration": null,
            "id": "2025-12-07T21:33:22Z",
            "triggers": null
          },
          "sensitive_attributes": [],
          "dependencies": [
            "data.aws_availability_zones.available",
            "data.aws_caller_identity.current",
            "module.retail_app_eks.aws_cloudwatch_log_group.this",
            "module.retail_app_eks.aws_ec2_tag.cluster_primary_security_group",
            "module.retail_app_eks.aws_eks_access_entry.this",
            "module.retail_app_eks.aws_eks_access_policy_association.this",
            "module.retail_app_eks.aws_eks_addon.before_compute",
            "module.retail_app_eks.aws_eks_addon.this",
            "module.retail_app_eks.aws_eks_cluster.this",
            "module.retail_app_eks.aws_eks_identity_provider_config.this",
            "module.retail_app_eks.aws_iam_openid_connect_provider.oidc_provider",
            "module.retail_app_eks.aws_iam_policy.cluster_encryption",
            "module.retail_app_eks.aws_iam_policy.cni_ipv6_policy",
            "module.retail_app_eks.aws_iam_policy.custom",
            "module.retail_app_eks.aws_iam_role.eks_auto",
            "module.retail_app_eks.aws_iam_role.this",
            "module.retail_app_eks.aws_iam_role_policy_attachment.additional",
            "module.retail_app_eks.aws_iam_role_policy_attachment.cluster_encryption",
            "module.retail_app_eks.aws_iam_role_policy_attachment.custom",
            "module.retail_app_eks.aws_iam_role_policy_attachment.eks_auto",
            "module.retail_app_eks.aws_iam_role_policy_attachment.eks_auto_additional",
            "module.retail_app_eks.aws_iam_role_policy_attachment.this",
            "module.retail_app_eks.aws_security_group.cluster",
            "module.retail_app_eks.aws_security_group.node",
            "module.retail_app_eks.aws_security_group_rule.cluster",
            "module.retail_app_eks.aws_security_group_rule.node",
            "module.retail_app_eks.data.aws_caller_identity.current",
            "module.retail_app_eks.data.aws_eks_addon_version.this",
            "module.retail_app_eks.data.aws_iam_policy_document.assume_role_policy",
            "module.retail_app_eks.data.aws_iam_policy_document.cni_ipv6_policy",
            "module.retail_app_eks.data.aws_iam_policy_document.custom",
            "module.retail_app_eks.data.aws_iam_policy_document.node_assume_role_policy",
            "module.retail_app_eks.data.aws_iam_session_context.current",
            "module.retail_app_eks.data.aws_partition.current",
            "module.retail_app_eks.data.tls_certificate.this",
            "module.retail_app_eks.module.eks_managed_node_group.aws_autoscaling_schedule.this",
            "module.retail_app_eks.module.eks_managed_node_group.aws_eks_node_group.this",
            "module.retail_app_eks.module.eks_managed_node_group.aws_iam_role.this",
            "module.retail_app_eks.module.eks_managed_node_group.aws_iam_role_policy.this",
            "module.retail_app_eks.module.eks_managed_node_group.aws_iam_role_policy_attachment.additional",
            "module.retail_app_eks.module.eks_managed_node_group.aws_iam_role_policy_attachment.this",
            "module.retail_app_eks.module.eks_managed_node_group.aws_launch_template.this",
            "module.retail_app_eks.module.eks_managed_node_group.aws_placement_group.this",
            "module.retail_app_eks.module.eks_managed_node_group.data.aws_caller_identity.current",
            "module.retail_app_eks.module.eks_managed_node_group.data.aws_ec2_instance_type.this",
            "module.retail_app_eks.module.eks_managed_node_group.data.aws_ec2_instance_type_offerings.this",
            "module.retail_app_eks.module.eks_managed_node_group.data.aws_iam_policy_document.assume_role_policy",
            "module.retail_app_eks.module.eks_managed_node_group.data.aws_iam_policy_document.role",
            "module.retail_app_eks.module.eks_managed_node_group.data.aws_partition.current",
            "module.retail_app_eks.module.eks_managed_node_group.data.aws_ssm_parameter.ami",
            "module.retail_app_eks.module.eks_managed_node_group.data.aws_subnets.placement_group",
            "module.retail_app_eks.module.eks_managed_node_group.module.user_data.data.cloudinit_config.al2023_eks_managed_node_group",
            "module.retail_app_eks.module.eks_managed_node_group.module.user_data.data.cloudinit_config.linux_eks_managed_node_group",
            "module.retail_app_eks.module.eks_managed_node_group.module.user_data.null_resource.validate_cluster_service_cidr",
            "module.retail_app_eks.module.fargate_profile.aws_eks_fargate_profile.this",
            "module.retail_app_eks.module.fargate_profile.aws_iam_role.this",
            "module.retail_app_eks.module.fargate_profile.aws_iam_role_policy.this",
            "module.retail_app_eks.module.fargate_profile.aws_iam_role_policy_attachment.additional",
            "module.retail_app_eks.module.fargate_profile.aws_iam_role_policy_attachment.this",
            "module.retail_app_eks.module.fargate_profile.data.aws_caller_identity.current",
            "module.retail_app_eks.module.fargate_profile.data.aws_iam_policy_document.assume_role_policy",
            "module.retail_app_eks.module.fargate_profile.data.aws_iam_policy_document.role",
            "module.retail_app_eks.module.fargate_profile.data.aws_partition.current",
            "module.retail_app_eks.module.fargate_profile.data.aws_region.current",
            "module.retail_app_eks.module.kms.aws_kms_alias.this",
            "module.retail_app_eks.module.kms.aws_kms_external_key.this",
            "module.retail_app_eks.module.kms.aws_kms_grant.this",
            "module.retail_app_eks.module.kms.aws_kms_key.this",
            "module.retail_app_eks.module.kms.aws_kms_replica_external_key.this",
            "module.retail_app_eks.module.kms.aws_kms_replica_key.this",
            "module.retail_app_eks.module.kms.data.aws_caller_identity.current",
            "module.retail_app_eks.module.kms.data.aws_iam_policy_document.this",
            "module.retail_app_eks.module.kms.data.aws_partition.current",
            "module.retail_app_eks.module.self_managed_node_group.aws_autoscaling_group.this",
            "module.retail_app_eks.module.self_managed_node_group.aws_autoscaling_schedule.this",
            "module.retail_app_eks.module.self_managed_node_group.aws_eks_access_entry.this",
            "module.retail_app_eks.module.self_managed_node_group.aws_iam_instance_profile.this",
            "module.retail_app_eks.module.self_managed_node_group.aws_iam_role.this",
            "module.retail_app_eks.module.self_managed_node_group.aws_iam_role_policy.this",
            "module.retail_app_eks.module.self_managed_node_group.aws_iam_role_policy_attachment.additional",
            "module.retail_app_eks.module.self_managed_node_group.aws_iam_role_policy_attachment.this",
            "module.retail_app_eks.module.self_managed_node_group.aws_launch_template.this",
            "module.retail_app_eks.module.self_managed_node_group.aws_placement_group.this",
            "module.retail_app_eks.module.self_managed_node_group.data.aws_caller_identity.current",
            "module.retail_app_eks.module.self_managed_node_group.data.aws_ec2_instance_type.this",
            "module.retail_app_eks.module.self_managed_node_group.data.aws_ec2_instance_type_offerings.this",
            "module.retail_app_eks.module.self_managed_node_group.data.aws_iam_policy_document.assume_role_policy",
            "module.retail_app_eks.module.self_managed_node_group.data.aws_iam_policy_document.role",
            "module.retail_app_eks.module.self_managed_node_group.data.aws_partition.current",
            "module.retail_app_eks.module.self_managed_node_group.data.aws_ssm_parameter.ami",
            "module.retail_app_eks.module.self_managed_node_group.data.aws_subnets.placement_group",
            "module.retail_app_eks.module.self_managed_node_group.module.user_data.data.cloudinit_config.al2023_eks_managed_node_group",
            "module.retail_app_eks.module.self_managed_node_group.module.user_data.data.cloudinit_config.linux_eks_managed_node_group",
            "module.retail_app_eks.module.self_managed_node_group.module.user_data.null_resource.validate_cluster_service_cidr",
            "module.retail_app_eks.time_sleep.this",
            "module.vpc.aws_subnet.private",
            "module.vpc.aws_vpc.this",
            "module.vpc.aws_vpc_ipv4_cidr_block_association.this",
            "random_string.suffix"
          ]
        }
      ]
    },
    {
      "module": "module.retail_app_eks",
      "mode": "data",
      "type": "aws_caller_identity",
      "name": "current",
      "provider": "provider[\"registry.terraform.io/hashicorp/aws\"]",
      "instances": [
        {
          "index_key": 0,
          "schema_version": 0,
          "attributes": {
            "account_id": "463470973994",
            "arn": "arn:aws:iam::463470973994:user/eks-user",
            "id": "463470973994",
            "user_id": "AIDAWX2IF2QVIXZAVNGYN"
          },
          "sensitive_attributes": []
        }
      ]
    },
    {
      "module": "module.retail_app_eks",
      "mode": "data",
      "type": "aws_iam_policy_document",
      "name": "assume_role_policy",
      "provider": "provider[\"registry.terraform.io/hashicorp/aws\"]",
      "instances": [
        {
          "index_key": 0,
          "schema_version": 0,
          "attributes": {
            "id": "2830595799",
            "json": "{\n  \"Version\": \"2012-10-17\",\n  \"Statement\": [\n    {\n      \"Sid\": \"EKSClusterAssumeRole\",\n      \"Effect\": \"Allow\",\n      \"Action\": [\n        \"sts:TagSession\",\n        \"sts:AssumeRole\"\n      ],\n      \"Principal\": {\n        \"Service\": \"eks.amazonaws.com\"\n      }\n    }\n  ]\n}",
            "minified_json": "{\"Version\":\"2012-10-17\",\"Statement\":[{\"Sid\":\"EKSClusterAssumeRole\",\"Effect\":\"Allow\",\"Action\":[\"sts:TagSession\",\"sts:AssumeRole\"],\"Principal\":{\"Service\":\"eks.amazonaws.com\"}}]}",
            "override_json": null,
            "override_policy_documents": null,
            "policy_id": null,
            "source_json": null,
            "source_policy_documents": null,
            "statement": [
              {
                "actions": [
                  "sts:AssumeRole",
                  "sts:TagSession"
                ],
                "condition": [],
                "effect": "Allow",
                "not_actions": [],
                "not_principals": [],
                "not_resources": [],
                "principals": [
                  {
                    "identifiers": [
                      "eks.amazonaws.com"
                    ],
                    "type": "Service"
                  }
                ],
                "resources": [],
                "sid": "EKSClusterAssumeRole"
              }
            ],
            "version": "2012-10-17"
          },
          "sensitive_attributes": []
        }
      ]
    },
    {
      "module": "module.retail_app_eks",
      "mode": "data",
      "type": "aws_iam_policy_document",
      "name": "custom",
      "provider": "provider[\"registry.terraform.io/hashicorp/aws\"]",
      "instances": [
        {
          "index_key": 0,
          "schema_version": 0,
          "attributes": {
            "id": "513122117",
            "json": "{\n  \"Version\": \"2012-10-17\",\n  \"Statement\": [\n    {\n      \"Sid\": \"Compute\",\n      \"Effect\": \"Allow\",\n      \"Action\": [\n        \"ec2:RunInstances\",\n        \"ec2:CreateLaunchTemplate\",\n        \"ec2:CreateFleet\"\n      ],\n      \"Resource\": \"*\",\n      \"Condition\": {\n        \"StringEquals\": {\n          \"aws:RequestTag/eks:eks-cluster-name\": \"${aws:PrincipalTag/eks:eks-cluster-name}\"\n        },\n        \"StringLike\": {\n          \"aws:RequestTag/eks:kubernetes-node-class-name\": \"*\",\n          \"aws:RequestTag/eks:kubernetes-node-pool-name\": \"*\"\n        }\n      }\n    },\n    {\n      \"Sid\": \"Storage\",\n      \"Effect\": \"Allow\",\n      \"Action\": [\n        \"ec2:CreateVolume\",\n        \"ec2:CreateSnapshot\"\n      ],\n      \"Resource\": [\n        \"arn:aws:ec2:*:*:volume/*\",\n        \"arn:aws:ec2:*:*:snapshot/*\"\n      ],\n      \"Condition\": {\n        \"StringEquals\": {\n          \"aws:RequestTag/eks:eks-cluster-name\": \"${aws:PrincipalTag/eks:eks-cluster-name}\"\n        }\n      }\n    },\n    {\n      \"Sid\": \"Networking\",\n      \"Effect\": \"Allow\",\n      \"Action\": \"ec2:CreateNetworkInterface\",\n      \"Resource\": \"*\",\n      \"Condition\": {\n        \"StringEquals\": {\n          \"aws:RequestTag/eks:eks-cluster-name\": \"${aws:PrincipalTag/eks:eks-cluster-name}\",\n          \"aws:RequestTag/eks:kubernetes-cni-node-name\": \"*\"\n        }\n      }\n    },\n    {\n      \"Sid\": \"LoadBalancer\",\n      \"Effect\": \"Allow\",\n      \"Action\": [\n        \"elasticloadbalancing:CreateTargetGroup\",\n        \"elasticloadbalancing:CreateRule\",\n        \"elasticloadbalancing:CreateLoadBalancer\",\n        \"elasticloadbalancing:CreateListener\",\n        \"ec2:CreateSecurityGroup\"\n      ],\n      \"Resource\": \"*\",\n      \"Condition\": {\n        \"StringEquals\": {\n          \"aws:RequestTag/eks:eks-cluster-name\": \"${aws:PrincipalTag/eks:eks-cluster-name}\"\n        }\n      }\n    },\n    {\n      \"Sid\": \"ShieldProtection\",\n      \"Effect\": \"Allow\",\n      \"Action\": \"shield:CreateProtection\",\n      \"Resource\": \"*\",\n      \"Condition\": {\n        \"StringEquals\": {\n          \"aws:RequestTag/eks:eks-cluster-name\": \"${aws:PrincipalTag/eks:eks-cluster-name}\"\n        }\n      }\n    },\n    {\n      \"Sid\": \"ShieldTagResource\",\n      \"Effect\": \"Allow\",\n      \"Action\": \"shield:TagResource\",\n      \"Resource\": \"arn:aws:shield::*:protection/*\",\n      \"Condition\": {\n        \"StringEquals\": {\n          \"aws:RequestTag/eks:eks-cluster-name\": \"${aws:PrincipalTag/eks:eks-cluster-name}\"\n        }\n      }\n    }\n  ]\n}",
            "minified_json": "{\"Version\":\"2012-10-17\",\"Statement\":[{\"Sid\":\"Compute\",\"Effect\":\"Allow\",\"Action\":[\"ec2:RunInstances\",\"ec2:CreateLaunchTemplate\",\"ec2:CreateFleet\"],\"Resource\":\"*\",\"Condition\":{\"StringEquals\":{\"aws:RequestTag/eks:eks-cluster-name\":\"${aws:PrincipalTag/eks:eks-cluster-name}\"},\"StringLike\":{\"aws:RequestTag/eks:kubernetes-node-class-name\":\"*\",\"aws:RequestTag/eks:kubernetes-node-pool-name\":\"*\"}}},{\"Sid\":\"Storage\",\"Effect\":\"Allow\",\"Action\":[\"ec2:CreateVolume\",\"ec2:CreateSnapshot\"],\"Resource\":[\"arn:aws:ec2:*:*:volume/*\",\"arn:aws:ec2:*:*:snapshot/*\"],\"Condition\":{\"StringEquals\":{\"aws:RequestTag/eks:eks-cluster-name\":\"${aws:PrincipalTag/eks:eks-cluster-name}\"}}},{\"Sid\":\"Networking\",\"Effect\":\"Allow\",\"Action\":\"ec2:CreateNetworkInterface\",\"Resource\":\"*\",\"Condition\":{\"StringEquals\":{\"aws:RequestTag/eks:eks-cluster-name\":\"${aws:PrincipalTag/eks:eks-cluster-name}\",\"aws:RequestTag/eks:kubernetes-cni-node-name\":\"*\"}}},{\"Sid\":\"LoadBalancer\",\"Effect\":\"Allow\",\"Action\":[\"elasticloadbalancing:CreateTargetGroup\",\"elasticloadbalancing:CreateRule\",\"elasticloadbalancing:CreateLoadBalancer\",\"elasticloadbalancing:CreateListener\",\"ec2:CreateSecurityGroup\"],\"Resource\":\"*\",\"Condition\":{\"StringEquals\":{\"aws:RequestTag/eks:eks-cluster-name\":\"${aws:PrincipalTag/eks:eks-cluster-name}\"}}},{\"Sid\":\"ShieldProtection\",\"Effect\":\"Allow\",\"Action\":\"shield:CreateProtection\",\"Resource\":\"*\",\"Condition\":{\"StringEquals\":{\"aws:RequestTag/eks:eks-cluster-name\":\"${aws:PrincipalTag/eks:eks-cluster-name}\"}}},{\"Sid\":\"ShieldTagResource\",\"Effect\":\"Allow\",\"Action\":\"shield:TagResource\",\"Resource\":\"arn:aws:shield::*:protection/*\",\"Condition\":{\"StringEquals\":{\"aws:RequestTag/eks:eks-cluster-name\":\"${aws:PrincipalTag/eks:eks-cluster-name}\"}}}]}",
            "override_json": null,
            "override_policy_documents": null,
            "policy_id": null,
            "source_json": null,
            "source_policy_documents": null,
            "statement": [
              {
                "actions": [
                  "ec2:CreateFleet",
                  "ec2:CreateLaunchTemplate",
                  "ec2:RunInstances"
                ],
                "condition": [
                  {
                    "test": "StringEquals",
                    "values": [
                      "${aws:PrincipalTag/eks:eks-cluster-name}"
                    ],
                    "variable": "aws:RequestTag/eks:eks-cluster-name"
                  },
                  {
                    "test": "StringLike",
                    "values": [
                      "*"
                    ],
                    "variable": "aws:RequestTag/eks:kubernetes-node-class-name"
                  },
                  {
                    "test": "StringLike",
                    "values": [
                      "*"
                    ],
                    "variable": "aws:RequestTag/eks:kubernetes-node-pool-name"
                  }
                ],
                "effect": "Allow",
                "not_actions": [],
                "not_principals": [],
                "not_resources": [],
                "principals": [],
                "resources": [
                  "*"
                ],
                "sid": "Compute"
              },
              {
                "actions": [
                  "ec2:CreateSnapshot",
                  "ec2:CreateVolume"
                ],
                "condition": [
                  {
                    "test": "StringEquals",
                    "values": [
                      "${aws:PrincipalTag/eks:eks-cluster-name}"
                    ],
                    "variable": "aws:RequestTag/eks:eks-cluster-name"
                  }
                ],
                "effect": "Allow",
                "not_actions": [],
                "not_principals": [],
                "not_resources": [],
                "principals": [],
                "resources": [
                  "arn:aws:ec2:*:*:snapshot/*",
                  "arn:aws:ec2:*:*:volume/*"
                ],
                "sid": "Storage"
              },
              {
                "actions": [
                  "ec2:CreateNetworkInterface"
                ],
                "condition": [
                  {
                    "test": "StringEquals",
                    "values": [
                      "${aws:PrincipalTag/eks:eks-cluster-name}"
                    ],
                    "variable": "aws:RequestTag/eks:eks-cluster-name"
                  },
                  {
                    "test": "StringEquals",
                    "values": [
                      "*"
                    ],
                    "variable": "aws:RequestTag/eks:kubernetes-cni-node-name"
                  }
                ],
                "effect": "Allow",
                "not_actions": [],
                "not_principals": [],
                "not_resources": [],
                "principals": [],
                "resources": [
                  "*"
                ],
                "sid": "Networking"
              },
              {
                "actions": [
                  "ec2:CreateSecurityGroup",
                  "elasticloadbalancing:CreateListener",
                  "elasticloadbalancing:CreateLoadBalancer",
                  "elasticloadbalancing:CreateRule",
                  "elasticloadbalancing:CreateTargetGroup"
                ],
                "condition": [
                  {
                    "test": "StringEquals",
                    "values": [
                      "${aws:PrincipalTag/eks:eks-cluster-name}"
                    ],
                    "variable": "aws:RequestTag/eks:eks-cluster-name"
                  }
                ],
                "effect": "Allow",
                "not_actions": [],
                "not_principals": [],
                "not_resources": [],
                "principals": [],
                "resources": [
                  "*"
                ],
                "sid": "LoadBalancer"
              },
              {
                "actions": [
                  "shield:CreateProtection"
                ],
                "condition": [
                  {
                    "test": "StringEquals",
                    "values": [
                      "${aws:PrincipalTag/eks:eks-cluster-name}"
                    ],
                    "variable": "aws:RequestTag/eks:eks-cluster-name"
                  }
                ],
                "effect": "Allow",
                "not_actions": [],
                "not_principals": [],
                "not_resources": [],
                "principals": [],
                "resources": [
                  "*"
                ],
                "sid": "ShieldProtection"
              },
              {
                "actions": [
                  "shield:TagResource"
                ],
                "condition": [
                  {
                    "test": "StringEquals",
                    "values": [
                      "${aws:PrincipalTag/eks:eks-cluster-name}"
                    ],
                    "variable": "aws:RequestTag/eks:eks-cluster-name"
                  }
                ],
                "effect": "Allow",
                "not_actions": [],
                "not_principals": [],
                "not_resources": [],
                "principals": [],
                "resources": [
                  "arn:aws:shield::*:protection/*"
                ],
                "sid": "ShieldTagResource"
              }
            ],
            "version": "2012-10-17"
          },
          "sensitive_attributes": []
        }
      ]
    },
    {
      "module": "module.retail_app_eks",
      "mode": "data",
      "type": "aws_iam_policy_document",
      "name": "node_assume_role_policy",
      "provider": "provider[\"registry.terraform.io/hashicorp/aws\"]",
      "instances": [
        {
          "index_key": 0,
          "schema_version": 0,
          "attributes": {
            "id": "3518401652",
            "json": "{\n  \"Version\": \"2012-10-17\",\n  \"Statement\": [\n    {\n      \"Sid\": \"EKSAutoNodeAssumeRole\",\n      \"Effect\": \"Allow\",\n      \"Action\": [\n        \"sts:TagSession\",\n        \"sts:AssumeRole\"\n      ],\n      \"Principal\": {\n        \"Service\": \"ec2.amazonaws.com\"\n      }\n    }\n  ]\n}",
            "minified_json": "{\"Version\":\"2012-10-17\",\"Statement\":[{\"Sid\":\"EKSAutoNodeAssumeRole\",\"Effect\":\"Allow\",\"Action\":[\"sts:TagSession\",\"sts:AssumeRole\"],\"Principal\":{\"Service\":\"ec2.amazonaws.com\"}}]}",
            "override_json": null,
            "override_policy_documents": null,
            "policy_id": null,
            "source_json": null,
            "source_policy_documents": null,
            "statement": [
              {
                "actions": [
                  "sts:AssumeRole",
                  "sts:TagSession"
                ],
                "condition": [],
                "effect": "Allow",
                "not_actions": [],
                "not_principals": [],
                "not_resources": [],
                "principals": [
                  {
                    "identifiers": [
                      "ec2.amazonaws.com"
                    ],
                    "type": "Service"
                  }
                ],
                "resources": [],
                "sid": "EKSAutoNodeAssumeRole"
              }
            ],
            "version": "2012-10-17"
          },
          "sensitive_attributes": []
        }
      ]
    },
    {
      "module": "module.retail_app_eks",
      "mode": "data",
      "type": "aws_iam_session_context",
      "name": "current",
      "provider": "provider[\"registry.terraform.io/hashicorp/aws\"]",
      "instances": [
        {
          "index_key": 0,
          "schema_version": 0,
          "attributes": {
            "arn": "arn:aws:iam::463470973994:user/eks-user",
            "id": "arn:aws:iam::463470973994:user/eks-user",
            "issuer_arn": "arn:aws:iam::463470973994:user/eks-user",
            "issuer_id": "",
            "issuer_name": "",
            "session_name": ""
          },
          "sensitive_attributes": []
        }
      ]
    },
    {
      "module": "module.retail_app_eks",
      "mode": "data",
      "type": "aws_partition",
      "name": "current",
      "provider": "provider[\"registry.terraform.io/hashicorp/aws\"]",
      "instances": [
        {
          "index_key": 0,
          "schema_version": 0,
          "attributes": {
            "dns_suffix": "amazonaws.com",
            "id": "aws",
            "partition": "aws",
            "reverse_dns_prefix": "com.amazonaws"
          },
          "sensitive_attributes": []
        }
      ]
    },
    {
      "module": "module.retail_app_eks",
      "mode": "data",
      "type": "tls_certificate",
      "name": "this",
      "provider": "provider[\"registry.terraform.io/hashicorp/tls\"]",
      "instances": [
        {
          "index_key": 0,
          "schema_version": 0,
          "attributes": {
            "certificates": [
              {
                "cert_pem": "-----BEGIN CERTIFICATE-----\nMIIEkjCCA3qgAwIBAgITBn+USionzfP6wq4rAfkI7rnExjANBgkqhkiG9w0BAQsF\nADCBmDELMAkGA1UEBhMCVVMxEDAOBgNVBAgTB0FyaXpvbmExEzARBgNVBAcTClNj\nb3R0c2RhbGUxJTAjBgNVBAoTHFN0YXJmaWVsZCBUZWNobm9sb2dpZXMsIEluYy4x\nOzA5BgNVBAMTMlN0YXJmaWVsZCBTZXJ2aWNlcyBSb290IENlcnRpZmljYXRlIEF1\ndGhvcml0eSAtIEcyMB4XDTE1MDUyNTEyMDAwMFoXDTM3MTIzMTAxMDAwMFowOTEL\nMAkGA1UEBhMCVVMxDzANBgNVBAoTBkFtYXpvbjEZMBcGA1UEAxMQQW1hem9uIFJv\nb3QgQ0EgMTCCASIwDQYJKoZIhvcNAQEBBQADggEPADCCAQoCggEBALJ4gHHKeNXj\nca9HgFB0fW7Y14h29Jlo91ghYPl0hAEvrAIthtOgQ3pOsqTQNroBvo3bSMgHFzZM\n9O6II8c+6zf1tRn4SWiw3te5djgdYZ6k/oI2peVKVuRF4fn9tBb6dNqcmzU5L/qw\nIFAGbHrQgLKm+a/sRxmPUDgH3KKHOVj4utWp+UhnMJbulHheb4mjUcAwhmahRWa6\nVOujw5H5SNz/0egwLX0tdHA114gk957EWW67c4cX8jJGKLhD+rcdqsq08p8kDi1L\n93FcXmn/6pUCyziKrlA4b9v7LWIbxcceVOF34GfID5yHI9Y/QCB/IIDEgEw+OyQm\njgSubJrIqg0CAwEAAaOCATEwggEtMA8GA1UdEwEB/wQFMAMBAf8wDgYDVR0PAQH/\nBAQDAgGGMB0GA1UdDgQWBBSEGMyFNOy8DJSULghZnMeyEE4KCDAfBgNVHSMEGDAW\ngBScXwDfqgHXMCs4iKK4bUqc8hGRgzB4BggrBgEFBQcBAQRsMGowLgYIKwYBBQUH\nMAGGImh0dHA6Ly9vY3NwLnJvb3RnMi5hbWF6b250cnVzdC5jb20wOAYIKwYBBQUH\nMAKGLGh0dHA6Ly9jcnQucm9vdGcyLmFtYXpvbnRydXN0LmNvbS9yb290ZzIuY2Vy\nMD0GA1UdHwQ2MDQwMqAwoC6GLGh0dHA6Ly9jcmwucm9vdGcyLmFtYXpvbnRydXN0\nLmNvbS9yb290ZzIuY3JsMBEGA1UdIAQKMAgwBgYEVR0gADANBgkqhkiG9w0BAQsF\nAAOCAQEAYjdCXLwQtT6LLOkMm2xF4gcAevnFWAu5CIw+7bMlPLVvUOTNNWqnkzSW\nMiGpSESrnO09tKpzbeR/FoCJbM8oAxiDR3mjEH4wW6w7sGDgd9QIpuEdfF7Au/ma\neyKdpwAJfqxGF4PcnCZXmTA5YpaP7dreqsXMGz7KQ2hsVxa81Q4gLv7/wmpdLqBK\nbRRYh5TmOTFffHPLkIhqhBGWJ6bt2YFGpn6jcgAKUj6DiAdjd4lpFw85hdKrCEVN\n0FE6/V1dN2RMfjCyVSRCnTawXZwXgWHxyvkQAiSr6w10kY17RSlQOYiypok1JR4U\nakcjMS9cmvqtmg5iUaQqqcT5NJ0hGA==\n-----END CERTIFICATE-----\n",
                "is_ca": true,
                "issuer": "CN=Starfield Services Root Certificate Authority - G2,O=Starfield Technologies\\, Inc.,L=Scottsdale,ST=Arizona,C=US",
                "not_after": "2037-12-31T01:00:00Z",
                "not_before": "2015-05-25T12:00:00Z",
                "public_key_algorithm": "RSA",
                "serial_number": "144918191876577076464031512351042010504348870",
                "sha1_fingerprint": "06b25927c42a721631c1efd9431e648fa62e1e39",
                "signature_algorithm": "SHA256-RSA",
                "subject": "CN=Amazon Root CA 1,O=Amazon,C=US",
                "version": 3
              },
              {
                "cert_pem": "-----BEGIN CERTIFICATE-----\nMIIEXjCCA0agAwIBAgITB3MSTyqVLj7Rili9uF0bwM5fJzANBgkqhkiG9w0BAQsF\nADA5MQswCQYDVQQGEwJVUzEPMA0GA1UEChMGQW1hem9uMRkwFwYDVQQDExBBbWF6\nb24gUm9vdCBDQSAxMB4XDTIyMDgyMzIyMjYzNVoXDTMwMDgyMzIyMjYzNVowPDEL\nMAkGA1UEBhMCVVMxDzANBgNVBAoTBkFtYXpvbjEcMBoGA1UEAxMTQW1hem9uIFJT\nQSAyMDQ4IE0wNDCCASIwDQYJKoZIhvcNAQEBBQADggEPADCCAQoCggEBAM3pVR6A\nlQOp4xe776FdePXyejgA38mYx1ou9/jrpV6Sfn+/oqBKgwhY6ePsQHHQayWBJdBn\nv4Wz363qRI4XUh9swBFJ11TnZ3LqOMvHmWq2+loA0QPtOfXdJ2fHBLrBrngtJ/GB\n0p5olAVYrSZgvQGP16Rf8ddtNyxEEhYm3HuhmNi+vSeAq1tLYJPAvRCXonTpWdSD\nxY6hvdmxlqTYi82AtBXSfpGQ58HHM0hw0C6aQakghrwWi5fGslLOqzpimNMIsT7c\nqa0GJx6JfKqJqmQQNplO2h8n9ZsFJgBowof01ppdoLAWg6caMOM0om/VILKaa30F\n9W/r8Qjah7ltGVkCAwEAAaOCAVowggFWMBIGA1UdEwEB/wQIMAYBAf8CAQAwDgYD\nVR0PAQH/BAQDAgGGMB0GA1UdJQQWMBQGCCsGAQUFBwMBBggrBgEFBQcDAjAdBgNV\nHQ4EFgQUH1KSYVaCVH+BZtgdPQqqMlyH3QgwHwYDVR0jBBgwFoAUhBjMhTTsvAyU\nlC4IWZzHshBOCggwewYIKwYBBQUHAQEEbzBtMC8GCCsGAQUFBzABhiNodHRwOi8v\nb2NzcC5yb290Y2ExLmFtYXpvbnRydXN0LmNvbTA6BggrBgEFBQcwAoYuaHR0cDov\nL2NydC5yb290Y2ExLmFtYXpvbnRydXN0LmNvbS9yb290Y2ExLmNlcjA/BgNVHR8E\nODA2MDSgMqAwhi5odHRwOi8vY3JsLnJvb3RjYTEuYW1hem9udHJ1c3QuY29tL3Jv\nb3RjYTEuY3JsMBMGA1UdIAQMMAowCAYGZ4EMAQIBMA0GCSqGSIb3DQEBCwUAA4IB\nAQA+1O5UsAaNuW3lHzJtpNGwBnZd9QEYFtxpiAnIaV4qApnGS9OCw5ZPwie7YSlD\nZF5yyFPsFhUC2Q9uJHY/CRV1b5hIiGH0+6+w5PgKiY1MWuWT8VAaJjFxvuhM7a/e\nfN2TIw1Wd6WCl6YRisunjQOrSP+unqC8A540JNyZ1JOE3jVqat3OZBGgMvihdj2w\nY23EpwesrKiQzkHzmvSH67PVW4ycbPy08HVZnBxZ5NrlGG9bwXR3fNTaz+c+Ej6c\n5AnwI3qkOFgSkg3Y75cdFz6pO/olK+e3AqygAcv0WjzmkDPuBjssuZjCHMC56oH3\nGJkV29Di2j5prHJbwZjG1inU\n-----END CERTIFICATE-----\n",
                "is_ca": true,
                "issuer": "CN=Amazon Root CA 1,O=Amazon,C=US",
                "not_after": "2030-08-23T22:26:35Z",
                "not_before": "2022-08-23T22:26:35Z",
                "public_key_algorithm": "RSA",
                "serial_number": "166129359584585245282080020727744908546170663",
                "sha1_fingerprint": "e7b8b5a6743ce1b2f17b041de59558a41472d70c",
                "signature_algorithm": "SHA256-RSA",
                "subject": "CN=Amazon RSA 2048 M04,O=Amazon,C=US",
                "version": 3
              },
              {
                "cert_pem": "-----BEGIN CERTIFICATE-----\nMIIF3DCCBMSgAwIBAgIQBc7CF9iuy6gtYuKiVAdAEzANBgkqhkiG9w0BAQsFADA8\nMQswCQYDVQQGEwJVUzEPMA0GA1UEChMGQW1hem9uMRwwGgYDVQQDExNBbWF6b24g\nUlNBIDIwNDggTTA0MB4XDTI1MTAwNjAwMDAwMFoXDTI2MDQwMTIzNTk1OVowKDEm\nMCQGA1UEAwwdKi5la3MudXMtd2VzdC0yLmFtYXpvbmF3cy5jb20wggEiMA0GCSqG\nSIb3DQEBAQUAA4IBDwAwggEKAoIBAQDlK6G/5ndk62q9E+foI6DHkwhiDAS0Ehx+\nWV4YTV0m96EXn4Fnr1/Ieh7yVay/xz/9hJQsYgbjkRav21TAxVREWqTpBpOHDEXq\n89NiY3IQF4b9TFflOrcwLgDd0JtX3EIKEyUy/3+QCLP5iu/0LuwYJUMHmkwq1QIa\n1kOZkXDM5UO7Yq/ZotJjR5ROhGzcD6uEJut6Hx5HU50f8vtJY9aPOz/G01LZweqO\nMbeQVk/pqLeySO+gEwM1FxyF0H6mQP3FdHdIW/GowLAdkHdwtt9rUKScMKiwssmw\niV+c/P8n4JPaCfqZvLQIc5T/6tyRpdDF9wfJome+llvk0/FytdebAgMBAAGjggLs\nMIIC6DAfBgNVHSMEGDAWgBQfUpJhVoJUf4Fm2B09CqoyXIfdCDAdBgNVHQ4EFgQU\nwxRbt1dG0s5GUgAX/IxxbNxtt1kwKAYDVR0RBCEwH4IdKi5la3MudXMtd2VzdC0y\nLmFtYXpvbmF3cy5jb20wEwYDVR0gBAwwCjAIBgZngQwBAgEwDgYDVR0PAQH/BAQD\nAgWgMBMGA1UdJQQMMAoGCCsGAQUFBwMBMDsGA1UdHwQ0MDIwMKAuoCyGKmh0dHA6\nLy9jcmwucjJtMDQuYW1hem9udHJ1c3QuY29tL3IybTA0LmNybDB1BggrBgEFBQcB\nAQRpMGcwLQYIKwYBBQUHMAGGIWh0dHA6Ly9vY3NwLnIybTA0LmFtYXpvbnRydXN0\nLmNvbTA2BggrBgEFBQcwAoYqaHR0cDovL2NydC5yMm0wNC5hbWF6b250cnVzdC5j\nb20vcjJtMDQuY2VyMAwGA1UdEwEB/wQCMAAwggF+BgorBgEEAdZ5AgQCBIIBbgSC\nAWoBaAB2AJaXZL9VWJet90OHaDcIQnfp8DrV9qTzNm5GpD8PyqnGAAABmbtRaMoA\nAAQDAEcwRQIgYEhzfjdJQESIk6AcV5B3XSKHHCJsBjIon2XUDGibBEQCIQC2yM/1\n9/skavOaJyRzIpW9qL/cQhAT0vzx5TapKnZ6tAB2AGQRxGykEuyniRyiAi4AvKtP\nKAfUHjUnq+r+1QPJfc3wAAABmbtRaK4AAAQDAEcwRQIgGpnUC0SP+dNdTQOnPIRd\nTGCG6sa5ZRJN/TxC+fu78fUCIQDk/vbI+V8GIRGnMv1jsjz4ylRepzdaauK4v6QI\nu0mgkQB2AEmcm2neHXzs/DbezYdkprhbrwqHgBnRVVL76esp3fjDAAABmbtRaL4A\nAAQDAEcwRQIgbPnttAnosLJLAhhcSxxvpkobLx0SFvqBGBqXAgjfe6sCIQCzcY7B\ncGYaxOFz7LvLgwcnPJX08WYBiBXeLNnNJ5BHSzANBgkqhkiG9w0BAQsFAAOCAQEA\nJavL/Vf+nKvpMKYY3WajL5lwzBeo1AtLXGrAJdalKha+Sdct1cxeurlf1FIG7bfZ\nz2hKRTaLA+qe4a7eTzO5AjtVWYXg2CG0wzqjiqpjYKIvZoTRcHsTlVLyXsc5SOSH\noS2WmFUZ6fjDXUlxenYJyTY7aJ4U7sw03SpSIwJKkkZcCNpe+DWpUYbDs8/Z6LIS\nA7MkChzztJB7lBnsy4rkhZimwEjEbbpfsxH33vF9XLapvljIsh1g9a8z+n4y7ggI\nAZVEDLwJTGlZRQFG+cHVhm0+f6T+LoS893SH32FjtHh2rMk4VecHJ30vWfK7TyTA\nD/kdsiUOD8NGk5pmxpy4Zw==\n-----END CERTIFICATE-----\n",
                "is_ca": false,
                "issuer": "CN=Amazon RSA 2048 M04,O=Amazon,C=US",
                "not_after": "2026-04-01T23:59:59Z",
                "not_before": "2025-10-06T00:00:00Z",
                "public_key_algorithm": "RSA",
                "serial_number": "7719689808553677064881260671862784019",
                "sha1_fingerprint": "27d17a27ca2cb41421dc3be46e4d25ee24cbabd1",
                "signature_algorithm": "SHA256-RSA",
                "subject": "CN=*.eks.us-west-2.amazonaws.com",
                "version": 3
              }
            ],
            "content": null,
            "id": "4687b9863b4f2caa907e2ad6c9ffcf73433dc367",
            "url": "https://oidc.eks.us-west-2.amazonaws.com/id/D712A359A83FDC5BBFB1E623F20D3875",
            "verify_chain": true
          },
          "sensitive_attributes": []
        }
      ]
    },
    {
      "module": "module.retail_app_eks",
      "mode": "managed",
      "type": "aws_cloudwatch_log_group",
      "name": "this",
      "provider": "provider[\"registry.terraform.io/hashicorp/aws\"]",
      "instances": [
        {
          "index_key": 0,
          "schema_version": 0,
          "attributes": {
            "arn": "arn:aws:logs:us-west-2:463470973994:log-group:/aws/eks/retail-store-hbbr/cluster",
            "id": "/aws/eks/retail-store-hbbr/cluster",
            "kms_key_id": "",
            "log_group_class": "STANDARD",
            "name": "/aws/eks/retail-store-hbbr/cluster",
            "name_prefix": "",
            "retention_in_days": 90,
            "skip_destroy": false,
            "tags": {
              "CreatedBy": "Sameer Varpe",
              "CreatedDate": "2025-12-07",
              "Environment": "dev",
              "ManagedBy": "terraform",
              "Name": "/aws/eks/retail-store-hbbr/cluster",
              "Owner": "AIDAWX2IF2QVIXZAVNGYN",
              "Project": "retail-store"
            },
            "tags_all": {
              "CreatedBy": "Sameer Varpe",
              "CreatedDate": "2025-12-07",
              "Environment": "dev",
              "ManagedBy": "terraform",
              "Name": "/aws/eks/retail-store-hbbr/cluster",
              "Owner": "AIDAWX2IF2QVIXZAVNGYN",
              "Project": "retail-store"
            }
          },
          "sensitive_attributes": [],
          "private": "bnVsbA==",
          "dependencies": [
            "data.aws_caller_identity.current",
            "random_string.suffix"
          ]
        }
      ]
    },
    {
      "module": "module.retail_app_eks",
      "mode": "managed",
      "type": "aws_ec2_tag",
      "name": "cluster_primary_security_group",
      "provider": "provider[\"registry.terraform.io/hashicorp/aws\"]",
      "instances": [
        {
          "index_key": "CreatedBy",
          "schema_version": 0,
          "attributes": {
            "id": "sg-0bcd7fc5602a1ecd8,CreatedBy",
            "key": "CreatedBy",
            "resource_id": "sg-0bcd7fc5602a1ecd8",
            "value": "Sameer Varpe"
          },
          "sensitive_attributes": [],
          "private": "bnVsbA==",
          "dependencies": [
            "data.aws_availability_zones.available",
            "data.aws_caller_identity.current",
            "module.retail_app_eks.aws_cloudwatch_log_group.this",
            "module.retail_app_eks.aws_eks_cluster.this",
            "module.retail_app_eks.aws_iam_policy.cni_ipv6_policy",
            "module.retail_app_eks.aws_iam_role.eks_auto",
            "module.retail_app_eks.aws_iam_role.this",
            "module.retail_app_eks.aws_iam_role_policy_attachment.this",
            "module.retail_app_eks.aws_security_group.cluster",
            "module.retail_app_eks.aws_security_group_rule.cluster",
            "module.retail_app_eks.aws_security_group_rule.node",
            "module.retail_app_eks.data.aws_iam_policy_document.assume_role_policy",
            "module.retail_app_eks.data.aws_iam_policy_document.node_assume_role_policy",
            "module.retail_app_eks.data.aws_partition.current",
            "module.retail_app_eks.module.kms.aws_kms_external_key.this",
            "module.retail_app_eks.module.kms.aws_kms_key.this",
            "module.retail_app_eks.module.kms.aws_kms_replica_external_key.this",
            "module.retail_app_eks.module.kms.aws_kms_replica_key.this",
            "module.retail_app_eks.module.kms.data.aws_iam_policy_document.this",
            "module.vpc.aws_subnet.private",
            "module.vpc.aws_vpc.this",
            "module.vpc.aws_vpc_ipv4_cidr_block_association.this",
            "random_string.suffix"
          ]
        },
        {
          "index_key": "CreatedDate",
          "schema_version": 0,
          "attributes": {
            "id": "sg-0bcd7fc5602a1ecd8,CreatedDate",
            "key": "CreatedDate",
            "resource_id": "sg-0bcd7fc5602a1ecd8",
            "value": "2025-12-07"
          },
          "sensitive_attributes": [],
          "private": "bnVsbA==",
          "dependencies": [
            "data.aws_availability_zones.available",
            "data.aws_caller_identity.current",
            "module.retail_app_eks.aws_cloudwatch_log_group.this",
            "module.retail_app_eks.aws_eks_cluster.this",
            "module.retail_app_eks.aws_iam_policy.cni_ipv6_policy",
            "module.retail_app_eks.aws_iam_role.eks_auto",
            "module.retail_app_eks.aws_iam_role.this",
            "module.retail_app_eks.aws_iam_role_policy_attachment.this",
            "module.retail_app_eks.aws_security_group.cluster",
            "module.retail_app_eks.aws_security_group.node",
            "module.retail_app_eks.aws_security_group_rule.cluster",
            "module.retail_app_eks.aws_security_group_rule.node",
            "module.retail_app_eks.data.aws_caller_identity.current",
            "module.retail_app_eks.data.aws_iam_policy_document.assume_role_policy",
            "module.retail_app_eks.data.aws_iam_policy_document.cni_ipv6_policy",
            "module.retail_app_eks.data.aws_iam_policy_document.node_assume_role_policy",
            "module.retail_app_eks.data.aws_iam_session_context.current",
            "module.retail_app_eks.data.aws_partition.current",
            "module.retail_app_eks.module.kms.aws_kms_external_key.this",
            "module.retail_app_eks.module.kms.aws_kms_key.this",
            "module.retail_app_eks.module.kms.aws_kms_replica_external_key.this",
            "module.retail_app_eks.module.kms.aws_kms_replica_key.this",
            "module.retail_app_eks.module.kms.data.aws_caller_identity.current",
            "module.retail_app_eks.module.kms.data.aws_iam_policy_document.this",
            "module.retail_app_eks.module.kms.data.aws_partition.current",
            "module.vpc.aws_subnet.private",
            "module.vpc.aws_vpc.this",
            "module.vpc.aws_vpc_ipv4_cidr_block_association.this",
            "random_string.suffix"
          ]
        },
        {
          "index_key": "Environment",
          "schema_version": 0,
          "attributes": {
            "id": "sg-0bcd7fc5602a1ecd8,Environment",
            "key": "Environment",
            "resource_id": "sg-0bcd7fc5602a1ecd8",
            "value": "dev"
          },
          "sensitive_attributes": [],
          "private": "bnVsbA==",
          "dependencies": [
            "data.aws_availability_zones.available",
            "data.aws_caller_identity.current",
            "module.retail_app_eks.aws_cloudwatch_log_group.this",
            "module.retail_app_eks.aws_eks_cluster.this",
            "module.retail_app_eks.aws_iam_policy.cni_ipv6_policy",
            "module.retail_app_eks.aws_iam_role.eks_auto",
            "module.retail_app_eks.aws_iam_role.this",
            "module.retail_app_eks.aws_iam_role_policy_attachment.this",
            "module.retail_app_eks.aws_security_group.cluster",
            "module.retail_app_eks.aws_security_group.node",
            "module.retail_app_eks.aws_security_group_rule.cluster",
            "module.retail_app_eks.aws_security_group_rule.node",
            "module.retail_app_eks.data.aws_caller_identity.current",
            "module.retail_app_eks.data.aws_iam_policy_document.assume_role_policy",
            "module.retail_app_eks.data.aws_iam_policy_document.cni_ipv6_policy",
            "module.retail_app_eks.data.aws_iam_policy_document.node_assume_role_policy",
            "module.retail_app_eks.data.aws_iam_session_context.current",
            "module.retail_app_eks.data.aws_partition.current",
            "module.retail_app_eks.module.kms.aws_kms_external_key.this",
            "module.retail_app_eks.module.kms.aws_kms_key.this",
            "module.retail_app_eks.module.kms.aws_kms_replica_external_key.this",
            "module.retail_app_eks.module.kms.aws_kms_replica_key.this",
            "module.retail_app_eks.module.kms.data.aws_caller_identity.current",
            "module.retail_app_eks.module.kms.data.aws_iam_policy_document.this",
            "module.retail_app_eks.module.kms.data.aws_partition.current",
            "module.vpc.aws_subnet.private",
            "module.vpc.aws_vpc.this",
            "module.vpc.aws_vpc_ipv4_cidr_block_association.this",
            "random_string.suffix"
          ]
        },
        {
          "index_key": "ManagedBy",
          "schema_version": 0,
          "attributes": {
            "id": "sg-0bcd7fc5602a1ecd8,ManagedBy",
            "key": "ManagedBy",
            "resource_id": "sg-0bcd7fc5602a1ecd8",
            "value": "terraform"
          },
          "sensitive_attributes": [],
          "private": "bnVsbA==",
          "dependencies": [
            "data.aws_availability_zones.available",
            "data.aws_caller_identity.current",
            "module.retail_app_eks.aws_cloudwatch_log_group.this",
            "module.retail_app_eks.aws_eks_cluster.this",
            "module.retail_app_eks.aws_iam_policy.cni_ipv6_policy",
            "module.retail_app_eks.aws_iam_role.eks_auto",
            "module.retail_app_eks.aws_iam_role.this",
            "module.retail_app_eks.aws_iam_role_policy_attachment.this",
            "module.retail_app_eks.aws_security_group.cluster",
            "module.retail_app_eks.aws_security_group.node",
            "module.retail_app_eks.aws_security_group_rule.cluster",
            "module.retail_app_eks.aws_security_group_rule.node",
            "module.retail_app_eks.data.aws_caller_identity.current",
            "module.retail_app_eks.data.aws_iam_policy_document.assume_role_policy",
            "module.retail_app_eks.data.aws_iam_policy_document.cni_ipv6_policy",
            "module.retail_app_eks.data.aws_iam_policy_document.node_assume_role_policy",
            "module.retail_app_eks.data.aws_iam_session_context.current",
            "module.retail_app_eks.data.aws_partition.current",
            "module.retail_app_eks.module.kms.aws_kms_external_key.this",
            "module.retail_app_eks.module.kms.aws_kms_key.this",
            "module.retail_app_eks.module.kms.aws_kms_replica_external_key.this",
            "module.retail_app_eks.module.kms.aws_kms_replica_key.this",
            "module.retail_app_eks.module.kms.data.aws_caller_identity.current",
            "module.retail_app_eks.module.kms.data.aws_iam_policy_document.this",
            "module.retail_app_eks.module.kms.data.aws_partition.current",
            "module.vpc.aws_subnet.private",
            "module.vpc.aws_vpc.this",
            "module.vpc.aws_vpc_ipv4_cidr_block_association.this",
            "random_string.suffix"
          ]
        },
        {
          "index_key": "Owner",
          "schema_version": 0,
          "attributes": {
            "id": "sg-0bcd7fc5602a1ecd8,Owner",
            "key": "Owner",
            "resource_id": "sg-0bcd7fc5602a1ecd8",
            "value": "AIDAWX2IF2QVIXZAVNGYN"
          },
          "sensitive_attributes": [],
          "private": "bnVsbA==",
          "dependencies": [
            "data.aws_availability_zones.available",
            "data.aws_caller_identity.current",
            "module.retail_app_eks.aws_cloudwatch_log_group.this",
            "module.retail_app_eks.aws_eks_cluster.this",
            "module.retail_app_eks.aws_iam_policy.cni_ipv6_policy",
            "module.retail_app_eks.aws_iam_role.eks_auto",
            "module.retail_app_eks.aws_iam_role.this",
            "module.retail_app_eks.aws_iam_role_policy_attachment.this",
            "module.retail_app_eks.aws_security_group.cluster",
            "module.retail_app_eks.aws_security_group.node",
            "module.retail_app_eks.aws_security_group_rule.cluster",
            "module.retail_app_eks.aws_security_group_rule.node",
            "module.retail_app_eks.data.aws_caller_identity.current",
            "module.retail_app_eks.data.aws_iam_policy_document.assume_role_policy",
            "module.retail_app_eks.data.aws_iam_policy_document.cni_ipv6_policy",
            "module.retail_app_eks.data.aws_iam_policy_document.node_assume_role_policy",
            "module.retail_app_eks.data.aws_iam_session_context.current",
            "module.retail_app_eks.data.aws_partition.current",
            "module.retail_app_eks.module.kms.aws_kms_external_key.this",
            "module.retail_app_eks.module.kms.aws_kms_key.this",
            "module.retail_app_eks.module.kms.aws_kms_replica_external_key.this",
            "module.retail_app_eks.module.kms.aws_kms_replica_key.this",
            "module.retail_app_eks.module.kms.data.aws_caller_identity.current",
            "module.retail_app_eks.module.kms.data.aws_iam_policy_document.this",
            "module.retail_app_eks.module.kms.data.aws_partition.current",
            "module.vpc.aws_subnet.private",
            "module.vpc.aws_vpc.this",
            "module.vpc.aws_vpc_ipv4_cidr_block_association.this",
            "random_string.suffix"
          ]
        },
        {
          "index_key": "Project",
          "schema_version": 0,
          "attributes": {
            "id": "sg-0bcd7fc5602a1ecd8,Project",
            "key": "Project",
            "resource_id": "sg-0bcd7fc5602a1ecd8",
            "value": "retail-store"
          },
          "sensitive_attributes": [],
          "private": "bnVsbA==",
          "dependencies": [
            "data.aws_availability_zones.available",
            "data.aws_caller_identity.current",
            "module.retail_app_eks.aws_cloudwatch_log_group.this",
            "module.retail_app_eks.aws_eks_cluster.this",
            "module.retail_app_eks.aws_iam_policy.cni_ipv6_policy",
            "module.retail_app_eks.aws_iam_role.eks_auto",
            "module.retail_app_eks.aws_iam_role.this",
            "module.retail_app_eks.aws_iam_role_policy_attachment.this",
            "module.retail_app_eks.aws_security_group.cluster",
            "module.retail_app_eks.aws_security_group.node",
            "module.retail_app_eks.aws_security_group_rule.cluster",
            "module.retail_app_eks.aws_security_group_rule.node",
            "module.retail_app_eks.data.aws_caller_identity.current",
            "module.retail_app_eks.data.aws_iam_policy_document.assume_role_policy",
            "module.retail_app_eks.data.aws_iam_policy_document.cni_ipv6_policy",
            "module.retail_app_eks.data.aws_iam_policy_document.node_assume_role_policy",
            "module.retail_app_eks.data.aws_iam_session_context.current",
            "module.retail_app_eks.data.aws_partition.current",
            "module.retail_app_eks.module.kms.aws_kms_external_key.this",
            "module.retail_app_eks.module.kms.aws_kms_key.this",
            "module.retail_app_eks.module.kms.aws_kms_replica_external_key.this",
            "module.retail_app_eks.module.kms.aws_kms_replica_key.this",
            "module.retail_app_eks.module.kms.data.aws_caller_identity.current",
            "module.retail_app_eks.module.kms.data.aws_iam_policy_document.this",
            "module.retail_app_eks.module.kms.data.aws_partition.current",
            "module.vpc.aws_subnet.private",
            "module.vpc.aws_vpc.this",
            "module.vpc.aws_vpc_ipv4_cidr_block_association.this",
            "random_string.suffix"
          ]
        }
      ]
    },
    {
      "module": "module.retail_app_eks",
      "mode": "managed",
      "type": "aws_eks_access_entry",
      "name": "this",
      "provider": "provider[\"registry.terraform.io/hashicorp/aws\"]",
      "instances": [
        {
          "index_key": "cluster_creator",
          "schema_version": 0,
          "attributes": {
            "access_entry_arn": "arn:aws:eks:us-west-2:463470973994:access-entry/retail-store-hbbr/user/463470973994/eks-user/a6cd7cb5-9e49-a129-c461-8fc8d630a429",
            "cluster_name": "retail-store-hbbr",
            "created_at": "2025-12-07T15:25:46Z",
            "id": "retail-store-hbbr:arn:aws:iam::463470973994:user/eks-user",
            "kubernetes_groups": [],
            "modified_at": "2025-12-07T15:25:46Z",
            "principal_arn": "arn:aws:iam::463470973994:user/eks-user",
            "tags": {
              "CreatedBy": "Sameer Varpe",
              "CreatedDate": "2025-12-07",
              "Environment": "dev",
              "ManagedBy": "terraform",
              "Owner": "AIDAWX2IF2QVIXZAVNGYN",
              "Project": "retail-store"
            },
            "tags_all": {
              "CreatedBy": "Sameer Varpe",
              "CreatedDate": "2025-12-07",
              "Environment": "dev",
              "ManagedBy": "terraform",
              "Owner": "AIDAWX2IF2QVIXZAVNGYN",
              "Project": "retail-store"
            },
            "timeouts": null,
            "type": "STANDARD",
            "user_name": "arn:aws:iam::463470973994:user/eks-user"
          },
          "sensitive_attributes": [],
          "private": "eyJlMmJmYjczMC1lY2FhLTExZTYtOGY4OC0zNDM2M2JjN2M0YzAiOnsiY3JlYXRlIjo2MDAwMDAwMDAwMDAsImRlbGV0ZSI6NjAwMDAwMDAwMDAwfX0=",
          "dependencies": [
            "data.aws_availability_zones.available",
            "data.aws_caller_identity.current",
            "module.retail_app_eks.aws_cloudwatch_log_group.this",
            "module.retail_app_eks.aws_eks_cluster.this",
            "module.retail_app_eks.aws_iam_policy.cni_ipv6_policy",
            "module.retail_app_eks.aws_iam_role.eks_auto",
            "module.retail_app_eks.aws_iam_role.this",
            "module.retail_app_eks.aws_iam_role_policy_attachment.this",
            "module.retail_app_eks.aws_security_group.cluster",
            "module.retail_app_eks.aws_security_group_rule.cluster",
            "module.retail_app_eks.aws_security_group_rule.node",
            "module.retail_app_eks.data.aws_iam_policy_document.assume_role_policy",
            "module.retail_app_eks.data.aws_iam_policy_document.node_assume_role_policy",
            "module.retail_app_eks.data.aws_iam_session_context.current",
            "module.retail_app_eks.data.aws_partition.current",
            "module.retail_app_eks.module.kms.aws_kms_external_key.this",
            "module.retail_app_eks.module.kms.aws_kms_key.this",
            "module.retail_app_eks.module.kms.aws_kms_replica_external_key.this",
            "module.retail_app_eks.module.kms.aws_kms_replica_key.this",
            "module.retail_app_eks.module.kms.data.aws_iam_policy_document.this",
            "module.vpc.aws_subnet.private",
            "module.vpc.aws_vpc.this",
            "module.vpc.aws_vpc_ipv4_cidr_block_association.this",
            "random_string.suffix"
          ]
        }
      ]
    },
    {
      "module": "module.retail_app_eks",
      "mode": "managed",
      "type": "aws_eks_access_policy_association",
      "name": "this",
      "provider": "provider[\"registry.terraform.io/hashicorp/aws\"]",
      "instances": [
        {
          "index_key": "cluster_creator_admin",
          "schema_version": 0,
          "attributes": {
            "access_scope": [
              {
                "namespaces": [],
                "type": "cluster"
              }
            ],
            "associated_at": "2025-12-07 15:25:46.954 +0000 UTC",
            "cluster_name": "retail-store-hbbr",
            "id": "retail-store-hbbr#arn:aws:iam::463470973994:user/eks-user#arn:aws:eks::aws:cluster-access-policy/AmazonEKSClusterAdminPolicy",
            "modified_at": "2025-12-07 15:25:46.954 +0000 UTC",
            "policy_arn": "arn:aws:eks::aws:cluster-access-policy/AmazonEKSClusterAdminPolicy",
            "principal_arn": "arn:aws:iam::463470973994:user/eks-user",
            "timeouts": null
          },
          "sensitive_attributes": [],
          "private": "eyJlMmJmYjczMC1lY2FhLTExZTYtOGY4OC0zNDM2M2JjN2M0YzAiOnsiY3JlYXRlIjo2MDAwMDAwMDAwMDAsImRlbGV0ZSI6NjAwMDAwMDAwMDAwfX0=",
          "dependencies": [
            "data.aws_availability_zones.available",
            "data.aws_caller_identity.current",
            "module.retail_app_eks.aws_cloudwatch_log_group.this",
            "module.retail_app_eks.aws_eks_access_entry.this",
            "module.retail_app_eks.aws_eks_cluster.this",
            "module.retail_app_eks.aws_iam_policy.cni_ipv6_policy",
            "module.retail_app_eks.aws_iam_role.eks_auto",
            "module.retail_app_eks.aws_iam_role.this",
            "module.retail_app_eks.aws_iam_role_policy_attachment.this",
            "module.retail_app_eks.aws_security_group.cluster",
            "module.retail_app_eks.aws_security_group.node",
            "module.retail_app_eks.aws_security_group_rule.cluster",
            "module.retail_app_eks.aws_security_group_rule.node",
            "module.retail_app_eks.data.aws_caller_identity.current",
            "module.retail_app_eks.data.aws_iam_policy_document.assume_role_policy",
            "module.retail_app_eks.data.aws_iam_policy_document.cni_ipv6_policy",
            "module.retail_app_eks.data.aws_iam_policy_document.node_assume_role_policy",
            "module.retail_app_eks.data.aws_iam_session_context.current",
            "module.retail_app_eks.data.aws_partition.current",
            "module.retail_app_eks.module.kms.aws_kms_external_key.this",
            "module.retail_app_eks.module.kms.aws_kms_key.this",
            "module.retail_app_eks.module.kms.aws_kms_replica_external_key.this",
            "module.retail_app_eks.module.kms.aws_kms_replica_key.this",
            "module.retail_app_eks.module.kms.data.aws_caller_identity.current",
            "module.retail_app_eks.module.kms.data.aws_iam_policy_document.this",
            "module.retail_app_eks.module.kms.data.aws_partition.current",
            "module.vpc.aws_subnet.private",
            "module.vpc.aws_vpc.this",
            "module.vpc.aws_vpc_ipv4_cidr_block_association.this",
            "random_string.suffix"
          ]
        }
      ]
    },
    {
      "module": "module.retail_app_eks",
      "mode": "managed",
      "type": "aws_eks_cluster",
      "name": "this",
      "provider": "provider[\"registry.terraform.io/hashicorp/aws\"]",
      "instances": [
        {
          "index_key": 0,
          "schema_version": 1,
          "attributes": {
            "access_config": [
              {
                "authentication_mode": "API_AND_CONFIG_MAP",
                "bootstrap_cluster_creator_admin_permissions": false
              }
            ],
            "arn": "arn:aws:eks:us-west-2:463470973994:cluster/retail-store-hbbr",
            "bootstrap_self_managed_addons": false,
            "certificate_authority": [
              {
                "data": "LS0tLS1CRUdJTiBDRVJUSUZJQ0FURS0tLS0tCk1JSURCVENDQWUyZ0F3SUJBZ0lJZTdkSk01M2VwU2t3RFFZSktvWklodmNOQVFFTEJRQXdGVEVUTUJFR0ExVUUKQXhNS2EzVmlaWEp1WlhSbGN6QWVGdzB5TlRFeU1EY3hOVEUwTlRKYUZ3MHpOVEV5TURVeE5URTVOVEphTUJVeApFekFSQmdOVkJBTVRDbXQxWW1WeWJtVjBaWE13Z2dFaU1BMEdDU3FHU0liM0RRRUJBUVVBQTRJQkR3QXdnZ0VLCkFvSUJBUURPelVXM2FFZGpHc1k0WGU0UFlSOTVGMzlsa2E1NkR3TmhpbW9Ga2RIS25Ob1NVNm9hR0lHUmVVc2kKbmswRDRyMW1Ta3ZUNTZYNUhwQWVoR1c4UmVJYm9YNUJMMlE1SkJjVm90cXdyZjgrZHl5Ky8rK05OdTh6ZFNyawpZeFlod2E3VkQ2MmJJS2IyK1pHL1ZBeWZaT1JXUTVOMVFIZ2hleHE0V2RvSzJoWTBJNjNpYUsybzNPaGtqVkswCjdHRHBlb0trK0JmU3hNOGE3ZFFCRjBGM1JRbTF1RWpFRDJkczFrTEVhVzdzTFBlL0Z0SlZ6Q3ZKTGc4SVJsV2kKL284ZGF0VnU4MFI3aG1tQUFzYVdyZGVsb1JGZEc3MmJuRTAvU01xT3RTYzNnMWxTWmZ4ZjdOY1RxRFMyanAragpqM21RaC92akg2ZUhzSnNENlgrNXVKYjhSOXdGQWdNQkFBR2pXVEJYTUE0R0ExVWREd0VCL3dRRUF3SUNwREFQCkJnTlZIUk1CQWY4RUJUQURBUUgvTUIwR0ExVWREZ1FXQkJTMTBWZHl6UlR1S3lwVWM4ckdBN05Ndm50WVlUQVYKQmdOVkhSRUVEakFNZ2dwcmRXSmxjbTVsZEdWek1BMEdDU3FHU0liM0RRRUJDd1VBQTRJQkFRQUhUTTcrZnF1QwowVWFFVVBKQUtKVGlLdldjdSszNmduaFI5MFFVRnRPV1pFRThaZUlTdmVIRzBjMEVnVGZ2STIweTB6Z09FVHo1CmJ4T3RoQXBhVUthZnVkbk8vdFZkYkZDVzhHYUFZWWlCUktPVkh6Yzl1bUlFL29sOTVEN1hmcUMvV2M1eFBLeEsKT3dFVW1Td1B5cUE2V1VxcGFSK2FYMlMyL0JiZUdqbkVmSEdnSWVVZm5KK3Q5a1F2dERHeFRSNTEzWnloYzJVMgpQa3Y3UTlkamZaaGtQSDk4NEwxSHhlQzBFR2ZHYUluNi9kWEY5RE1ycTJqelFUblFTZmNLcjVMaXBZQ3JJOGJSCnhVM1cvTFRhanNWYXdWc0NHSm82NDZZVVZ5Tm83Q2dvdU5vZ0d6UzJNM2V6cDVBWEVtVjNEM1hiVlpGUy9TK0UKNVQ0amxScnRhSFJyCi0tLS0tRU5EIENFUlRJRklDQVRFLS0tLS0K"
              }
            ],
            "cluster_id": null,
            "compute_config": [
              {
                "enabled": true,
                "node_pools": [
                  "general-purpose"
                ],
                "node_role_arn": "arn:aws:iam::463470973994:role/retail-store-hbbr-eks-auto-20251207151402904200000001"
              }
            ],
            "created_at": "2025-12-07T15:14:27Z",
            "enabled_cluster_log_types": [],
            "encryption_config": [
              {
                "provider": [
                  {
                    "key_arn": "arn:aws:kms:us-west-2:463470973994:key/13f4e074-f41b-409e-89c7-4677c503739f"
                  }
                ],
                "resources": [
                  "secrets"
                ]
              }
            ],
            "endpoint": "https://D712A359A83FDC5BBFB1E623F20D3875.gr7.us-west-2.eks.amazonaws.com",
            "force_update_version": null,
            "id": "retail-store-hbbr",
            "identity": [
              {
                "oidc": [
                  {
                    "issuer": "https://oidc.eks.us-west-2.amazonaws.com/id/D712A359A83FDC5BBFB1E623F20D3875"
                  }
                ]
              }
            ],
            "kubernetes_network_config": [
              {
                "elastic_load_balancing": [
                  {
                    "enabled": true
                  }
                ],
                "ip_family": "ipv4",
                "service_ipv4_cidr": "172.20.0.0/16",
                "service_ipv6_cidr": ""
              }
            ],
            "name": "retail-store-hbbr",
            "outpost_config": [],
            "platform_version": "eks.23",
            "remote_network_config": [],
            "role_arn": "arn:aws:iam::463470973994:role/retail-store-hbbr-cluster-20251207151402906600000003",
            "status": "ACTIVE",
            "storage_config": [
              {
                "block_storage": [
                  {
                    "enabled": true
                  }
                ]
              }
            ],
            "tags": {
              "CreatedBy": "Sameer Varpe",
              "CreatedDate": "2025-12-07",
              "Environment": "dev",
              "ManagedBy": "terraform",
              "Owner": "AIDAWX2IF2QVIXZAVNGYN",
              "Project": "retail-store",
              "terraform-aws-modules": "eks"
            },
            "tags_all": {
              "CreatedBy": "Sameer Varpe",
              "CreatedDate": "2025-12-07",
              "Environment": "dev",
              "ManagedBy": "terraform",
              "Owner": "AIDAWX2IF2QVIXZAVNGYN",
              "Project": "retail-store",
              "terraform-aws-modules": "eks"
            },
            "timeouts": {
              "create": null,
              "delete": null,
              "update": null
            },
            "upgrade_policy": [
              {
                "support_type": "EXTENDED"
              }
            ],
            "version": "1.33",
            "vpc_config": [
              {
                "cluster_security_group_id": "sg-0bcd7fc5602a1ecd8",
                "endpoint_private_access": true,
                "endpoint_public_access": true,
                "public_access_cidrs": [
                  "0.0.0.0/0"
                ],
                "security_group_ids": [
                  "sg-0240f6795b670c7df"
                ],
                "subnet_ids": [
                  "subnet-07682e5a05a8bd158",
                  "subnet-07ef8ecb3592343fb",
                  "subnet-0fc897ff636c46c72"
                ],
                "vpc_id": "vpc-0b5b840c5d2e46a28"
              }
            ],
            "zonal_shift_config": []
          },
          "sensitive_attributes": [],
          "private": "eyJlMmJmYjczMC1lY2FhLTExZTYtOGY4OC0zNDM2M2JjN2M0YzAiOnsiY3JlYXRlIjoxODAwMDAwMDAwMDAwLCJkZWxldGUiOjkwMDAwMDAwMDAwMCwidXBkYXRlIjozNjAwMDAwMDAwMDAwfSwic2NoZW1hX3ZlcnNpb24iOiIxIn0=",
          "dependencies": [
            "data.aws_availability_zones.available",
            "data.aws_caller_identity.current",
            "module.retail_app_eks.aws_cloudwatch_log_group.this",
            "module.retail_app_eks.aws_iam_policy.cni_ipv6_policy",
            "module.retail_app_eks.aws_iam_role.eks_auto",
            "module.retail_app_eks.aws_iam_role.this",
            "module.retail_app_eks.aws_iam_role_policy_attachment.this",
            "module.retail_app_eks.aws_security_group.cluster",
            "module.retail_app_eks.aws_security_group_rule.cluster",
            "module.retail_app_eks.aws_security_group_rule.node",
            "module.retail_app_eks.data.aws_iam_policy_document.assume_role_policy",
            "module.retail_app_eks.data.aws_iam_policy_document.node_assume_role_policy",
            "module.retail_app_eks.data.aws_partition.current",
            "module.retail_app_eks.module.kms.aws_kms_external_key.this",
            "module.retail_app_eks.module.kms.aws_kms_key.this",
            "module.retail_app_eks.module.kms.aws_kms_replica_external_key.this",
            "module.retail_app_eks.module.kms.aws_kms_replica_key.this",
            "module.retail_app_eks.module.kms.data.aws_iam_policy_document.this",
            "module.vpc.aws_subnet.private",
            "module.vpc.aws_vpc.this",
            "module.vpc.aws_vpc_ipv4_cidr_block_association.this",
            "random_string.suffix"
          ]
        }
      ]
    },
    {
      "module": "module.retail_app_eks",
      "mode": "managed",
      "type": "aws_iam_openid_connect_provider",
      "name": "oidc_provider",
      "provider": "provider[\"registry.terraform.io/hashicorp/aws\"]",
      "instances": [
        {
          "index_key": 0,
          "schema_version": 0,
          "attributes": {
            "arn": "arn:aws:iam::463470973994:oidc-provider/oidc.eks.us-west-2.amazonaws.com/id/D712A359A83FDC5BBFB1E623F20D3875",
            "client_id_list": [
              "sts.amazonaws.com"
            ],
            "id": "arn:aws:iam::463470973994:oidc-provider/oidc.eks.us-west-2.amazonaws.com/id/D712A359A83FDC5BBFB1E623F20D3875",
            "tags": {
              "CreatedBy": "Sameer Varpe",
              "CreatedDate": "2025-12-07",
              "Environment": "dev",
              "ManagedBy": "terraform",
              "Name": "retail-store-hbbr-eks-irsa",
              "Owner": "AIDAWX2IF2QVIXZAVNGYN",
              "Project": "retail-store"
            },
            "tags_all": {
              "CreatedBy": "Sameer Varpe",
              "CreatedDate": "2025-12-07",
              "Environment": "dev",
              "ManagedBy": "terraform",
              "Name": "retail-store-hbbr-eks-irsa",
              "Owner": "AIDAWX2IF2QVIXZAVNGYN",
              "Project": "retail-store"
            },
            "thumbprint_list": [
              "06b25927c42a721631c1efd9431e648fa62e1e39"
            ],
            "url": "oidc.eks.us-west-2.amazonaws.com/id/D712A359A83FDC5BBFB1E623F20D3875"
          },
          "sensitive_attributes": [],
          "private": "bnVsbA==",
          "dependencies": [
            "data.aws_availability_zones.available",
            "data.aws_caller_identity.current",
            "module.retail_app_eks.aws_cloudwatch_log_group.this",
            "module.retail_app_eks.aws_eks_cluster.this",
            "module.retail_app_eks.aws_iam_policy.cni_ipv6_policy",
            "module.retail_app_eks.aws_iam_role.eks_auto",
            "module.retail_app_eks.aws_iam_role.this",
            "module.retail_app_eks.aws_iam_role_policy_attachment.this",
            "module.retail_app_eks.aws_security_group.cluster",
            "module.retail_app_eks.aws_security_group_rule.cluster",
            "module.retail_app_eks.aws_security_group_rule.node",
            "module.retail_app_eks.data.aws_iam_policy_document.assume_role_policy",
            "module.retail_app_eks.data.aws_iam_policy_document.node_assume_role_policy",
            "module.retail_app_eks.data.aws_partition.current",
            "module.retail_app_eks.data.tls_certificate.this",
            "module.retail_app_eks.module.kms.aws_kms_external_key.this",
            "module.retail_app_eks.module.kms.aws_kms_key.this",
            "module.retail_app_eks.module.kms.aws_kms_replica_external_key.this",
            "module.retail_app_eks.module.kms.aws_kms_replica_key.this",
            "module.retail_app_eks.module.kms.data.aws_iam_policy_document.this",
            "module.vpc.aws_subnet.private",
            "module.vpc.aws_vpc.this",
            "module.vpc.aws_vpc_ipv4_cidr_block_association.this",
            "random_string.suffix"
          ]
        }
      ]
    },
    {
      "module": "module.retail_app_eks",
      "mode": "managed",
      "type": "aws_iam_policy",
      "name": "cluster_encryption",
      "provider": "provider[\"registry.terraform.io/hashicorp/aws\"]",
      "instances": [
        {
          "index_key": 0,
          "schema_version": 0,
          "attributes": {
            "arn": "arn:aws:iam::463470973994:policy/retail-store-hbbr-cluster-ClusterEncryption2025120715142541570000000e",
            "attachment_count": 1,
            "description": "Cluster encryption policy to allow cluster role to utilize CMK provided",
            "id": "arn:aws:iam::463470973994:policy/retail-store-hbbr-cluster-ClusterEncryption2025120715142541570000000e",
            "name": "retail-store-hbbr-cluster-ClusterEncryption2025120715142541570000000e",
            "name_prefix": "retail-store-hbbr-cluster-ClusterEncryption",
            "path": "/",
            "policy": "{\"Statement\":[{\"Action\":[\"kms:Encrypt\",\"kms:Decrypt\",\"kms:ListGrants\",\"kms:DescribeKey\"],\"Effect\":\"Allow\",\"Resource\":\"arn:aws:kms:us-west-2:463470973994:key/13f4e074-f41b-409e-89c7-4677c503739f\"}],\"Version\":\"2012-10-17\"}",
            "policy_id": "ANPAWX2IF2QVG4UKLE3RJ",
            "tags": {
              "CreatedBy": "Sameer Varpe",
              "CreatedDate": "2025-12-07",
              "Environment": "dev",
              "ManagedBy": "terraform",
              "Owner": "AIDAWX2IF2QVIXZAVNGYN",
              "Project": "retail-store"
            },
            "tags_all": {
              "CreatedBy": "Sameer Varpe",
              "CreatedDate": "2025-12-07",
              "Environment": "dev",
              "ManagedBy": "terraform",
              "Owner": "AIDAWX2IF2QVIXZAVNGYN",
              "Project": "retail-store"
            }
          },
          "sensitive_attributes": [],
          "private": "bnVsbA==",
          "dependencies": [
            "data.aws_caller_identity.current",
            "module.retail_app_eks.module.kms.aws_kms_external_key.this",
            "module.retail_app_eks.module.kms.aws_kms_key.this",
            "module.retail_app_eks.module.kms.aws_kms_replica_external_key.this",
            "module.retail_app_eks.module.kms.aws_kms_replica_key.this",
            "module.retail_app_eks.module.kms.data.aws_iam_policy_document.this",
            "random_string.suffix"
          ]
        }
      ]
    },
    {
      "module": "module.retail_app_eks",
      "mode": "managed",
      "type": "aws_iam_policy",
      "name": "custom",
      "provider": "provider[\"registry.terraform.io/hashicorp/aws\"]",
      "instances": [
        {
          "index_key": 0,
          "schema_version": 0,
          "attributes": {
            "arn": "arn:aws:iam::463470973994:policy/retail-store-hbbr-cluster-20251207151402904900000002",
            "attachment_count": 1,
            "description": "",
            "id": "arn:aws:iam::463470973994:policy/retail-store-hbbr-cluster-20251207151402904900000002",
            "name": "retail-store-hbbr-cluster-20251207151402904900000002",
            "name_prefix": "retail-store-hbbr-cluster-",
            "path": "/",
            "policy": "{\"Statement\":[{\"Action\":[\"ec2:RunInstances\",\"ec2:CreateLaunchTemplate\",\"ec2:CreateFleet\"],\"Condition\":{\"StringEquals\":{\"aws:RequestTag/eks:eks-cluster-name\":\"${aws:PrincipalTag/eks:eks-cluster-name}\"},\"StringLike\":{\"aws:RequestTag/eks:kubernetes-node-class-name\":\"*\",\"aws:RequestTag/eks:kubernetes-node-pool-name\":\"*\"}},\"Effect\":\"Allow\",\"Resource\":\"*\",\"Sid\":\"Compute\"},{\"Action\":[\"ec2:CreateVolume\",\"ec2:CreateSnapshot\"],\"Condition\":{\"StringEquals\":{\"aws:RequestTag/eks:eks-cluster-name\":\"${aws:PrincipalTag/eks:eks-cluster-name}\"}},\"Effect\":\"Allow\",\"Resource\":[\"arn:aws:ec2:*:*:volume/*\",\"arn:aws:ec2:*:*:snapshot/*\"],\"Sid\":\"Storage\"},{\"Action\":\"ec2:CreateNetworkInterface\",\"Condition\":{\"StringEquals\":{\"aws:RequestTag/eks:eks-cluster-name\":\"${aws:PrincipalTag/eks:eks-cluster-name}\",\"aws:RequestTag/eks:kubernetes-cni-node-name\":\"*\"}},\"Effect\":\"Allow\",\"Resource\":\"*\",\"Sid\":\"Networking\"},{\"Action\":[\"elasticloadbalancing:CreateTargetGroup\",\"elasticloadbalancing:CreateRule\",\"elasticloadbalancing:CreateLoadBalancer\",\"elasticloadbalancing:CreateListener\",\"ec2:CreateSecurityGroup\"],\"Condition\":{\"StringEquals\":{\"aws:RequestTag/eks:eks-cluster-name\":\"${aws:PrincipalTag/eks:eks-cluster-name}\"}},\"Effect\":\"Allow\",\"Resource\":\"*\",\"Sid\":\"LoadBalancer\"},{\"Action\":\"shield:CreateProtection\",\"Condition\":{\"StringEquals\":{\"aws:RequestTag/eks:eks-cluster-name\":\"${aws:PrincipalTag/eks:eks-cluster-name}\"}},\"Effect\":\"Allow\",\"Resource\":\"*\",\"Sid\":\"ShieldProtection\"},{\"Action\":\"shield:TagResource\",\"Condition\":{\"StringEquals\":{\"aws:RequestTag/eks:eks-cluster-name\":\"${aws:PrincipalTag/eks:eks-cluster-name}\"}},\"Effect\":\"Allow\",\"Resource\":\"arn:aws:shield::*:protection/*\",\"Sid\":\"ShieldTagResource\"}],\"Version\":\"2012-10-17\"}",
            "policy_id": "ANPAWX2IF2QVJTEJJ5LU2",
            "tags": {
              "CreatedBy": "Sameer Varpe",
              "CreatedDate": "2025-12-07",
              "Environment": "dev",
              "ManagedBy": "terraform",
              "Owner": "AIDAWX2IF2QVIXZAVNGYN",
              "Project": "retail-store"
            },
            "tags_all": {
              "CreatedBy": "Sameer Varpe",
              "CreatedDate": "2025-12-07",
              "Environment": "dev",
              "ManagedBy": "terraform",
              "Owner": "AIDAWX2IF2QVIXZAVNGYN",
              "Project": "retail-store"
            }
          },
          "sensitive_attributes": [],
          "private": "bnVsbA==",
          "dependencies": [
            "data.aws_caller_identity.current",
            "module.retail_app_eks.data.aws_iam_policy_document.custom",
            "random_string.suffix"
          ]
        }
      ]
    },
    {
      "module": "module.retail_app_eks",
      "mode": "managed",
      "type": "aws_iam_role",
      "name": "eks_auto",
      "provider": "provider[\"registry.terraform.io/hashicorp/aws\"]",
      "instances": [
        {
          "index_key": 0,
          "schema_version": 0,
          "attributes": {
            "arn": "arn:aws:iam::463470973994:role/retail-store-hbbr-eks-auto-20251207151402904200000001",
            "assume_role_policy": "{\"Statement\":[{\"Action\":[\"sts:TagSession\",\"sts:AssumeRole\"],\"Effect\":\"Allow\",\"Principal\":{\"Service\":\"ec2.amazonaws.com\"},\"Sid\":\"EKSAutoNodeAssumeRole\"}],\"Version\":\"2012-10-17\"}",
            "create_date": "2025-12-07T15:14:03Z",
            "description": "",
            "force_detach_policies": true,
            "id": "retail-store-hbbr-eks-auto-20251207151402904200000001",
            "inline_policy": [],
            "managed_policy_arns": [
              "arn:aws:iam::aws:policy/AmazonEC2ContainerRegistryPullOnly",
              "arn:aws:iam::aws:policy/AmazonEKSWorkerNodeMinimalPolicy"
            ],
            "max_session_duration": 3600,
            "name": "retail-store-hbbr-eks-auto-20251207151402904200000001",
            "name_prefix": "retail-store-hbbr-eks-auto-",
            "path": "/",
            "permissions_boundary": "",
            "tags": {
              "CreatedBy": "Sameer Varpe",
              "CreatedDate": "2025-12-07",
              "Environment": "dev",
              "ManagedBy": "terraform",
              "Owner": "AIDAWX2IF2QVIXZAVNGYN",
              "Project": "retail-store"
            },
            "tags_all": {
              "CreatedBy": "Sameer Varpe",
              "CreatedDate": "2025-12-07",
              "Environment": "dev",
              "ManagedBy": "terraform",
              "Owner": "AIDAWX2IF2QVIXZAVNGYN",
              "Project": "retail-store"
            },
            "unique_id": "AROAWX2IF2QVLJYK7QSII"
          },
          "sensitive_attributes": [],
          "private": "bnVsbA==",
          "dependencies": [
            "data.aws_caller_identity.current",
            "module.retail_app_eks.data.aws_iam_policy_document.node_assume_role_policy",
            "random_string.suffix"
          ]
        }
      ]
    },
    {
      "module": "module.retail_app_eks",
      "mode": "managed",
      "type": "aws_iam_role",
      "name": "this",
      "provider": "provider[\"registry.terraform.io/hashicorp/aws\"]",
      "instances": [
        {
          "index_key": 0,
          "schema_version": 0,
          "attributes": {
            "arn": "arn:aws:iam::463470973994:role/retail-store-hbbr-cluster-20251207151402906600000003",
            "assume_role_policy": "{\"Statement\":[{\"Action\":[\"sts:TagSession\",\"sts:AssumeRole\"],\"Effect\":\"Allow\",\"Principal\":{\"Service\":\"eks.amazonaws.com\"},\"Sid\":\"EKSClusterAssumeRole\"}],\"Version\":\"2012-10-17\"}",
            "create_date": "2025-12-07T15:14:03Z",
            "description": "",
            "force_detach_policies": true,
            "id": "retail-store-hbbr-cluster-20251207151402906600000003",
            "inline_policy": [],
            "managed_policy_arns": [
              "arn:aws:iam::463470973994:policy/retail-store-hbbr-cluster-20251207151402904900000002",
              "arn:aws:iam::463470973994:policy/retail-store-hbbr-cluster-ClusterEncryption2025120715142541570000000e",
              "arn:aws:iam::aws:policy/AmazonEKSBlockStoragePolicy",
              "arn:aws:iam::aws:policy/AmazonEKSClusterPolicy",
              "arn:aws:iam::aws:policy/AmazonEKSComputePolicy",
              "arn:aws:iam::aws:policy/AmazonEKSLoadBalancingPolicy",
              "arn:aws:iam::aws:policy/AmazonEKSNetworkingPolicy"
            ],
            "max_session_duration": 3600,
            "name": "retail-store-hbbr-cluster-20251207151402906600000003",
            "name_prefix": "retail-store-hbbr-cluster-",
            "path": "/",
            "permissions_boundary": "",
            "tags": {
              "CreatedBy": "Sameer Varpe",
              "CreatedDate": "2025-12-07",
              "Environment": "dev",
              "ManagedBy": "terraform",
              "Owner": "AIDAWX2IF2QVIXZAVNGYN",
              "Project": "retail-store"
            },
            "tags_all": {
              "CreatedBy": "Sameer Varpe",
              "CreatedDate": "2025-12-07",
              "Environment": "dev",
              "ManagedBy": "terraform",
              "Owner": "AIDAWX2IF2QVIXZAVNGYN",
              "Project": "retail-store"
            },
            "unique_id": "AROAWX2IF2QVKXZ2VQ5XE"
          },
          "sensitive_attributes": [],
          "private": "bnVsbA==",
          "dependencies": [
            "data.aws_caller_identity.current",
            "module.retail_app_eks.data.aws_iam_policy_document.assume_role_policy",
            "random_string.suffix"
          ]
        }
      ]
    },
    {
      "module": "module.retail_app_eks",
      "mode": "managed",
      "type": "aws_iam_role_policy_attachment",
      "name": "cluster_encryption",
      "provider": "provider[\"registry.terraform.io/hashicorp/aws\"]",
      "instances": [
        {
          "index_key": 0,
          "schema_version": 0,
          "attributes": {
            "id": "retail-store-hbbr-cluster-20251207151402906600000003-2025120715142570360000000f",
            "policy_arn": "arn:aws:iam::463470973994:policy/retail-store-hbbr-cluster-ClusterEncryption2025120715142541570000000e",
            "role": "retail-store-hbbr-cluster-20251207151402906600000003"
          },
          "sensitive_attributes": [],
          "private": "bnVsbA==",
          "dependencies": [
            "data.aws_caller_identity.current",
            "module.retail_app_eks.aws_iam_policy.cluster_encryption",
            "module.retail_app_eks.aws_iam_role.this",
            "module.retail_app_eks.data.aws_caller_identity.current",
            "module.retail_app_eks.data.aws_iam_policy_document.assume_role_policy",
            "module.retail_app_eks.data.aws_iam_session_context.current",
            "module.retail_app_eks.module.kms.aws_kms_external_key.this",
            "module.retail_app_eks.module.kms.aws_kms_key.this",
            "module.retail_app_eks.module.kms.aws_kms_replica_external_key.this",
            "module.retail_app_eks.module.kms.aws_kms_replica_key.this",
            "module.retail_app_eks.module.kms.data.aws_caller_identity.current",
            "module.retail_app_eks.module.kms.data.aws_iam_policy_document.this",
            "module.retail_app_eks.module.kms.data.aws_partition.current",
            "random_string.suffix"
          ]
        }
      ]
    },
    {
      "module": "module.retail_app_eks",
      "mode": "managed",
      "type": "aws_iam_role_policy_attachment",
      "name": "custom",
      "provider": "provider[\"registry.terraform.io/hashicorp/aws\"]",
      "instances": [
        {
          "index_key": 0,
          "schema_version": 0,
          "attributes": {
            "id": "retail-store-hbbr-cluster-20251207151402906600000003-2025120715140356870000000d",
            "policy_arn": "arn:aws:iam::463470973994:policy/retail-store-hbbr-cluster-20251207151402904900000002",
            "role": "retail-store-hbbr-cluster-20251207151402906600000003"
          },
          "sensitive_attributes": [],
          "private": "bnVsbA==",
          "dependencies": [
            "data.aws_caller_identity.current",
            "module.retail_app_eks.aws_iam_policy.custom",
            "module.retail_app_eks.aws_iam_role.this",
            "module.retail_app_eks.data.aws_iam_policy_document.assume_role_policy",
            "module.retail_app_eks.data.aws_iam_policy_document.custom",
            "module.retail_app_eks.data.aws_partition.current",
            "random_string.suffix"
          ]
        }
      ]
    },
    {
      "module": "module.retail_app_eks",
      "mode": "managed",
      "type": "aws_iam_role_policy_attachment",
      "name": "eks_auto",
      "provider": "provider[\"registry.terraform.io/hashicorp/aws\"]",
      "instances": [
        {
          "index_key": "AmazonEC2ContainerRegistryPullOnly",
          "schema_version": 0,
          "attributes": {
            "id": "retail-store-hbbr-eks-auto-20251207151402904200000001-2025120715140348380000000a",
            "policy_arn": "arn:aws:iam::aws:policy/AmazonEC2ContainerRegistryPullOnly",
            "role": "retail-store-hbbr-eks-auto-20251207151402904200000001"
          },
          "sensitive_attributes": [],
          "private": "bnVsbA==",
          "dependencies": [
            "data.aws_caller_identity.current",
            "module.retail_app_eks.aws_iam_role.eks_auto",
            "module.retail_app_eks.data.aws_iam_policy_document.node_assume_role_policy",
            "module.retail_app_eks.data.aws_partition.current",
            "random_string.suffix"
          ]
        },
        {
          "index_key": "AmazonEKSWorkerNodeMinimalPolicy",
          "schema_version": 0,
          "attributes": {
            "id": "retail-store-hbbr-eks-auto-20251207151402904200000001-20251207151403475100000009",
            "policy_arn": "arn:aws:iam::aws:policy/AmazonEKSWorkerNodeMinimalPolicy",
            "role": "retail-store-hbbr-eks-auto-20251207151402904200000001"
          },
          "sensitive_attributes": [],
          "private": "bnVsbA==",
          "dependencies": [
            "data.aws_caller_identity.current",
            "module.retail_app_eks.aws_iam_role.eks_auto",
            "module.retail_app_eks.data.aws_iam_policy_document.node_assume_role_policy",
            "module.retail_app_eks.data.aws_partition.current",
            "random_string.suffix"
          ]
        }
      ]
    },
    {
      "module": "module.retail_app_eks",
      "mode": "managed",
      "type": "aws_iam_role_policy_attachment",
      "name": "this",
      "provider": "provider[\"registry.terraform.io/hashicorp/aws\"]",
      "instances": [
        {
          "index_key": "AmazonEKSBlockStoragePolicy",
          "schema_version": 0,
          "attributes": {
            "id": "retail-store-hbbr-cluster-20251207151402906600000003-2025120715140352150000000c",
            "policy_arn": "arn:aws:iam::aws:policy/AmazonEKSBlockStoragePolicy",
            "role": "retail-store-hbbr-cluster-20251207151402906600000003"
          },
          "sensitive_attributes": [],
          "private": "bnVsbA==",
          "dependencies": [
            "data.aws_caller_identity.current",
            "module.retail_app_eks.aws_iam_role.this",
            "module.retail_app_eks.data.aws_iam_policy_document.assume_role_policy",
            "module.retail_app_eks.data.aws_partition.current",
            "random_string.suffix"
          ],
          "create_before_destroy": true
        },
        {
          "index_key": "AmazonEKSClusterPolicy",
          "schema_version": 0,
          "attributes": {
            "id": "retail-store-hbbr-cluster-20251207151402906600000003-20251207151403429500000008",
            "policy_arn": "arn:aws:iam::aws:policy/AmazonEKSClusterPolicy",
            "role": "retail-store-hbbr-cluster-20251207151402906600000003"
          },
          "sensitive_attributes": [],
          "private": "bnVsbA==",
          "dependencies": [
            "data.aws_caller_identity.current",
            "module.retail_app_eks.aws_iam_role.this",
            "module.retail_app_eks.data.aws_iam_policy_document.assume_role_policy",
            "module.retail_app_eks.data.aws_partition.current",
            "random_string.suffix"
          ],
          "create_before_destroy": true
        },
        {
          "index_key": "AmazonEKSComputePolicy",
          "schema_version": 0,
          "attributes": {
            "id": "retail-store-hbbr-cluster-20251207151402906600000003-20251207151403411300000006",
            "policy_arn": "arn:aws:iam::aws:policy/AmazonEKSComputePolicy",
            "role": "retail-store-hbbr-cluster-20251207151402906600000003"
          },
          "sensitive_attributes": [],
          "private": "bnVsbA==",
          "dependencies": [
            "data.aws_caller_identity.current",
            "module.retail_app_eks.aws_iam_role.this",
            "module.retail_app_eks.data.aws_iam_policy_document.assume_role_policy",
            "module.retail_app_eks.data.aws_partition.current",
            "random_string.suffix"
          ],
          "create_before_destroy": true
        },
        {
          "index_key": "AmazonEKSLoadBalancingPolicy",
          "schema_version": 0,
          "attributes": {
            "id": "retail-store-hbbr-cluster-20251207151402906600000003-2025120715140348770000000b",
            "policy_arn": "arn:aws:iam::aws:policy/AmazonEKSLoadBalancingPolicy",
            "role": "retail-store-hbbr-cluster-20251207151402906600000003"
          },
          "sensitive_attributes": [],
          "private": "bnVsbA==",
          "dependencies": [
            "data.aws_caller_identity.current",
            "module.retail_app_eks.aws_iam_role.this",
            "module.retail_app_eks.data.aws_iam_policy_document.assume_role_policy",
            "module.retail_app_eks.data.aws_partition.current",
            "random_string.suffix"
          ],
          "create_before_destroy": true
        },
        {
          "index_key": "AmazonEKSNetworkingPolicy",
          "schema_version": 0,
          "attributes": {
            "id": "retail-store-hbbr-cluster-20251207151402906600000003-20251207151403419600000007",
            "policy_arn": "arn:aws:iam::aws:policy/AmazonEKSNetworkingPolicy",
            "role": "retail-store-hbbr-cluster-20251207151402906600000003"
          },
          "sensitive_attributes": [],
          "private": "bnVsbA==",
          "dependencies": [
            "data.aws_caller_identity.current",
            "module.retail_app_eks.aws_iam_role.this",
            "module.retail_app_eks.data.aws_iam_policy_document.assume_role_policy",
            "module.retail_app_eks.data.aws_partition.current",
            "random_string.suffix"
          ],
          "create_before_destroy": true
        }
      ]
    },
    {
      "module": "module.retail_app_eks",
      "mode": "managed",
      "type": "aws_security_group",
      "name": "cluster",
      "provider": "provider[\"registry.terraform.io/hashicorp/aws\"]",
      "instances": [
        {
          "index_key": 0,
          "schema_version": 1,
          "attributes": {
            "arn": "arn:aws:ec2:us-west-2:463470973994:security-group/sg-0240f6795b670c7df",
            "description": "EKS cluster security group",
            "egress": [],
            "id": "sg-0240f6795b670c7df",
            "ingress": [
              {
                "cidr_blocks": [
                  "0.0.0.0/0"
                ],
                "description": "Allow HTTP traffic from internet to LoadBalancer",
                "from_port": 80,
                "ipv6_cidr_blocks": [],
                "prefix_list_ids": [],
                "protocol": "tcp",
                "security_groups": [],
                "self": false,
                "to_port": 80
              },
              {
                "cidr_blocks": [
                  "0.0.0.0/0"
                ],
                "description": "Allow HTTPS traffic from internet to LoadBalancer",
                "from_port": 443,
                "ipv6_cidr_blocks": [],
                "prefix_list_ids": [],
                "protocol": "tcp",
                "security_groups": [],
                "self": false,
                "to_port": 443
              },
              {
                "cidr_blocks": [
                  "10.0.0.0/16"
                ],
                "description": "Allow AWS health checks to LoadBalancer",
                "from_port": 10254,
                "ipv6_cidr_blocks": [],
                "prefix_list_ids": [],
                "protocol": "tcp",
                "security_groups": [],
                "self": false,
                "to_port": 10254
              },
              {
                "cidr_blocks": [
                  "10.0.0.0/16"
                ],
                "description": "Allow NodePort access within VPC",
                "from_port": 30000,
                "ipv6_cidr_blocks": [],
                "prefix_list_ids": [],
                "protocol": "tcp",
                "security_groups": [],
                "self": false,
                "to_port": 32767
              },
              {
                "cidr_blocks": [],
                "description": "Node groups to cluster API",
                "from_port": 443,
                "ipv6_cidr_blocks": [],
                "prefix_list_ids": [],
                "protocol": "tcp",
                "security_groups": [
                  "sg-0a32a205b0c7de6a8"
                ],
                "self": false,
                "to_port": 443
              }
            ],
            "name": "retail-store-hbbr-cluster-20251207151402909400000005",
            "name_prefix": "retail-store-hbbr-cluster-",
            "owner_id": "463470973994",
            "revoke_rules_on_delete": false,
            "tags": {
              "CreatedBy": "Sameer Varpe",
              "CreatedDate": "2025-12-07",
              "Environment": "dev",
              "ManagedBy": "terraform",
              "Name": "retail-store-hbbr-cluster",
              "Owner": "AIDAWX2IF2QVIXZAVNGYN",
              "Project": "retail-store"
            },
            "tags_all": {
              "CreatedBy": "Sameer Varpe",
              "CreatedDate": "2025-12-07",
              "Environment": "dev",
              "ManagedBy": "terraform",
              "Name": "retail-store-hbbr-cluster",
              "Owner": "AIDAWX2IF2QVIXZAVNGYN",
              "Project": "retail-store"
            },
            "timeouts": null,
            "vpc_id": "vpc-0b5b840c5d2e46a28"
          },
          "sensitive_attributes": [],
          "private": "eyJlMmJmYjczMC1lY2FhLTExZTYtOGY4OC0zNDM2M2JjN2M0YzAiOnsiY3JlYXRlIjo2MDAwMDAwMDAwMDAsImRlbGV0ZSI6OTAwMDAwMDAwMDAwfSwic2NoZW1hX3ZlcnNpb24iOiIxIn0=",
          "dependencies": [
            "data.aws_caller_identity.current",
            "module.vpc.aws_vpc.this",
            "random_string.suffix"
          ],
          "create_before_destroy": true
        }
      ]
    },
    {
      "module": "module.retail_app_eks",
      "mode": "managed",
      "type": "aws_security_group",
      "name": "node",
      "provider": "provider[\"registry.terraform.io/hashicorp/aws\"]",
      "instances": [
        {
          "index_key": 0,
          "schema_version": 1,
          "attributes": {
            "arn": "arn:aws:ec2:us-west-2:463470973994:security-group/sg-0a32a205b0c7de6a8",
            "description": "EKS node shared security group",
            "egress": [
              {
                "cidr_blocks": [
                  "0.0.0.0/0"
                ],
                "description": "Allow all egress",
                "from_port": 0,
                "ipv6_cidr_blocks": [],
                "prefix_list_ids": [],
                "protocol": "-1",
                "security_groups": [],
                "self": false,
                "to_port": 0
              }
            ],
            "id": "sg-0a32a205b0c7de6a8",
            "ingress": [
              {
                "cidr_blocks": [],
                "description": "Cluster API to node 4443/tcp webhook",
                "from_port": 4443,
                "ipv6_cidr_blocks": [],
                "prefix_list_ids": [],
                "protocol": "tcp",
                "security_groups": [
                  "sg-0240f6795b670c7df"
                ],
                "self": false,
                "to_port": 4443
              },
              {
                "cidr_blocks": [],
                "description": "Cluster API to node 6443/tcp webhook",
                "from_port": 6443,
                "ipv6_cidr_blocks": [],
                "prefix_list_ids": [],
                "protocol": "tcp",
                "security_groups": [
                  "sg-0240f6795b670c7df"
                ],
                "self": false,
                "to_port": 6443
              },
              {
                "cidr_blocks": [],
                "description": "Cluster API to node 8443/tcp webhook",
                "from_port": 8443,
                "ipv6_cidr_blocks": [],
                "prefix_list_ids": [],
                "protocol": "tcp",
                "security_groups": [
                  "sg-0240f6795b670c7df"
                ],
                "self": false,
                "to_port": 8443
              },
              {
                "cidr_blocks": [],
                "description": "Cluster API to node 9443/tcp webhook",
                "from_port": 9443,
                "ipv6_cidr_blocks": [],
                "prefix_list_ids": [],
                "protocol": "tcp",
                "security_groups": [
                  "sg-0240f6795b670c7df"
                ],
                "self": false,
                "to_port": 9443
              },
              {
                "cidr_blocks": [],
                "description": "Cluster API to node groups",
                "from_port": 443,
                "ipv6_cidr_blocks": [],
                "prefix_list_ids": [],
                "protocol": "tcp",
                "security_groups": [
                  "sg-0240f6795b670c7df"
                ],
                "self": false,
                "to_port": 443
              },
              {
                "cidr_blocks": [],
                "description": "Cluster API to node kubelets",
                "from_port": 10250,
                "ipv6_cidr_blocks": [],
                "prefix_list_ids": [],
                "protocol": "tcp",
                "security_groups": [
                  "sg-0240f6795b670c7df"
                ],
                "self": false,
                "to_port": 10250
              },
              {
                "cidr_blocks": [],
                "description": "Node to node CoreDNS UDP",
                "from_port": 53,
                "ipv6_cidr_blocks": [],
                "prefix_list_ids": [],
                "protocol": "udp",
                "security_groups": [],
                "self": true,
                "to_port": 53
              },
              {
                "cidr_blocks": [],
                "description": "Node to node CoreDNS",
                "from_port": 53,
                "ipv6_cidr_blocks": [],
                "prefix_list_ids": [],
                "protocol": "tcp",
                "security_groups": [],
                "self": true,
                "to_port": 53
              },
              {
                "cidr_blocks": [],
                "description": "Node to node ingress on ephemeral ports",
                "from_port": 1025,
                "ipv6_cidr_blocks": [],
                "prefix_list_ids": [],
                "protocol": "tcp",
                "security_groups": [],
                "self": true,
                "to_port": 65535
              }
            ],
            "name": "retail-store-hbbr-node-20251207151402908900000004",
            "name_prefix": "retail-store-hbbr-node-",
            "owner_id": "463470973994",
            "revoke_rules_on_delete": false,
            "tags": {
              "CreatedBy": "Sameer Varpe",
              "CreatedDate": "2025-12-07",
              "Environment": "dev",
              "ManagedBy": "terraform",
              "Name": "retail-store-hbbr-node",
              "Owner": "AIDAWX2IF2QVIXZAVNGYN",
              "Project": "retail-store",
              "kubernetes.io/cluster/retail-store-hbbr": "owned"
            },
            "tags_all": {
              "CreatedBy": "Sameer Varpe",
              "CreatedDate": "2025-12-07",
              "Environment": "dev",
              "ManagedBy": "terraform",
              "Name": "retail-store-hbbr-node",
              "Owner": "AIDAWX2IF2QVIXZAVNGYN",
              "Project": "retail-store",
              "kubernetes.io/cluster/retail-store-hbbr": "owned"
            },
            "timeouts": null,
            "vpc_id": "vpc-0b5b840c5d2e46a28"
          },
          "sensitive_attributes": [],
          "private": "eyJlMmJmYjczMC1lY2FhLTExZTYtOGY4OC0zNDM2M2JjN2M0YzAiOnsiY3JlYXRlIjo2MDAwMDAwMDAwMDAsImRlbGV0ZSI6OTAwMDAwMDAwMDAwfSwic2NoZW1hX3ZlcnNpb24iOiIxIn0=",
          "dependencies": [
            "data.aws_caller_identity.current",
            "module.vpc.aws_vpc.this",
            "random_string.suffix"
          ],
          "create_before_destroy": true
        }
      ]
    },
    {
      "module": "module.retail_app_eks",
      "mode": "managed",
      "type": "aws_security_group_rule",
      "name": "cluster",
      "provider": "provider[\"registry.terraform.io/hashicorp/aws\"]",
      "instances": [
        {
          "index_key": "ingress_nodes_443",
          "schema_version": 2,
          "attributes": {
            "cidr_blocks": null,
            "description": "Node groups to cluster API",
            "from_port": 443,
            "id": "sgrule-2093813501",
            "ipv6_cidr_blocks": null,
            "prefix_list_ids": null,
            "protocol": "tcp",
            "security_group_id": "sg-0240f6795b670c7df",
            "security_group_rule_id": "sgr-07cfc3bff6acaafbf",
            "self": false,
            "source_security_group_id": "sg-0a32a205b0c7de6a8",
            "timeouts": null,
            "to_port": 443,
            "type": "ingress"
          },
          "sensitive_attributes": [],
          "private": "eyJlMmJmYjczMC1lY2FhLTExZTYtOGY4OC0zNDM2M2JjN2M0YzAiOnsiY3JlYXRlIjozMDAwMDAwMDAwMDB9LCJzY2hlbWFfdmVyc2lvbiI6IjIifQ==",
          "dependencies": [
            "data.aws_caller_identity.current",
            "module.retail_app_eks.aws_security_group.cluster",
            "module.retail_app_eks.aws_security_group.node",
            "module.vpc.aws_vpc.this",
            "random_string.suffix"
          ],
          "create_before_destroy": true
        }
      ]
    },
    {
      "module": "module.retail_app_eks",
      "mode": "managed",
      "type": "aws_security_group_rule",
      "name": "node",
      "provider": "provider[\"registry.terraform.io/hashicorp/aws\"]",
      "instances": [
        {
          "index_key": "egress_all",
          "schema_version": 2,
          "attributes": {
            "cidr_blocks": [
              "0.0.0.0/0"
            ],
            "description": "Allow all egress",
            "from_port": 0,
            "id": "sgrule-3947211553",
            "ipv6_cidr_blocks": null,
            "prefix_list_ids": [],
            "protocol": "-1",
            "security_group_id": "sg-0a32a205b0c7de6a8",
            "security_group_rule_id": "sgr-037a2635187afef74",
            "self": false,
            "source_security_group_id": null,
            "timeouts": null,
            "to_port": 0,
            "type": "egress"
          },
          "sensitive_attributes": [],
          "private": "eyJlMmJmYjczMC1lY2FhLTExZTYtOGY4OC0zNDM2M2JjN2M0YzAiOnsiY3JlYXRlIjozMDAwMDAwMDAwMDB9LCJzY2hlbWFfdmVyc2lvbiI6IjIifQ==",
          "dependencies": [
            "data.aws_caller_identity.current",
            "module.retail_app_eks.aws_security_group.cluster",
            "module.retail_app_eks.aws_security_group.node",
            "module.vpc.aws_vpc.this",
            "random_string.suffix"
          ],
          "create_before_destroy": true
        },
        {
          "index_key": "ingress_cluster_443",
          "schema_version": 2,
          "attributes": {
            "cidr_blocks": null,
            "description": "Cluster API to node groups",
            "from_port": 443,
            "id": "sgrule-616393219",
            "ipv6_cidr_blocks": null,
            "prefix_list_ids": [],
            "protocol": "tcp",
            "security_group_id": "sg-0a32a205b0c7de6a8",
            "security_group_rule_id": "sgr-0e1e9489f3afa60f7",
            "self": false,
            "source_security_group_id": "sg-0240f6795b670c7df",
            "timeouts": null,
            "to_port": 443,
            "type": "ingress"
          },
          "sensitive_attributes": [],
          "private": "eyJlMmJmYjczMC1lY2FhLTExZTYtOGY4OC0zNDM2M2JjN2M0YzAiOnsiY3JlYXRlIjozMDAwMDAwMDAwMDB9LCJzY2hlbWFfdmVyc2lvbiI6IjIifQ==",
          "dependencies": [
            "data.aws_caller_identity.current",
            "module.retail_app_eks.aws_security_group.cluster",
            "module.retail_app_eks.aws_security_group.node",
            "module.vpc.aws_vpc.this",
            "random_string.suffix"
          ],
          "create_before_destroy": true
        },
        {
          "index_key": "ingress_cluster_4443_webhook",
          "schema_version": 2,
          "attributes": {
            "cidr_blocks": null,
            "description": "Cluster API to node 4443/tcp webhook",
            "from_port": 4443,
            "id": "sgrule-3240262576",
            "ipv6_cidr_blocks": null,
            "prefix_list_ids": [],
            "protocol": "tcp",
            "security_group_id": "sg-0a32a205b0c7de6a8",
            "security_group_rule_id": "sgr-048c621884f2ebb15",
            "self": false,
            "source_security_group_id": "sg-0240f6795b670c7df",
            "timeouts": null,
            "to_port": 4443,
            "type": "ingress"
          },
          "sensitive_attributes": [],
          "private": "eyJlMmJmYjczMC1lY2FhLTExZTYtOGY4OC0zNDM2M2JjN2M0YzAiOnsiY3JlYXRlIjozMDAwMDAwMDAwMDB9LCJzY2hlbWFfdmVyc2lvbiI6IjIifQ==",
          "dependencies": [
            "data.aws_caller_identity.current",
            "module.retail_app_eks.aws_security_group.cluster",
            "module.retail_app_eks.aws_security_group.node",
            "module.vpc.aws_vpc.this",
            "random_string.suffix"
          ],
          "create_before_destroy": true
        },
        {
          "index_key": "ingress_cluster_6443_webhook",
          "schema_version": 2,
          "attributes": {
            "cidr_blocks": null,
            "description": "Cluster API to node 6443/tcp webhook",
            "from_port": 6443,
            "id": "sgrule-140516390",
            "ipv6_cidr_blocks": null,
            "prefix_list_ids": [],
            "protocol": "tcp",
            "security_group_id": "sg-0a32a205b0c7de6a8",
            "security_group_rule_id": "sgr-0cfd47acfd26ed5ca",
            "self": false,
            "source_security_group_id": "sg-0240f6795b670c7df",
            "timeouts": null,
            "to_port": 6443,
            "type": "ingress"
          },
          "sensitive_attributes": [],
          "private": "eyJlMmJmYjczMC1lY2FhLTExZTYtOGY4OC0zNDM2M2JjN2M0YzAiOnsiY3JlYXRlIjozMDAwMDAwMDAwMDB9LCJzY2hlbWFfdmVyc2lvbiI6IjIifQ==",
          "dependencies": [
            "data.aws_caller_identity.current",
            "module.retail_app_eks.aws_security_group.cluster",
            "module.retail_app_eks.aws_security_group.node",
            "module.vpc.aws_vpc.this",
            "random_string.suffix"
          ],
          "create_before_destroy": true
        },
        {
          "index_key": "ingress_cluster_8443_webhook",
          "schema_version": 2,
          "attributes": {
            "cidr_blocks": null,
            "description": "Cluster API to node 8443/tcp webhook",
            "from_port": 8443,
            "id": "sgrule-456925191",
            "ipv6_cidr_blocks": null,
            "prefix_list_ids": [],
            "protocol": "tcp",
            "security_group_id": "sg-0a32a205b0c7de6a8",
            "security_group_rule_id": "sgr-08c447aa1f08a501f",
            "self": false,
            "source_security_group_id": "sg-0240f6795b670c7df",
            "timeouts": null,
            "to_port": 8443,
            "type": "ingress"
          },
          "sensitive_attributes": [],
          "private": "eyJlMmJmYjczMC1lY2FhLTExZTYtOGY4OC0zNDM2M2JjN2M0YzAiOnsiY3JlYXRlIjozMDAwMDAwMDAwMDB9LCJzY2hlbWFfdmVyc2lvbiI6IjIifQ==",
          "dependencies": [
            "data.aws_caller_identity.current",
            "module.retail_app_eks.aws_security_group.cluster",
            "module.retail_app_eks.aws_security_group.node",
            "module.vpc.aws_vpc.this",
            "random_string.suffix"
          ],
          "create_before_destroy": true
        },
        {
          "index_key": "ingress_cluster_9443_webhook",
          "schema_version": 2,
          "attributes": {
            "cidr_blocks": null,
            "description": "Cluster API to node 9443/tcp webhook",
            "from_port": 9443,
            "id": "sgrule-2141000652",
            "ipv6_cidr_blocks": null,
            "prefix_list_ids": [],
            "protocol": "tcp",
            "security_group_id": "sg-0a32a205b0c7de6a8",
            "security_group_rule_id": "sgr-091537beebce7c22e",
            "self": false,
            "source_security_group_id": "sg-0240f6795b670c7df",
            "timeouts": null,
            "to_port": 9443,
            "type": "ingress"
          },
          "sensitive_attributes": [],
          "private": "eyJlMmJmYjczMC1lY2FhLTExZTYtOGY4OC0zNDM2M2JjN2M0YzAiOnsiY3JlYXRlIjozMDAwMDAwMDAwMDB9LCJzY2hlbWFfdmVyc2lvbiI6IjIifQ==",
          "dependencies": [
            "data.aws_caller_identity.current",
            "module.retail_app_eks.aws_security_group.cluster",
            "module.retail_app_eks.aws_security_group.node",
            "module.vpc.aws_vpc.this",
            "random_string.suffix"
          ],
          "create_before_destroy": true
        },
        {
          "index_key": "ingress_cluster_kubelet",
          "schema_version": 2,
          "attributes": {
            "cidr_blocks": null,
            "description": "Cluster API to node kubelets",
            "from_port": 10250,
            "id": "sgrule-3743192104",
            "ipv6_cidr_blocks": null,
            "prefix_list_ids": [],
            "protocol": "tcp",
            "security_group_id": "sg-0a32a205b0c7de6a8",
            "security_group_rule_id": "sgr-0b1d119a45fb9e44a",
            "self": false,
            "source_security_group_id": "sg-0240f6795b670c7df",
            "timeouts": null,
            "to_port": 10250,
            "type": "ingress"
          },
          "sensitive_attributes": [],
          "private": "eyJlMmJmYjczMC1lY2FhLTExZTYtOGY4OC0zNDM2M2JjN2M0YzAiOnsiY3JlYXRlIjozMDAwMDAwMDAwMDB9LCJzY2hlbWFfdmVyc2lvbiI6IjIifQ==",
          "dependencies": [
            "data.aws_caller_identity.current",
            "module.retail_app_eks.aws_security_group.cluster",
            "module.retail_app_eks.aws_security_group.node",
            "module.vpc.aws_vpc.this",
            "random_string.suffix"
          ],
          "create_before_destroy": true
        },
        {
          "index_key": "ingress_nodes_ephemeral",
          "schema_version": 2,
          "attributes": {
            "cidr_blocks": null,
            "description": "Node to node ingress on ephemeral ports",
            "from_port": 1025,
            "id": "sgrule-2662838034",
            "ipv6_cidr_blocks": null,
            "prefix_list_ids": [],
            "protocol": "tcp",
            "security_group_id": "sg-0a32a205b0c7de6a8",
            "security_group_rule_id": "sgr-0e60f4856b0c986a5",
            "self": true,
            "source_security_group_id": null,
            "timeouts": null,
            "to_port": 65535,
            "type": "ingress"
          },
          "sensitive_attributes": [],
          "private": "eyJlMmJmYjczMC1lY2FhLTExZTYtOGY4OC0zNDM2M2JjN2M0YzAiOnsiY3JlYXRlIjozMDAwMDAwMDAwMDB9LCJzY2hlbWFfdmVyc2lvbiI6IjIifQ==",
          "dependencies": [
            "data.aws_caller_identity.current",
            "module.retail_app_eks.aws_security_group.cluster",
            "module.retail_app_eks.aws_security_group.node",
            "module.vpc.aws_vpc.this",
            "random_string.suffix"
          ],
          "create_before_destroy": true
        },
        {
          "index_key": "ingress_self_coredns_tcp",
          "schema_version": 2,
          "attributes": {
            "cidr_blocks": null,
            "description": "Node to node CoreDNS",
            "from_port": 53,
            "id": "sgrule-1464431916",
            "ipv6_cidr_blocks": null,
            "prefix_list_ids": [],
            "protocol": "tcp",
            "security_group_id": "sg-0a32a205b0c7de6a8",
            "security_group_rule_id": "sgr-0701709d5646f9227",
            "self": true,
            "source_security_group_id": null,
            "timeouts": null,
            "to_port": 53,
            "type": "ingress"
          },
          "sensitive_attributes": [],
          "private": "eyJlMmJmYjczMC1lY2FhLTExZTYtOGY4OC0zNDM2M2JjN2M0YzAiOnsiY3JlYXRlIjozMDAwMDAwMDAwMDB9LCJzY2hlbWFfdmVyc2lvbiI6IjIifQ==",
          "dependencies": [
            "data.aws_caller_identity.current",
            "module.retail_app_eks.aws_security_group.cluster",
            "module.retail_app_eks.aws_security_group.node",
            "module.vpc.aws_vpc.this",
            "random_string.suffix"
          ],
          "create_before_destroy": true
        },
        {
          "index_key": "ingress_self_coredns_udp",
          "schema_version": 2,
          "attributes": {
            "cidr_blocks": null,
            "description": "Node to node CoreDNS UDP",
            "from_port": 53,
            "id": "sgrule-4078360259",
            "ipv6_cidr_blocks": null,
            "prefix_list_ids": [],
            "protocol": "udp",
            "security_group_id": "sg-0a32a205b0c7de6a8",
            "security_group_rule_id": "sgr-0539862bc7bfbe530",
            "self": true,
            "source_security_group_id": null,
            "timeouts": null,
            "to_port": 53,
            "type": "ingress"
          },
          "sensitive_attributes": [],
          "private": "eyJlMmJmYjczMC1lY2FhLTExZTYtOGY4OC0zNDM2M2JjN2M0YzAiOnsiY3JlYXRlIjozMDAwMDAwMDAwMDB9LCJzY2hlbWFfdmVyc2lvbiI6IjIifQ==",
          "dependencies": [
            "data.aws_caller_identity.current",
            "module.retail_app_eks.aws_security_group.cluster",
            "module.retail_app_eks.aws_security_group.node",
            "module.vpc.aws_vpc.this",
            "random_string.suffix"
          ],
          "create_before_destroy": true
        }
      ]
    },
    {
      "module": "module.retail_app_eks",
      "mode": "managed",
      "type": "time_sleep",
      "name": "this",
      "provider": "provider[\"registry.terraform.io/hashicorp/time\"]",
      "instances": [
        {
          "index_key": 0,
          "schema_version": 0,
          "attributes": {
            "create_duration": "30s",
            "destroy_duration": null,
            "id": "2025-12-07T15:26:15Z",
            "triggers": {
              "cluster_certificate_authority_data": "LS0tLS1CRUdJTiBDRVJUSUZJQ0FURS0tLS0tCk1JSURCVENDQWUyZ0F3SUJBZ0lJZTdkSk01M2VwU2t3RFFZSktvWklodmNOQVFFTEJRQXdGVEVUTUJFR0ExVUUKQXhNS2EzVmlaWEp1WlhSbGN6QWVGdzB5TlRFeU1EY3hOVEUwTlRKYUZ3MHpOVEV5TURVeE5URTVOVEphTUJVeApFekFSQmdOVkJBTVRDbXQxWW1WeWJtVjBaWE13Z2dFaU1BMEdDU3FHU0liM0RRRUJBUVVBQTRJQkR3QXdnZ0VLCkFvSUJBUURPelVXM2FFZGpHc1k0WGU0UFlSOTVGMzlsa2E1NkR3TmhpbW9Ga2RIS25Ob1NVNm9hR0lHUmVVc2kKbmswRDRyMW1Ta3ZUNTZYNUhwQWVoR1c4UmVJYm9YNUJMMlE1SkJjVm90cXdyZjgrZHl5Ky8rK05OdTh6ZFNyawpZeFlod2E3VkQ2MmJJS2IyK1pHL1ZBeWZaT1JXUTVOMVFIZ2hleHE0V2RvSzJoWTBJNjNpYUsybzNPaGtqVkswCjdHRHBlb0trK0JmU3hNOGE3ZFFCRjBGM1JRbTF1RWpFRDJkczFrTEVhVzdzTFBlL0Z0SlZ6Q3ZKTGc4SVJsV2kKL284ZGF0VnU4MFI3aG1tQUFzYVdyZGVsb1JGZEc3MmJuRTAvU01xT3RTYzNnMWxTWmZ4ZjdOY1RxRFMyanAragpqM21RaC92akg2ZUhzSnNENlgrNXVKYjhSOXdGQWdNQkFBR2pXVEJYTUE0R0ExVWREd0VCL3dRRUF3SUNwREFQCkJnTlZIUk1CQWY4RUJUQURBUUgvTUIwR0ExVWREZ1FXQkJTMTBWZHl6UlR1S3lwVWM4ckdBN05Ndm50WVlUQVYKQmdOVkhSRUVEakFNZ2dwcmRXSmxjbTVsZEdWek1BMEdDU3FHU0liM0RRRUJDd1VBQTRJQkFRQUhUTTcrZnF1QwowVWFFVVBKQUtKVGlLdldjdSszNmduaFI5MFFVRnRPV1pFRThaZUlTdmVIRzBjMEVnVGZ2STIweTB6Z09FVHo1CmJ4T3RoQXBhVUthZnVkbk8vdFZkYkZDVzhHYUFZWWlCUktPVkh6Yzl1bUlFL29sOTVEN1hmcUMvV2M1eFBLeEsKT3dFVW1Td1B5cUE2V1VxcGFSK2FYMlMyL0JiZUdqbkVmSEdnSWVVZm5KK3Q5a1F2dERHeFRSNTEzWnloYzJVMgpQa3Y3UTlkamZaaGtQSDk4NEwxSHhlQzBFR2ZHYUluNi9kWEY5RE1ycTJqelFUblFTZmNLcjVMaXBZQ3JJOGJSCnhVM1cvTFRhanNWYXdWc0NHSm82NDZZVVZ5Tm83Q2dvdU5vZ0d6UzJNM2V6cDVBWEVtVjNEM1hiVlpGUy9TK0UKNVQ0amxScnRhSFJyCi0tLS0tRU5EIENFUlRJRklDQVRFLS0tLS0K",
              "cluster_endpoint": "https://D712A359A83FDC5BBFB1E623F20D3875.gr7.us-west-2.eks.amazonaws.com",
              "cluster_name": "retail-store-hbbr",
              "cluster_service_cidr": "172.20.0.0/16",
              "cluster_version": "1.33"
            }
          },
          "sensitive_attributes": [],
          "dependencies": [
            "data.aws_availability_zones.available",
            "data.aws_caller_identity.current",
            "module.retail_app_eks.aws_cloudwatch_log_group.this",
            "module.retail_app_eks.aws_eks_cluster.this",
            "module.retail_app_eks.aws_iam_policy.cni_ipv6_policy",
            "module.retail_app_eks.aws_iam_role.eks_auto",
            "module.retail_app_eks.aws_iam_role.this",
            "module.retail_app_eks.aws_iam_role_policy_attachment.this",
            "module.retail_app_eks.aws_security_group.cluster",
            "module.retail_app_eks.aws_security_group.node",
            "module.retail_app_eks.aws_security_group_rule.cluster",
            "module.retail_app_eks.aws_security_group_rule.node",
            "module.retail_app_eks.data.aws_caller_identity.current",
            "module.retail_app_eks.data.aws_iam_policy_document.assume_role_policy",
            "module.retail_app_eks.data.aws_iam_policy_document.cni_ipv6_policy",
            "module.retail_app_eks.data.aws_iam_policy_document.node_assume_role_policy",
            "module.retail_app_eks.data.aws_iam_session_context.current",
            "module.retail_app_eks.data.aws_partition.current",
            "module.retail_app_eks.module.kms.aws_kms_external_key.this",
            "module.retail_app_eks.module.kms.aws_kms_key.this",
            "module.retail_app_eks.module.kms.aws_kms_replica_external_key.this",
            "module.retail_app_eks.module.kms.aws_kms_replica_key.this",
            "module.retail_app_eks.module.kms.data.aws_caller_identity.current",
            "module.retail_app_eks.module.kms.data.aws_iam_policy_document.this",
            "module.retail_app_eks.module.kms.data.aws_partition.current",
            "module.vpc.aws_subnet.private",
            "module.vpc.aws_vpc.this",
            "module.vpc.aws_vpc_ipv4_cidr_block_association.this",
            "random_string.suffix"
          ],
          "create_before_destroy": true
        }
      ]
    },
    {
      "module": "module.retail_app_eks.module.kms",
      "mode": "data",
      "type": "aws_caller_identity",
      "name": "current",
      "provider": "provider[\"registry.terraform.io/hashicorp/aws\"]",
      "instances": [
        {
          "index_key": 0,
          "schema_version": 0,
          "attributes": {
            "account_id": "463470973994",
            "arn": "arn:aws:iam::463470973994:user/eks-user",
            "id": "463470973994",
            "user_id": "AIDAWX2IF2QVIXZAVNGYN"
          },
          "sensitive_attributes": []
        }
      ]
    },
    {
      "module": "module.retail_app_eks.module.kms",
      "mode": "data",
      "type": "aws_iam_policy_document",
      "name": "this",
      "provider": "provider[\"registry.terraform.io/hashicorp/aws\"]",
      "instances": [
        {
          "index_key": 0,
          "schema_version": 0,
          "attributes": {
            "id": "3287211743",
            "json": "{\n  \"Version\": \"2012-10-17\",\n  \"Statement\": [\n    {\n      \"Sid\": \"Default\",\n      \"Effect\": \"Allow\",\n      \"Action\": \"kms:*\",\n      \"Resource\": \"*\",\n      \"Principal\": {\n        \"AWS\": \"arn:aws:iam::463470973994:root\"\n      }\n    },\n    {\n      \"Sid\": \"KeyAdministration\",\n      \"Effect\": \"Allow\",\n      \"Action\": [\n        \"kms:Update*\",\n        \"kms:UntagResource\",\n        \"kms:TagResource\",\n        \"kms:ScheduleKeyDeletion\",\n        \"kms:Revoke*\",\n        \"kms:ReplicateKey\",\n        \"kms:Put*\",\n        \"kms:List*\",\n        \"kms:ImportKeyMaterial\",\n        \"kms:Get*\",\n        \"kms:Enable*\",\n        \"kms:Disable*\",\n        \"kms:Describe*\",\n        \"kms:Delete*\",\n        \"kms:Create*\",\n        \"kms:CancelKeyDeletion\"\n      ],\n      \"Resource\": \"*\",\n      \"Principal\": {\n        \"AWS\": \"arn:aws:iam::463470973994:user/eks-user\"\n      }\n    },\n    {\n      \"Sid\": \"KeyUsage\",\n      \"Effect\": \"Allow\",\n      \"Action\": [\n        \"kms:ReEncrypt*\",\n        \"kms:GenerateDataKey*\",\n        \"kms:Encrypt\",\n        \"kms:DescribeKey\",\n        \"kms:Decrypt\"\n      ],\n      \"Resource\": \"*\",\n      \"Principal\": {\n        \"AWS\": \"arn:aws:iam::463470973994:role/retail-store-hbbr-cluster-20251207151402906600000003\"\n      }\n    }\n  ]\n}",
            "minified_json": "{\"Version\":\"2012-10-17\",\"Statement\":[{\"Sid\":\"Default\",\"Effect\":\"Allow\",\"Action\":\"kms:*\",\"Resource\":\"*\",\"Principal\":{\"AWS\":\"arn:aws:iam::463470973994:root\"}},{\"Sid\":\"KeyAdministration\",\"Effect\":\"Allow\",\"Action\":[\"kms:Update*\",\"kms:UntagResource\",\"kms:TagResource\",\"kms:ScheduleKeyDeletion\",\"kms:Revoke*\",\"kms:ReplicateKey\",\"kms:Put*\",\"kms:List*\",\"kms:ImportKeyMaterial\",\"kms:Get*\",\"kms:Enable*\",\"kms:Disable*\",\"kms:Describe*\",\"kms:Delete*\",\"kms:Create*\",\"kms:CancelKeyDeletion\"],\"Resource\":\"*\",\"Principal\":{\"AWS\":\"arn:aws:iam::463470973994:user/eks-user\"}},{\"Sid\":\"KeyUsage\",\"Effect\":\"Allow\",\"Action\":[\"kms:ReEncrypt*\",\"kms:GenerateDataKey*\",\"kms:Encrypt\",\"kms:DescribeKey\",\"kms:Decrypt\"],\"Resource\":\"*\",\"Principal\":{\"AWS\":\"arn:aws:iam::463470973994:role/retail-store-hbbr-cluster-20251207151402906600000003\"}}]}",
            "override_json": null,
            "override_policy_documents": null,
            "policy_id": null,
            "source_json": null,
            "source_policy_documents": null,
            "statement": [
              {
                "actions": [
                  "kms:*"
                ],
                "condition": [],
                "effect": "Allow",
                "not_actions": [],
                "not_principals": [],
                "not_resources": [],
                "principals": [
                  {
                    "identifiers": [
                      "arn:aws:iam::463470973994:root"
                    ],
                    "type": "AWS"
                  }
                ],
                "resources": [
                  "*"
                ],
                "sid": "Default"
              },
              {
                "actions": [
                  "kms:CancelKeyDeletion",
                  "kms:Create*",
                  "kms:Delete*",
                  "kms:Describe*",
                  "kms:Disable*",
                  "kms:Enable*",
                  "kms:Get*",
                  "kms:ImportKeyMaterial",
                  "kms:List*",
                  "kms:Put*",
                  "kms:ReplicateKey",
                  "kms:Revoke*",
                  "kms:ScheduleKeyDeletion",
                  "kms:TagResource",
                  "kms:UntagResource",
                  "kms:Update*"
                ],
                "condition": [],
                "effect": "Allow",
                "not_actions": [],
                "not_principals": [],
                "not_resources": [],
                "principals": [
                  {
                    "identifiers": [
                      "arn:aws:iam::463470973994:user/eks-user"
                    ],
                    "type": "AWS"
                  }
                ],
                "resources": [
                  "*"
                ],
                "sid": "KeyAdministration"
              },
              {
                "actions": [
                  "kms:Decrypt",
                  "kms:DescribeKey",
                  "kms:Encrypt",
                  "kms:GenerateDataKey*",
                  "kms:ReEncrypt*"
                ],
                "condition": [],
                "effect": "Allow",
                "not_actions": [],
                "not_principals": [],
                "not_resources": [],
                "principals": [
                  {
                    "identifiers": [
                      "arn:aws:iam::463470973994:role/retail-store-hbbr-cluster-20251207151402906600000003"
                    ],
                    "type": "AWS"
                  }
                ],
                "resources": [
                  "*"
                ],
                "sid": "KeyUsage"
              }
            ],
            "version": "2012-10-17"
          },
          "sensitive_attributes": []
        }
      ]
    },
    {
      "module": "module.retail_app_eks.module.kms",
      "mode": "data",
      "type": "aws_partition",
      "name": "current",
      "provider": "provider[\"registry.terraform.io/hashicorp/aws\"]",
      "instances": [
        {
          "index_key": 0,
          "schema_version": 0,
          "attributes": {
            "dns_suffix": "amazonaws.com",
            "id": "aws",
            "partition": "aws",
            "reverse_dns_prefix": "com.amazonaws"
          },
          "sensitive_attributes": []
        }
      ]
    },
    {
      "module": "module.retail_app_eks.module.kms",
      "mode": "managed",
      "type": "aws_kms_alias",
      "name": "this",
      "provider": "provider[\"registry.terraform.io/hashicorp/aws\"]",
      "instances": [
        {
          "index_key": "cluster",
          "schema_version": 0,
          "attributes": {
            "arn": "arn:aws:kms:us-west-2:463470973994:alias/eks/retail-store-hbbr",
            "id": "alias/eks/retail-store-hbbr",
            "name": "alias/eks/retail-store-hbbr",
            "name_prefix": "",
            "target_key_arn": "arn:aws:kms:us-west-2:463470973994:key/13f4e074-f41b-409e-89c7-4677c503739f",
            "target_key_id": "13f4e074-f41b-409e-89c7-4677c503739f"
          },
          "sensitive_attributes": [],
          "private": "bnVsbA==",
          "dependencies": [
            "data.aws_caller_identity.current",
            "module.retail_app_eks.aws_iam_role.this",
            "module.retail_app_eks.data.aws_caller_identity.current",
            "module.retail_app_eks.data.aws_iam_policy_document.assume_role_policy",
            "module.retail_app_eks.data.aws_iam_session_context.current",
            "module.retail_app_eks.module.kms.aws_kms_external_key.this",
            "module.retail_app_eks.module.kms.aws_kms_key.this",
            "module.retail_app_eks.module.kms.aws_kms_replica_external_key.this",
            "module.retail_app_eks.module.kms.aws_kms_replica_key.this",
            "module.retail_app_eks.module.kms.data.aws_caller_identity.current",
            "module.retail_app_eks.module.kms.data.aws_iam_policy_document.this",
            "module.retail_app_eks.module.kms.data.aws_partition.current",
            "random_string.suffix"
          ]
        }
      ]
    },
    {
      "module": "module.retail_app_eks.module.kms",
      "mode": "managed",
      "type": "aws_kms_key",
      "name": "this",
      "provider": "provider[\"registry.terraform.io/hashicorp/aws\"]",
      "instances": [
        {
          "index_key": 0,
          "schema_version": 0,
          "attributes": {
            "arn": "arn:aws:kms:us-west-2:463470973994:key/13f4e074-f41b-409e-89c7-4677c503739f",
            "bypass_policy_lockout_safety_check": false,
            "custom_key_store_id": "",
            "customer_master_key_spec": "SYMMETRIC_DEFAULT",
            "deletion_window_in_days": 7,
            "description": "EKS cluster retail-store-hbbr encryption key",
            "enable_key_rotation": true,
            "id": "13f4e074-f41b-409e-89c7-4677c503739f",
            "is_enabled": true,
            "key_id": "13f4e074-f41b-409e-89c7-4677c503739f",
            "key_usage": "ENCRYPT_DECRYPT",
            "multi_region": false,
            "policy": "{\"Statement\":[{\"Action\":\"kms:*\",\"Effect\":\"Allow\",\"Principal\":{\"AWS\":\"arn:aws:iam::463470973994:root\"},\"Resource\":\"*\",\"Sid\":\"Default\"},{\"Action\":[\"kms:Update*\",\"kms:UntagResource\",\"kms:TagResource\",\"kms:ScheduleKeyDeletion\",\"kms:Revoke*\",\"kms:ReplicateKey\",\"kms:Put*\",\"kms:List*\",\"kms:ImportKeyMaterial\",\"kms:Get*\",\"kms:Enable*\",\"kms:Disable*\",\"kms:Describe*\",\"kms:Delete*\",\"kms:Create*\",\"kms:CancelKeyDeletion\"],\"Effect\":\"Allow\",\"Principal\":{\"AWS\":\"arn:aws:iam::463470973994:user/eks-user\"},\"Resource\":\"*\",\"Sid\":\"KeyAdministration\"},{\"Action\":[\"kms:ReEncrypt*\",\"kms:GenerateDataKey*\",\"kms:Encrypt\",\"kms:DescribeKey\",\"kms:Decrypt\"],\"Effect\":\"Allow\",\"Principal\":{\"AWS\":\"arn:aws:iam::463470973994:role/retail-store-hbbr-cluster-20251207151402906600000003\"},\"Resource\":\"*\",\"Sid\":\"KeyUsage\"}],\"Version\":\"2012-10-17\"}",
            "rotation_period_in_days": 365,
            "tags": {
              "CreatedBy": "Sameer Varpe",
              "CreatedDate": "2025-12-07",
              "Environment": "dev",
              "ManagedBy": "terraform",
              "Owner": "AIDAWX2IF2QVIXZAVNGYN",
              "Project": "retail-store",
              "terraform-aws-modules": "eks"
            },
            "tags_all": {
              "CreatedBy": "Sameer Varpe",
              "CreatedDate": "2025-12-07",
              "Environment": "dev",
              "ManagedBy": "terraform",
              "Owner": "AIDAWX2IF2QVIXZAVNGYN",
              "Project": "retail-store",
              "terraform-aws-modules": "eks"
            },
            "timeouts": null,
            "xks_key_id": ""
          },
          "sensitive_attributes": [],
          "private": "eyJlMmJmYjczMC1lY2FhLTExZTYtOGY4OC0zNDM2M2JjN2M0YzAiOnsiY3JlYXRlIjoxMjAwMDAwMDAwMDB9fQ==",
          "dependencies": [
            "data.aws_caller_identity.current",
            "module.retail_app_eks.module.kms.data.aws_iam_policy_document.this",
            "random_string.suffix"
          ]
        }
      ]
    },
    {
      "module": "module.vpc",
      "mode": "managed",
      "type": "aws_default_network_acl",
      "name": "this",
      "provider": "provider[\"registry.terraform.io/hashicorp/aws\"]",
      "instances": [
        {
          "index_key": 0,
          "schema_version": 0,
          "attributes": {
            "arn": "arn:aws:ec2:us-west-2:463470973994:network-acl/acl-097f0c666980edcd0",
            "default_network_acl_id": "acl-097f0c666980edcd0",
            "egress": [
              {
                "action": "allow",
                "cidr_block": "",
                "from_port": 0,
                "icmp_code": 0,
                "icmp_type": 0,
                "ipv6_cidr_block": "::/0",
                "protocol": "-1",
                "rule_no": 101,
                "to_port": 0
              },
              {
                "action": "allow",
                "cidr_block": "0.0.0.0/0",
                "from_port": 0,
                "icmp_code": 0,
                "icmp_type": 0,
                "ipv6_cidr_block": "",
                "protocol": "-1",
                "rule_no": 100,
                "to_port": 0
              }
            ],
            "id": "acl-097f0c666980edcd0",
            "ingress": [
              {
                "action": "allow",
                "cidr_block": "",
                "from_port": 0,
                "icmp_code": 0,
                "icmp_type": 0,
                "ipv6_cidr_block": "::/0",
                "protocol": "-1",
                "rule_no": 101,
                "to_port": 0
              },
              {
                "action": "allow",
                "cidr_block": "0.0.0.0/0",
                "from_port": 0,
                "icmp_code": 0,
                "icmp_type": 0,
                "ipv6_cidr_block": "",
                "protocol": "-1",
                "rule_no": 100,
                "to_port": 0
              }
            ],
            "owner_id": "463470973994",
            "subnet_ids": [
              "subnet-037ed687e07ac8a08",
              "subnet-062e5d3916d7409f6",
              "subnet-07682e5a05a8bd158",
              "subnet-07ef8ecb3592343fb",
              "subnet-0fbc8450cce91214a",
              "subnet-0fc897ff636c46c72"
            ],
            "tags": {
              "CreatedBy": "Sameer Varpe",
              "CreatedDate": "2025-12-07",
              "Environment": "dev",
              "ManagedBy": "terraform",
              "Name": "retail-store-default-nacl",
              "Owner": "AIDAWX2IF2QVIXZAVNGYN",
              "Project": "retail-store"
            },
            "tags_all": {
              "CreatedBy": "Sameer Varpe",
              "CreatedDate": "2025-12-07",
              "Environment": "dev",
              "ManagedBy": "terraform",
              "Name": "retail-store-default-nacl",
              "Owner": "AIDAWX2IF2QVIXZAVNGYN",
              "Project": "retail-store"
            },
            "vpc_id": "vpc-0b5b840c5d2e46a28"
          },
          "sensitive_attributes": [],
          "private": "bnVsbA==",
          "dependencies": [
            "data.aws_caller_identity.current",
            "module.vpc.aws_vpc.this"
          ]
        }
      ]
    },
    {
      "module": "module.vpc",
      "mode": "managed",
      "type": "aws_default_route_table",
      "name": "default",
      "provider": "provider[\"registry.terraform.io/hashicorp/aws\"]",
      "instances": [
        {
          "index_key": 0,
          "schema_version": 0,
          "attributes": {
            "arn": "arn:aws:ec2:us-west-2:463470973994:route-table/rtb-008aed60e0e0b5dcf",
            "default_route_table_id": "rtb-008aed60e0e0b5dcf",
            "id": "rtb-008aed60e0e0b5dcf",
            "owner_id": "463470973994",
            "propagating_vgws": [],
            "route": [],
            "tags": {
              "CreatedBy": "Sameer Varpe",
              "CreatedDate": "2025-12-07",
              "Environment": "dev",
              "ManagedBy": "terraform",
              "Name": "retail-store-default-rt",
              "Owner": "AIDAWX2IF2QVIXZAVNGYN",
              "Project": "retail-store"
            },
            "tags_all": {
              "CreatedBy": "Sameer Varpe",
              "CreatedDate": "2025-12-07",
              "Environment": "dev",
              "ManagedBy": "terraform",
              "Name": "retail-store-default-rt",
              "Owner": "AIDAWX2IF2QVIXZAVNGYN",
              "Project": "retail-store"
            },
            "timeouts": {
              "create": "5m",
              "update": "5m"
            },
            "vpc_id": "vpc-0b5b840c5d2e46a28"
          },
          "sensitive_attributes": [],
          "private": "eyJlMmJmYjczMC1lY2FhLTExZTYtOGY4OC0zNDM2M2JjN2M0YzAiOnsiY3JlYXRlIjozMDAwMDAwMDAwMDAsInVwZGF0ZSI6MzAwMDAwMDAwMDAwfX0=",
          "dependencies": [
            "data.aws_caller_identity.current",
            "module.vpc.aws_vpc.this"
          ]
        }
      ]
    },
    {
      "module": "module.vpc",
      "mode": "managed",
      "type": "aws_default_security_group",
      "name": "this",
      "provider": "provider[\"registry.terraform.io/hashicorp/aws\"]",
      "instances": [
        {
          "index_key": 0,
          "schema_version": 1,
          "attributes": {
            "arn": "arn:aws:ec2:us-west-2:463470973994:security-group/sg-0a06c25f4f5440c30",
            "description": "default VPC security group",
            "egress": [],
            "id": "sg-0a06c25f4f5440c30",
            "ingress": [],
            "name": "default",
            "name_prefix": "",
            "owner_id": "463470973994",
            "revoke_rules_on_delete": false,
            "tags": {
              "CreatedBy": "Sameer Varpe",
              "CreatedDate": "2025-12-07",
              "Environment": "dev",
              "ManagedBy": "terraform",
              "Name": "retail-store-default-sg",
              "Owner": "AIDAWX2IF2QVIXZAVNGYN",
              "Project": "retail-store"
            },
            "tags_all": {
              "CreatedBy": "Sameer Varpe",
              "CreatedDate": "2025-12-07",
              "Environment": "dev",
              "ManagedBy": "terraform",
              "Name": "retail-store-default-sg",
              "Owner": "AIDAWX2IF2QVIXZAVNGYN",
              "Project": "retail-store"
            },
            "vpc_id": "vpc-0b5b840c5d2e46a28"
          },
          "sensitive_attributes": [],
          "private": "eyJzY2hlbWFfdmVyc2lvbiI6IjEifQ==",
          "dependencies": [
            "data.aws_caller_identity.current",
            "module.vpc.aws_vpc.this"
          ]
        }
      ]
    },
    {
      "module": "module.vpc",
      "mode": "managed",
      "type": "aws_eip",
      "name": "nat",
      "provider": "provider[\"registry.terraform.io/hashicorp/aws\"]",
      "instances": [
        {
          "index_key": 0,
          "schema_version": 0,
          "attributes": {
            "address": null,
            "allocation_id": "eipalloc-0f2b3814f440b09e6",
            "arn": "arn:aws:ec2:us-west-2:463470973994:elastic-ip/eipalloc-0f2b3814f440b09e6",
            "associate_with_private_ip": null,
            "association_id": "eipassoc-04ce112420daea9da",
            "carrier_ip": "",
            "customer_owned_ip": "",
            "customer_owned_ipv4_pool": "",
            "domain": "vpc",
            "id": "eipalloc-0f2b3814f440b09e6",
            "instance": "",
            "ipam_pool_id": null,
            "network_border_group": "us-west-2",
            "network_interface": "eni-0add56fa7475d41be",
            "private_dns": "ip-10-0-0-56.us-west-2.compute.internal",
            "private_ip": "10.0.0.56",
            "ptr_record": "",
            "public_dns": "ec2-44-235-48-10.us-west-2.compute.amazonaws.com",
            "public_ip": "44.235.48.10",
            "public_ipv4_pool": "amazon",
            "tags": {
              "CreatedBy": "Sameer Varpe",
              "CreatedDate": "2025-12-07",
              "Environment": "dev",
              "ManagedBy": "terraform",
              "Name": "retail-store-vpc-us-west-2a",
              "Owner": "AIDAWX2IF2QVIXZAVNGYN",
              "Project": "retail-store"
            },
            "tags_all": {
              "CreatedBy": "Sameer Varpe",
              "CreatedDate": "2025-12-07",
              "Environment": "dev",
              "ManagedBy": "terraform",
              "Name": "retail-store-vpc-us-west-2a",
              "Owner": "AIDAWX2IF2QVIXZAVNGYN",
              "Project": "retail-store"
            },
            "timeouts": null,
            "vpc": true
          },
          "sensitive_attributes": [],
          "private": "eyJlMmJmYjczMC1lY2FhLTExZTYtOGY4OC0zNDM2M2JjN2M0YzAiOnsiZGVsZXRlIjoxODAwMDAwMDAwMDAsInJlYWQiOjkwMDAwMDAwMDAwMCwidXBkYXRlIjozMDAwMDAwMDAwMDB9fQ==",
          "dependencies": [
            "data.aws_availability_zones.available",
            "data.aws_caller_identity.current",
            "module.vpc.aws_internet_gateway.this",
            "module.vpc.aws_vpc.this",
            "module.vpc.aws_vpc_ipv4_cidr_block_association.this"
          ]
        }
      ]
    },
    {
      "module": "module.vpc",
      "mode": "managed",
      "type": "aws_internet_gateway",
      "name": "this",
      "provider": "provider[\"registry.terraform.io/hashicorp/aws\"]",
      "instances": [
        {
          "index_key": 0,
          "schema_version": 0,
          "attributes": {
            "arn": "arn:aws:ec2:us-west-2:463470973994:internet-gateway/igw-02954a917e991d4f5",
            "id": "igw-02954a917e991d4f5",
            "owner_id": "463470973994",
            "tags": {
              "CreatedBy": "Sameer Varpe",
              "CreatedDate": "2025-12-07",
              "Environment": "dev",
              "ManagedBy": "terraform",
              "Name": "retail-store-vpc",
              "Owner": "AIDAWX2IF2QVIXZAVNGYN",
              "Project": "retail-store"
            },
            "tags_all": {
              "CreatedBy": "Sameer Varpe",
              "CreatedDate": "2025-12-07",
              "Environment": "dev",
              "ManagedBy": "terraform",
              "Name": "retail-store-vpc",
              "Owner": "AIDAWX2IF2QVIXZAVNGYN",
              "Project": "retail-store"
            },
            "timeouts": null,
            "vpc_id": "vpc-0b5b840c5d2e46a28"
          },
          "sensitive_attributes": [],
          "private": "eyJlMmJmYjczMC1lY2FhLTExZTYtOGY4OC0zNDM2M2JjN2M0YzAiOnsiY3JlYXRlIjoxMjAwMDAwMDAwMDAwLCJkZWxldGUiOjEyMDAwMDAwMDAwMDAsInVwZGF0ZSI6MTIwMDAwMDAwMDAwMH19",
          "dependencies": [
            "data.aws_availability_zones.available",
            "data.aws_caller_identity.current",
            "module.vpc.aws_vpc.this",
            "module.vpc.aws_vpc_ipv4_cidr_block_association.this"
          ]
        }
      ]
    },
    {
      "module": "module.vpc",
      "mode": "managed",
      "type": "aws_nat_gateway",
      "name": "this",
      "provider": "provider[\"registry.terraform.io/hashicorp/aws\"]",
      "instances": [
        {
          "index_key": 0,
          "schema_version": 0,
          "attributes": {
            "allocation_id": "eipalloc-0f2b3814f440b09e6",
            "association_id": "eipassoc-04ce112420daea9da",
            "connectivity_type": "public",
            "id": "nat-0a4dcc61d86c44286",
            "network_interface_id": "eni-0add56fa7475d41be",
            "private_ip": "10.0.0.56",
            "public_ip": "44.235.48.10",
            "secondary_allocation_ids": [],
            "secondary_private_ip_address_count": 0,
            "secondary_private_ip_addresses": [],
            "subnet_id": "subnet-037ed687e07ac8a08",
            "tags": {
              "CreatedBy": "Sameer Varpe",
              "CreatedDate": "2025-12-07",
              "Environment": "dev",
              "ManagedBy": "terraform",
              "Name": "retail-store-vpc-us-west-2a",
              "Owner": "AIDAWX2IF2QVIXZAVNGYN",
              "Project": "retail-store"
            },
            "tags_all": {
              "CreatedBy": "Sameer Varpe",
              "CreatedDate": "2025-12-07",
              "Environment": "dev",
              "ManagedBy": "terraform",
              "Name": "retail-store-vpc-us-west-2a",
              "Owner": "AIDAWX2IF2QVIXZAVNGYN",
              "Project": "retail-store"
            },
            "timeouts": null
          },
          "sensitive_attributes": [],
          "private": "eyJlMmJmYjczMC1lY2FhLTExZTYtOGY4OC0zNDM2M2JjN2M0YzAiOnsiY3JlYXRlIjo2MDAwMDAwMDAwMDAsImRlbGV0ZSI6MTgwMDAwMDAwMDAwMCwidXBkYXRlIjo2MDAwMDAwMDAwMDB9fQ==",
          "dependencies": [
            "data.aws_availability_zones.available",
            "data.aws_caller_identity.current",
            "module.vpc.aws_eip.nat",
            "module.vpc.aws_internet_gateway.this",
            "module.vpc.aws_subnet.public",
            "module.vpc.aws_vpc.this",
            "module.vpc.aws_vpc_ipv4_cidr_block_association.this",
            "random_string.suffix"
          ]
        }
      ]
    },
    {
      "module": "module.vpc",
      "mode": "managed",
      "type": "aws_route",
      "name": "private_nat_gateway",
      "provider": "provider[\"registry.terraform.io/hashicorp/aws\"]",
      "instances": [
        {
          "index_key": 0,
          "schema_version": 0,
          "attributes": {
            "carrier_gateway_id": "",
            "core_network_arn": "",
            "destination_cidr_block": "0.0.0.0/0",
            "destination_ipv6_cidr_block": "",
            "destination_prefix_list_id": "",
            "egress_only_gateway_id": "",
            "gateway_id": "",
            "id": "r-rtb-0e57056df0f69ff661080289494",
            "instance_id": "",
            "instance_owner_id": "",
            "local_gateway_id": "",
            "nat_gateway_id": "nat-0a4dcc61d86c44286",
            "network_interface_id": "",
            "origin": "CreateRoute",
            "route_table_id": "rtb-0e57056df0f69ff66",
            "state": "active",
            "timeouts": {
              "create": "5m",
              "delete": null,
              "update": null
            },
            "transit_gateway_id": "",
            "vpc_endpoint_id": "",
            "vpc_peering_connection_id": ""
          },
          "sensitive_attributes": [],
          "private": "eyJlMmJmYjczMC1lY2FhLTExZTYtOGY4OC0zNDM2M2JjN2M0YzAiOnsiY3JlYXRlIjozMDAwMDAwMDAwMDAsImRlbGV0ZSI6MzAwMDAwMDAwMDAwLCJ1cGRhdGUiOjEyMDAwMDAwMDAwMH19",
          "dependencies": [
            "data.aws_availability_zones.available",
            "data.aws_caller_identity.current",
            "module.vpc.aws_eip.nat",
            "module.vpc.aws_internet_gateway.this",
            "module.vpc.aws_nat_gateway.this",
            "module.vpc.aws_route_table.private",
            "module.vpc.aws_subnet.public",
            "module.vpc.aws_vpc.this",
            "module.vpc.aws_vpc_ipv4_cidr_block_association.this",
            "random_string.suffix"
          ]
        }
      ]
    },
    {
      "module": "module.vpc",
      "mode": "managed",
      "type": "aws_route",
      "name": "public_internet_gateway",
      "provider": "provider[\"registry.terraform.io/hashicorp/aws\"]",
      "instances": [
        {
          "index_key": 0,
          "schema_version": 0,
          "attributes": {
            "carrier_gateway_id": "",
            "core_network_arn": "",
            "destination_cidr_block": "0.0.0.0/0",
            "destination_ipv6_cidr_block": "",
            "destination_prefix_list_id": "",
            "egress_only_gateway_id": "",
            "gateway_id": "igw-02954a917e991d4f5",
            "id": "r-rtb-0b1258701e7147f661080289494",
            "instance_id": "",
            "instance_owner_id": "",
            "local_gateway_id": "",
            "nat_gateway_id": "",
            "network_interface_id": "",
            "origin": "CreateRoute",
            "route_table_id": "rtb-0b1258701e7147f66",
            "state": "active",
            "timeouts": {
              "create": "5m",
              "delete": null,
              "update": null
            },
            "transit_gateway_id": "",
            "vpc_endpoint_id": "",
            "vpc_peering_connection_id": ""
          },
          "sensitive_attributes": [],
          "private": "eyJlMmJmYjczMC1lY2FhLTExZTYtOGY4OC0zNDM2M2JjN2M0YzAiOnsiY3JlYXRlIjozMDAwMDAwMDAwMDAsImRlbGV0ZSI6MzAwMDAwMDAwMDAwLCJ1cGRhdGUiOjEyMDAwMDAwMDAwMH19",
          "dependencies": [
            "data.aws_availability_zones.available",
            "data.aws_caller_identity.current",
            "module.vpc.aws_internet_gateway.this",
            "module.vpc.aws_route_table.public",
            "module.vpc.aws_vpc.this",
            "module.vpc.aws_vpc_ipv4_cidr_block_association.this"
          ]
        }
      ]
    },
    {
      "module": "module.vpc",
      "mode": "managed",
      "type": "aws_route_table",
      "name": "private",
      "provider": "provider[\"registry.terraform.io/hashicorp/aws\"]",
      "instances": [
        {
          "index_key": 0,
          "schema_version": 0,
          "attributes": {
            "arn": "arn:aws:ec2:us-west-2:463470973994:route-table/rtb-0e57056df0f69ff66",
            "id": "rtb-0e57056df0f69ff66",
            "owner_id": "463470973994",
            "propagating_vgws": [],
            "route": [
              {
                "carrier_gateway_id": "",
                "cidr_block": "0.0.0.0/0",
                "core_network_arn": "",
                "destination_prefix_list_id": "",
                "egress_only_gateway_id": "",
                "gateway_id": "",
                "ipv6_cidr_block": "",
                "local_gateway_id": "",
                "nat_gateway_id": "nat-0a4dcc61d86c44286",
                "network_interface_id": "",
                "transit_gateway_id": "",
                "vpc_endpoint_id": "",
                "vpc_peering_connection_id": ""
              }
            ],
            "tags": {
              "CreatedBy": "Sameer Varpe",
              "CreatedDate": "2025-12-07",
              "Environment": "dev",
              "ManagedBy": "terraform",
              "Name": "retail-store-vpc-private",
              "Owner": "AIDAWX2IF2QVIXZAVNGYN",
              "Project": "retail-store"
            },
            "tags_all": {
              "CreatedBy": "Sameer Varpe",
              "CreatedDate": "2025-12-07",
              "Environment": "dev",
              "ManagedBy": "terraform",
              "Name": "retail-store-vpc-private",
              "Owner": "AIDAWX2IF2QVIXZAVNGYN",
              "Project": "retail-store"
            },
            "timeouts": null,
            "vpc_id": "vpc-0b5b840c5d2e46a28"
          },
          "sensitive_attributes": [],
          "private": "eyJlMmJmYjczMC1lY2FhLTExZTYtOGY4OC0zNDM2M2JjN2M0YzAiOnsiY3JlYXRlIjozMDAwMDAwMDAwMDAsImRlbGV0ZSI6MzAwMDAwMDAwMDAwLCJ1cGRhdGUiOjEyMDAwMDAwMDAwMH19",
          "dependencies": [
            "data.aws_availability_zones.available",
            "data.aws_caller_identity.current",
            "module.vpc.aws_vpc.this",
            "module.vpc.aws_vpc_ipv4_cidr_block_association.this"
          ]
        }
      ]
    },
    {
      "module": "module.vpc",
      "mode": "managed",
      "type": "aws_route_table",
      "name": "public",
      "provider": "provider[\"registry.terraform.io/hashicorp/aws\"]",
      "instances": [
        {
          "index_key": 0,
          "schema_version": 0,
          "attributes": {
            "arn": "arn:aws:ec2:us-west-2:463470973994:route-table/rtb-0b1258701e7147f66",
            "id": "rtb-0b1258701e7147f66",
            "owner_id": "463470973994",
            "propagating_vgws": [],
            "route": [
              {
                "carrier_gateway_id": "",
                "cidr_block": "0.0.0.0/0",
                "core_network_arn": "",
                "destination_prefix_list_id": "",
                "egress_only_gateway_id": "",
                "gateway_id": "igw-02954a917e991d4f5",
                "ipv6_cidr_block": "",
                "local_gateway_id": "",
                "nat_gateway_id": "",
                "network_interface_id": "",
                "transit_gateway_id": "",
                "vpc_endpoint_id": "",
                "vpc_peering_connection_id": ""
              }
            ],
            "tags": {
              "CreatedBy": "Sameer Varpe",
              "CreatedDate": "2025-12-07",
              "Environment": "dev",
              "ManagedBy": "terraform",
              "Name": "retail-store-vpc-public",
              "Owner": "AIDAWX2IF2QVIXZAVNGYN",
              "Project": "retail-store"
            },
            "tags_all": {
              "CreatedBy": "Sameer Varpe",
              "CreatedDate": "2025-12-07",
              "Environment": "dev",
              "ManagedBy": "terraform",
              "Name": "retail-store-vpc-public",
              "Owner": "AIDAWX2IF2QVIXZAVNGYN",
              "Project": "retail-store"
            },
            "timeouts": null,
            "vpc_id": "vpc-0b5b840c5d2e46a28"
          },
          "sensitive_attributes": [],
          "private": "eyJlMmJmYjczMC1lY2FhLTExZTYtOGY4OC0zNDM2M2JjN2M0YzAiOnsiY3JlYXRlIjozMDAwMDAwMDAwMDAsImRlbGV0ZSI6MzAwMDAwMDAwMDAwLCJ1cGRhdGUiOjEyMDAwMDAwMDAwMH19",
          "dependencies": [
            "data.aws_availability_zones.available",
            "data.aws_caller_identity.current",
            "module.vpc.aws_vpc.this",
            "module.vpc.aws_vpc_ipv4_cidr_block_association.this"
          ]
        }
      ]
    },
    {
      "module": "module.vpc",
      "mode": "managed",
      "type": "aws_route_table_association",
      "name": "private",
      "provider": "provider[\"registry.terraform.io/hashicorp/aws\"]",
      "instances": [
        {
          "index_key": 0,
          "schema_version": 0,
          "attributes": {
            "gateway_id": "",
            "id": "rtbassoc-0ac548f05f3312bc6",
            "route_table_id": "rtb-0e57056df0f69ff66",
            "subnet_id": "subnet-07682e5a05a8bd158",
            "timeouts": null
          },
          "sensitive_attributes": [],
          "private": "eyJlMmJmYjczMC1lY2FhLTExZTYtOGY4OC0zNDM2M2JjN2M0YzAiOnsiY3JlYXRlIjozMDAwMDAwMDAwMDAsImRlbGV0ZSI6MzAwMDAwMDAwMDAwLCJ1cGRhdGUiOjEyMDAwMDAwMDAwMH19",
          "dependencies": [
            "data.aws_availability_zones.available",
            "data.aws_caller_identity.current",
            "module.vpc.aws_route_table.private",
            "module.vpc.aws_subnet.private",
            "module.vpc.aws_vpc.this",
            "module.vpc.aws_vpc_ipv4_cidr_block_association.this",
            "random_string.suffix"
          ]
        },
        {
          "index_key": 1,
          "schema_version": 0,
          "attributes": {
            "gateway_id": "",
            "id": "rtbassoc-0206c0b9152ca6716",
            "route_table_id": "rtb-0e57056df0f69ff66",
            "subnet_id": "subnet-07ef8ecb3592343fb",
            "timeouts": null
          },
          "sensitive_attributes": [],
          "private": "eyJlMmJmYjczMC1lY2FhLTExZTYtOGY4OC0zNDM2M2JjN2M0YzAiOnsiY3JlYXRlIjozMDAwMDAwMDAwMDAsImRlbGV0ZSI6MzAwMDAwMDAwMDAwLCJ1cGRhdGUiOjEyMDAwMDAwMDAwMH19",
          "dependencies": [
            "data.aws_availability_zones.available",
            "data.aws_caller_identity.current",
            "module.vpc.aws_route_table.private",
            "module.vpc.aws_subnet.private",
            "module.vpc.aws_vpc.this",
            "module.vpc.aws_vpc_ipv4_cidr_block_association.this",
            "random_string.suffix"
          ]
        },
        {
          "index_key": 2,
          "schema_version": 0,
          "attributes": {
            "gateway_id": "",
            "id": "rtbassoc-0df0d9e627a4d8790",
            "route_table_id": "rtb-0e57056df0f69ff66",
            "subnet_id": "subnet-0fc897ff636c46c72",
            "timeouts": null
          },
          "sensitive_attributes": [],
          "private": "eyJlMmJmYjczMC1lY2FhLTExZTYtOGY4OC0zNDM2M2JjN2M0YzAiOnsiY3JlYXRlIjozMDAwMDAwMDAwMDAsImRlbGV0ZSI6MzAwMDAwMDAwMDAwLCJ1cGRhdGUiOjEyMDAwMDAwMDAwMH19",
          "dependencies": [
            "data.aws_availability_zones.available",
            "data.aws_caller_identity.current",
            "module.vpc.aws_route_table.private",
            "module.vpc.aws_subnet.private",
            "module.vpc.aws_vpc.this",
            "module.vpc.aws_vpc_ipv4_cidr_block_association.this",
            "random_string.suffix"
          ]
        }
      ]
    },
    {
      "module": "module.vpc",
      "mode": "managed",
      "type": "aws_route_table_association",
      "name": "public",
      "provider": "provider[\"registry.terraform.io/hashicorp/aws\"]",
      "instances": [
        {
          "index_key": 0,
          "schema_version": 0,
          "attributes": {
            "gateway_id": "",
            "id": "rtbassoc-0aa549bbba70c2a26",
            "route_table_id": "rtb-0b1258701e7147f66",
            "subnet_id": "subnet-037ed687e07ac8a08",
            "timeouts": null
          },
          "sensitive_attributes": [],
          "private": "eyJlMmJmYjczMC1lY2FhLTExZTYtOGY4OC0zNDM2M2JjN2M0YzAiOnsiY3JlYXRlIjozMDAwMDAwMDAwMDAsImRlbGV0ZSI6MzAwMDAwMDAwMDAwLCJ1cGRhdGUiOjEyMDAwMDAwMDAwMH19",
          "dependencies": [
            "data.aws_availability_zones.available",
            "data.aws_caller_identity.current",
            "module.vpc.aws_route_table.public",
            "module.vpc.aws_subnet.public",
            "module.vpc.aws_vpc.this",
            "module.vpc.aws_vpc_ipv4_cidr_block_association.this",
            "random_string.suffix"
          ]
        },
        {
          "index_key": 1,
          "schema_version": 0,
          "attributes": {
            "gateway_id": "",
            "id": "rtbassoc-0686d9f5a83b15a54",
            "route_table_id": "rtb-0b1258701e7147f66",
            "subnet_id": "subnet-062e5d3916d7409f6",
            "timeouts": null
          },
          "sensitive_attributes": [],
          "private": "eyJlMmJmYjczMC1lY2FhLTExZTYtOGY4OC0zNDM2M2JjN2M0YzAiOnsiY3JlYXRlIjozMDAwMDAwMDAwMDAsImRlbGV0ZSI6MzAwMDAwMDAwMDAwLCJ1cGRhdGUiOjEyMDAwMDAwMDAwMH19",
          "dependencies": [
            "data.aws_availability_zones.available",
            "data.aws_caller_identity.current",
            "module.vpc.aws_route_table.public",
            "module.vpc.aws_subnet.public",
            "module.vpc.aws_vpc.this",
            "module.vpc.aws_vpc_ipv4_cidr_block_association.this",
            "random_string.suffix"
          ]
        },
        {
          "index_key": 2,
          "schema_version": 0,
          "attributes": {
            "gateway_id": "",
            "id": "rtbassoc-08031cf199096df58",
            "route_table_id": "rtb-0b1258701e7147f66",
            "subnet_id": "subnet-0fbc8450cce91214a",
            "timeouts": null
          },
          "sensitive_attributes": [],
          "private": "eyJlMmJmYjczMC1lY2FhLTExZTYtOGY4OC0zNDM2M2JjN2M0YzAiOnsiY3JlYXRlIjozMDAwMDAwMDAwMDAsImRlbGV0ZSI6MzAwMDAwMDAwMDAwLCJ1cGRhdGUiOjEyMDAwMDAwMDAwMH19",
          "dependencies": [
            "data.aws_availability_zones.available",
            "data.aws_caller_identity.current",
            "module.vpc.aws_route_table.public",
            "module.vpc.aws_subnet.public",
            "module.vpc.aws_vpc.this",
            "module.vpc.aws_vpc_ipv4_cidr_block_association.this",
            "random_string.suffix"
          ]
        }
      ]
    },
    {
      "module": "module.vpc",
      "mode": "managed",
      "type": "aws_subnet",
      "name": "private",
      "provider": "provider[\"registry.terraform.io/hashicorp/aws\"]",
      "instances": [
        {
          "index_key": 0,
          "schema_version": 1,
          "attributes": {
            "arn": "arn:aws:ec2:us-west-2:463470973994:subnet/subnet-07682e5a05a8bd158",
            "assign_ipv6_address_on_creation": false,
            "availability_zone": "us-west-2a",
            "availability_zone_id": "usw2-az2",
            "cidr_block": "10.0.10.0/24",
            "customer_owned_ipv4_pool": "",
            "enable_dns64": false,
            "enable_lni_at_device_index": 0,
            "enable_resource_name_dns_a_record_on_launch": false,
            "enable_resource_name_dns_aaaa_record_on_launch": false,
            "id": "subnet-07682e5a05a8bd158",
            "ipv6_cidr_block": "",
            "ipv6_cidr_block_association_id": "",
            "ipv6_native": false,
            "map_customer_owned_ip_on_launch": false,
            "map_public_ip_on_launch": false,
            "outpost_arn": "",
            "owner_id": "463470973994",
            "private_dns_hostname_type_on_launch": "ip-name",
            "tags": {
              "CreatedBy": "Sameer Varpe",
              "CreatedDate": "2025-12-07",
              "Environment": "dev",
              "ManagedBy": "terraform",
              "Name": "retail-store-vpc-private-us-west-2a",
              "Owner": "AIDAWX2IF2QVIXZAVNGYN",
              "Project": "retail-store",
              "kubernetes.io/cluster/retail-store-hbbr": "shared",
              "kubernetes.io/role/internal-elb": "1"
            },
            "tags_all": {
              "CreatedBy": "Sameer Varpe",
              "CreatedDate": "2025-12-07",
              "Environment": "dev",
              "ManagedBy": "terraform",
              "Name": "retail-store-vpc-private-us-west-2a",
              "Owner": "AIDAWX2IF2QVIXZAVNGYN",
              "Project": "retail-store",
              "kubernetes.io/cluster/retail-store-hbbr": "shared",
              "kubernetes.io/role/internal-elb": "1"
            },
            "timeouts": null,
            "vpc_id": "vpc-0b5b840c5d2e46a28"
          },
          "sensitive_attributes": [],
          "private": "eyJlMmJmYjczMC1lY2FhLTExZTYtOGY4OC0zNDM2M2JjN2M0YzAiOnsiY3JlYXRlIjo2MDAwMDAwMDAwMDAsImRlbGV0ZSI6MTIwMDAwMDAwMDAwMH0sInNjaGVtYV92ZXJzaW9uIjoiMSJ9",
          "dependencies": [
            "data.aws_availability_zones.available",
            "data.aws_caller_identity.current",
            "module.vpc.aws_vpc.this",
            "module.vpc.aws_vpc_ipv4_cidr_block_association.this",
            "random_string.suffix"
          ]
        },
        {
          "index_key": 1,
          "schema_version": 1,
          "attributes": {
            "arn": "arn:aws:ec2:us-west-2:463470973994:subnet/subnet-07ef8ecb3592343fb",
            "assign_ipv6_address_on_creation": false,
            "availability_zone": "us-west-2b",
            "availability_zone_id": "usw2-az1",
            "cidr_block": "10.0.11.0/24",
            "customer_owned_ipv4_pool": "",
            "enable_dns64": false,
            "enable_lni_at_device_index": 0,
            "enable_resource_name_dns_a_record_on_launch": false,
            "enable_resource_name_dns_aaaa_record_on_launch": false,
            "id": "subnet-07ef8ecb3592343fb",
            "ipv6_cidr_block": "",
            "ipv6_cidr_block_association_id": "",
            "ipv6_native": false,
            "map_customer_owned_ip_on_launch": false,
            "map_public_ip_on_launch": false,
            "outpost_arn": "",
            "owner_id": "463470973994",
            "private_dns_hostname_type_on_launch": "ip-name",
            "tags": {
              "CreatedBy": "Sameer Varpe",
              "CreatedDate": "2025-12-07",
              "Environment": "dev",
              "ManagedBy": "terraform",
              "Name": "retail-store-vpc-private-us-west-2b",
              "Owner": "AIDAWX2IF2QVIXZAVNGYN",
              "Project": "retail-store",
              "kubernetes.io/cluster/retail-store-hbbr": "shared",
              "kubernetes.io/role/internal-elb": "1"
            },
            "tags_all": {
              "CreatedBy": "Sameer Varpe",
              "CreatedDate": "2025-12-07",
              "Environment": "dev",
              "ManagedBy": "terraform",
              "Name": "retail-store-vpc-private-us-west-2b",
              "Owner": "AIDAWX2IF2QVIXZAVNGYN",
              "Project": "retail-store",
              "kubernetes.io/cluster/retail-store-hbbr": "shared",
              "kubernetes.io/role/internal-elb": "1"
            },
            "timeouts": null,
            "vpc_id": "vpc-0b5b840c5d2e46a28"
          },
          "sensitive_attributes": [],
          "private": "eyJlMmJmYjczMC1lY2FhLTExZTYtOGY4OC0zNDM2M2JjN2M0YzAiOnsiY3JlYXRlIjo2MDAwMDAwMDAwMDAsImRlbGV0ZSI6MTIwMDAwMDAwMDAwMH0sInNjaGVtYV92ZXJzaW9uIjoiMSJ9",
          "dependencies": [
            "data.aws_availability_zones.available",
            "data.aws_caller_identity.current",
            "module.vpc.aws_vpc.this",
            "module.vpc.aws_vpc_ipv4_cidr_block_association.this",
            "random_string.suffix"
          ]
        },
        {
          "index_key": 2,
          "schema_version": 1,
          "attributes": {
            "arn": "arn:aws:ec2:us-west-2:463470973994:subnet/subnet-0fc897ff636c46c72",
            "assign_ipv6_address_on_creation": false,
            "availability_zone": "us-west-2c",
            "availability_zone_id": "usw2-az3",
            "cidr_block": "10.0.12.0/24",
            "customer_owned_ipv4_pool": "",
            "enable_dns64": false,
            "enable_lni_at_device_index": 0,
            "enable_resource_name_dns_a_record_on_launch": false,
            "enable_resource_name_dns_aaaa_record_on_launch": false,
            "id": "subnet-0fc897ff636c46c72",
            "ipv6_cidr_block": "",
            "ipv6_cidr_block_association_id": "",
            "ipv6_native": false,
            "map_customer_owned_ip_on_launch": false,
            "map_public_ip_on_launch": false,
            "outpost_arn": "",
            "owner_id": "463470973994",
            "private_dns_hostname_type_on_launch": "ip-name",
            "tags": {
              "CreatedBy": "Sameer Varpe",
              "CreatedDate": "2025-12-07",
              "Environment": "dev",
              "ManagedBy": "terraform",
              "Name": "retail-store-vpc-private-us-west-2c",
              "Owner": "AIDAWX2IF2QVIXZAVNGYN",
              "Project": "retail-store",
              "kubernetes.io/cluster/retail-store-hbbr": "shared",
              "kubernetes.io/role/internal-elb": "1"
            },
            "tags_all": {
              "CreatedBy": "Sameer Varpe",
              "CreatedDate": "2025-12-07",
              "Environment": "dev",
              "ManagedBy": "terraform",
              "Name": "retail-store-vpc-private-us-west-2c",
              "Owner": "AIDAWX2IF2QVIXZAVNGYN",
              "Project": "retail-store",
              "kubernetes.io/cluster/retail-store-hbbr": "shared",
              "kubernetes.io/role/internal-elb": "1"
            },
            "timeouts": null,
            "vpc_id": "vpc-0b5b840c5d2e46a28"
          },
          "sensitive_attributes": [],
          "private": "eyJlMmJmYjczMC1lY2FhLTExZTYtOGY4OC0zNDM2M2JjN2M0YzAiOnsiY3JlYXRlIjo2MDAwMDAwMDAwMDAsImRlbGV0ZSI6MTIwMDAwMDAwMDAwMH0sInNjaGVtYV92ZXJzaW9uIjoiMSJ9",
          "dependencies": [
            "data.aws_availability_zones.available",
            "data.aws_caller_identity.current",
            "module.vpc.aws_vpc.this",
            "module.vpc.aws_vpc_ipv4_cidr_block_association.this",
            "random_string.suffix"
          ]
        }
      ]
    },
    {
      "module": "module.vpc",
      "mode": "managed",
      "type": "aws_subnet",
      "name": "public",
      "provider": "provider[\"registry.terraform.io/hashicorp/aws\"]",
      "instances": [
        {
          "index_key": 0,
          "schema_version": 1,
          "attributes": {
            "arn": "arn:aws:ec2:us-west-2:463470973994:subnet/subnet-037ed687e07ac8a08",
            "assign_ipv6_address_on_creation": false,
            "availability_zone": "us-west-2a",
            "availability_zone_id": "usw2-az2",
            "cidr_block": "10.0.0.0/24",
            "customer_owned_ipv4_pool": "",
            "enable_dns64": false,
            "enable_lni_at_device_index": 0,
            "enable_resource_name_dns_a_record_on_launch": false,
            "enable_resource_name_dns_aaaa_record_on_launch": false,
            "id": "subnet-037ed687e07ac8a08",
            "ipv6_cidr_block": "",
            "ipv6_cidr_block_association_id": "",
            "ipv6_native": false,
            "map_customer_owned_ip_on_launch": false,
            "map_public_ip_on_launch": false,
            "outpost_arn": "",
            "owner_id": "463470973994",
            "private_dns_hostname_type_on_launch": "ip-name",
            "tags": {
              "CreatedBy": "Sameer Varpe",
              "CreatedDate": "2025-12-07",
              "Environment": "dev",
              "ManagedBy": "terraform",
              "Name": "retail-store-vpc-public-us-west-2a",
              "Owner": "AIDAWX2IF2QVIXZAVNGYN",
              "Project": "retail-store",
              "kubernetes.io/cluster/retail-store-hbbr": "shared",
              "kubernetes.io/role/elb": "1"
            },
            "tags_all": {
              "CreatedBy": "Sameer Varpe",
              "CreatedDate": "2025-12-07",
              "Environment": "dev",
              "ManagedBy": "terraform",
              "Name": "retail-store-vpc-public-us-west-2a",
              "Owner": "AIDAWX2IF2QVIXZAVNGYN",
              "Project": "retail-store",
              "kubernetes.io/cluster/retail-store-hbbr": "shared",
              "kubernetes.io/role/elb": "1"
            },
            "timeouts": null,
            "vpc_id": "vpc-0b5b840c5d2e46a28"
          },
          "sensitive_attributes": [],
          "private": "eyJlMmJmYjczMC1lY2FhLTExZTYtOGY4OC0zNDM2M2JjN2M0YzAiOnsiY3JlYXRlIjo2MDAwMDAwMDAwMDAsImRlbGV0ZSI6MTIwMDAwMDAwMDAwMH0sInNjaGVtYV92ZXJzaW9uIjoiMSJ9",
          "dependencies": [
            "data.aws_availability_zones.available",
            "data.aws_caller_identity.current",
            "module.vpc.aws_vpc.this",
            "module.vpc.aws_vpc_ipv4_cidr_block_association.this",
            "random_string.suffix"
          ]
        },
        {
          "index_key": 1,
          "schema_version": 1,
          "attributes": {
            "arn": "arn:aws:ec2:us-west-2:463470973994:subnet/subnet-062e5d3916d7409f6",
            "assign_ipv6_address_on_creation": false,
            "availability_zone": "us-west-2b",
            "availability_zone_id": "usw2-az1",
            "cidr_block": "10.0.1.0/24",
            "customer_owned_ipv4_pool": "",
            "enable_dns64": false,
            "enable_lni_at_device_index": 0,
            "enable_resource_name_dns_a_record_on_launch": false,
            "enable_resource_name_dns_aaaa_record_on_launch": false,
            "id": "subnet-062e5d3916d7409f6",
            "ipv6_cidr_block": "",
            "ipv6_cidr_block_association_id": "",
            "ipv6_native": false,
            "map_customer_owned_ip_on_launch": false,
            "map_public_ip_on_launch": false,
            "outpost_arn": "",
            "owner_id": "463470973994",
            "private_dns_hostname_type_on_launch": "ip-name",
            "tags": {
              "CreatedBy": "Sameer Varpe",
              "CreatedDate": "2025-12-07",
              "Environment": "dev",
              "ManagedBy": "terraform",
              "Name": "retail-store-vpc-public-us-west-2b",
              "Owner": "AIDAWX2IF2QVIXZAVNGYN",
              "Project": "retail-store",
              "kubernetes.io/cluster/retail-store-hbbr": "shared",
              "kubernetes.io/role/elb": "1"
            },
            "tags_all": {
              "CreatedBy": "Sameer Varpe",
              "CreatedDate": "2025-12-07",
              "Environment": "dev",
              "ManagedBy": "terraform",
              "Name": "retail-store-vpc-public-us-west-2b",
              "Owner": "AIDAWX2IF2QVIXZAVNGYN",
              "Project": "retail-store",
              "kubernetes.io/cluster/retail-store-hbbr": "shared",
              "kubernetes.io/role/elb": "1"
            },
            "timeouts": null,
            "vpc_id": "vpc-0b5b840c5d2e46a28"
          },
          "sensitive_attributes": [],
          "private": "eyJlMmJmYjczMC1lY2FhLTExZTYtOGY4OC0zNDM2M2JjN2M0YzAiOnsiY3JlYXRlIjo2MDAwMDAwMDAwMDAsImRlbGV0ZSI6MTIwMDAwMDAwMDAwMH0sInNjaGVtYV92ZXJzaW9uIjoiMSJ9",
          "dependencies": [
            "data.aws_availability_zones.available",
            "data.aws_caller_identity.current",
            "module.vpc.aws_vpc.this",
            "module.vpc.aws_vpc_ipv4_cidr_block_association.this",
            "random_string.suffix"
          ]
        },
        {
          "index_key": 2,
          "schema_version": 1,
          "attributes": {
            "arn": "arn:aws:ec2:us-west-2:463470973994:subnet/subnet-0fbc8450cce91214a",
            "assign_ipv6_address_on_creation": false,
            "availability_zone": "us-west-2c",
            "availability_zone_id": "usw2-az3",
            "cidr_block": "10.0.2.0/24",
            "customer_owned_ipv4_pool": "",
            "enable_dns64": false,
            "enable_lni_at_device_index": 0,
            "enable_resource_name_dns_a_record_on_launch": false,
            "enable_resource_name_dns_aaaa_record_on_launch": false,
            "id": "subnet-0fbc8450cce91214a",
            "ipv6_cidr_block": "",
            "ipv6_cidr_block_association_id": "",
            "ipv6_native": false,
            "map_customer_owned_ip_on_launch": false,
            "map_public_ip_on_launch": false,
            "outpost_arn": "",
            "owner_id": "463470973994",
            "private_dns_hostname_type_on_launch": "ip-name",
            "tags": {
              "CreatedBy": "Sameer Varpe",
              "CreatedDate": "2025-12-07",
              "Environment": "dev",
              "ManagedBy": "terraform",
              "Name": "retail-store-vpc-public-us-west-2c",
              "Owner": "AIDAWX2IF2QVIXZAVNGYN",
              "Project": "retail-store",
              "kubernetes.io/cluster/retail-store-hbbr": "shared",
              "kubernetes.io/role/elb": "1"
            },
            "tags_all": {
              "CreatedBy": "Sameer Varpe",
              "CreatedDate": "2025-12-07",
              "Environment": "dev",
              "ManagedBy": "terraform",
              "Name": "retail-store-vpc-public-us-west-2c",
              "Owner": "AIDAWX2IF2QVIXZAVNGYN",
              "Project": "retail-store",
              "kubernetes.io/cluster/retail-store-hbbr": "shared",
              "kubernetes.io/role/elb": "1"
            },
            "timeouts": null,
            "vpc_id": "vpc-0b5b840c5d2e46a28"
          },
          "sensitive_attributes": [],
          "private": "eyJlMmJmYjczMC1lY2FhLTExZTYtOGY4OC0zNDM2M2JjN2M0YzAiOnsiY3JlYXRlIjo2MDAwMDAwMDAwMDAsImRlbGV0ZSI6MTIwMDAwMDAwMDAwMH0sInNjaGVtYV92ZXJzaW9uIjoiMSJ9",
          "dependencies": [
            "data.aws_availability_zones.available",
            "data.aws_caller_identity.current",
            "module.vpc.aws_vpc.this",
            "module.vpc.aws_vpc_ipv4_cidr_block_association.this",
            "random_string.suffix"
          ]
        }
      ]
    },
    {
      "module": "module.vpc",
      "mode": "managed",
      "type": "aws_vpc",
      "name": "this",
      "provider": "provider[\"registry.terraform.io/hashicorp/aws\"]",
      "instances": [
        {
          "index_key": 0,
          "schema_version": 1,
          "attributes": {
            "arn": "arn:aws:ec2:us-west-2:463470973994:vpc/vpc-0b5b840c5d2e46a28",
            "assign_generated_ipv6_cidr_block": false,
            "cidr_block": "10.0.0.0/16",
            "default_network_acl_id": "acl-097f0c666980edcd0",
            "default_route_table_id": "rtb-008aed60e0e0b5dcf",
            "default_security_group_id": "sg-0a06c25f4f5440c30",
            "dhcp_options_id": "dopt-0841c79a6cd8b7cda",
            "enable_dns_hostnames": true,
            "enable_dns_support": true,
            "enable_network_address_usage_metrics": false,
            "id": "vpc-0b5b840c5d2e46a28",
            "instance_tenancy": "default",
            "ipv4_ipam_pool_id": null,
            "ipv4_netmask_length": null,
            "ipv6_association_id": "",
            "ipv6_cidr_block": "",
            "ipv6_cidr_block_network_border_group": "",
            "ipv6_ipam_pool_id": "",
            "ipv6_netmask_length": 0,
            "main_route_table_id": "rtb-008aed60e0e0b5dcf",
            "owner_id": "463470973994",
            "tags": {
              "CreatedBy": "Sameer Varpe",
              "CreatedDate": "2025-12-07",
              "Environment": "dev",
              "ManagedBy": "terraform",
              "Name": "retail-store-vpc",
              "Owner": "AIDAWX2IF2QVIXZAVNGYN",
              "Project": "retail-store"
            },
            "tags_all": {
              "CreatedBy": "Sameer Varpe",
              "CreatedDate": "2025-12-07",
              "Environment": "dev",
              "ManagedBy": "terraform",
              "Name": "retail-store-vpc",
              "Owner": "AIDAWX2IF2QVIXZAVNGYN",
              "Project": "retail-store"
            }
          },
          "sensitive_attributes": [],
          "private": "eyJzY2hlbWFfdmVyc2lvbiI6IjEifQ==",
          "dependencies": [
            "data.aws_caller_identity.current"
          ],
          "create_before_destroy": true
        }
      ]
    }
  ],
  "check_results": [
    {
      "object_kind": "resource",
      "config_addr": "module.retail_app_eks.module.self_managed_node_group.module.user_data.null_resource.validate_cluster_service_cidr",
      "status": "pass",
      "objects": null
    },
    {
      "object_kind": "resource",
      "config_addr": "module.retail_app_eks.module.eks_managed_node_group.module.user_data.null_resource.validate_cluster_service_cidr",
      "status": "pass",
      "objects": null
    }
  ]
}
